
Microsoft Visual Studio Solution File, Format Version 12.00
# Visual Studio 15
VisualStudioVersion = 15.0.26124.0
MinimumVisualStudioVersion = 15.0.26124.0
Project("{FAE04EC0-301F-11D3-BF4B-00C04F79EFBC}") = "A", "A\A.csproj", "{D649BEC2-F435-4005-B9E6-EB94C9F9F2D2}"
EndProject
Project("{FAE04EC0-301F-11D3-BF4B-00C04F79EFBC}") = "ATest", "ATest\ATest.csproj", "{AD19823E-128C-472E-907C-8192F0FC6B63}"
EndProject
Project("{FAE04EC0-301F-11D3-BF4B-00C04F79EFBC}") = "B", "B\B.csproj", "{90B2DCB2-65D0-4D6B-8D5A-183C89447A68}"
EndProject
Project("{FAE04EC0-301F-11D3-BF4B-00C04F79EFBC}") = "BTest", "BTest\BTest.csproj", "{5009C862-6AED-451E-8408-EA02B0C519A2}"
EndProject
Project("{FAE04EC0-301F-11D3-BF4B-00C04F79EFBC}") = "C", "C\C.csproj", "{E0A09766-10C1-4422-B7FA-D14EE9670F8A}"
EndProject
Project("{FAE04EC0-301F-11D3-BF4B-00C04F79EFBC}") = "CTest", "CTest\CTest.csproj", "{AAB29219-5B56-4621-8314-402402AD6B8A}"
EndProject
Project("{FAE04EC0-301F-11D3-BF4B-00C04F79EFBC}") = "D", "D\D.csproj", "{8E205B59-4D08-40C3-81A0-4D829AB42A5E}"
EndProject
Project("{FAE04EC0-301F-11D3-BF4B-00C04F79EFBC}") = "DTest", "DTest\DTest.csproj", "{12BB03E7-8563-485B-AF17-7FB6A440BFBC}"
EndProject
Global
	GlobalSection(SolutionConfigurationPlatforms) = preSolution
		Debug|Any CPU = Debug|Any CPU
		Debug|x64 = Debug|x64
		Debug|x86 = Debug|x86
		Release|Any CPU = Release|Any CPU
		Release|x64 = Release|x64
		Release|x86 = Release|x86
	EndGlobalSection
	GlobalSection(SolutionProperties) = preSolution
		HideSolutionNode = FALSE
	EndGlobalSection
	GlobalSection(ProjectConfigurationPlatforms) = postSolution
		{D649BEC2-F435-4005-B9E6-EB94C9F9F2D2}.Debug|Any CPU.ActiveCfg = Debug|Any CPU
		{D649BEC2-F435-4005-B9E6-EB94C9F9F2D2}.Debug|Any CPU.Build.0 = Debug|Any CPU
		{D649BEC2-F435-4005-B9E6-EB94C9F9F2D2}.Debug|x64.ActiveCfg = Debug|Any CPU
		{D649BEC2-F435-4005-B9E6-EB94C9F9F2D2}.Debug|x64.Build.0 = Debug|Any CPU
		{D649BEC2-F435-4005-B9E6-EB94C9F9F2D2}.Debug|x86.ActiveCfg = Debug|Any CPU
		{D649BEC2-F435-4005-B9E6-EB94C9F9F2D2}.Debug|x86.Build.0 = Debug|Any CPU
		{D649BEC2-F435-4005-B9E6-EB94C9F9F2D2}.Release|Any CPU.ActiveCfg = Release|Any CPU
		{D649BEC2-F435-4005-B9E6-EB94C9F9F2D2}.Release|Any CPU.Build.0 = Release|Any CPU
		{D649BEC2-F435-4005-B9E6-EB94C9F9F2D2}.Release|x64.ActiveCfg = Release|Any CPU
		{D649BEC2-F435-4005-B9E6-EB94C9F9F2D2}.Release|x64.Build.0 = Release|Any CPU
		{D649BEC2-F435-4005-B9E6-EB94C9F9F2D2}.Release|x86.ActiveCfg = Release|Any CPU
		{D649BEC2-F435-4005-B9E6-EB94C9F9F2D2}.Release|x86.Build.0 = Release|Any CPU
		{AD19823E-128C-472E-907C-8192F0FC6B63}.Debug|Any CPU.ActiveCfg = Debug|Any CPU
		{AD19823E-128C-472E-907C-8192F0FC6B63}.Debug|Any CPU.Build.0 = Debug|Any CPU
		{AD19823E-128C-472E-907C-8192F0FC6B63}.Debug|x64.ActiveCfg = Debug|Any CPU
		{AD19823E-128C-472E-907C-8192F0FC6B63}.Debug|x64.Build.0 = Debug|Any CPU
		{AD19823E-128C-472E-907C-8192F0FC6B63}.Debug|x86.ActiveCfg = Debug|Any CPU
		{AD19823E-128C-472E-907C-8192F0FC6B63}.Debug|x86.Build.0 = Debug|Any CPU
		{AD19823E-128C-472E-907C-8192F0FC6B63}.Release|Any CPU.ActiveCfg = Release|Any CPU
		{AD19823E-128C-472E-907C-8192F0FC6B63}.Release|Any CPU.Build.0 = Release|Any CPU
		{AD19823E-128C-472E-907C-8192F0FC6B63}.Release|x64.ActiveCfg = Release|Any CPU
		{AD19823E-128C-472E-907C-8192F0FC6B63}.Release|x64.Build.0 = Release|Any CPU
		{AD19823E-128C-472E-907C-8192F0FC6B63}.Release|x86.ActiveCfg = Release|Any CPU
		{AD19823E-128C-472E-907C-8192F0FC6B63}.Release|x86.Build.0 = Release|Any CPU
		{90B2DCB2-65D0-4D6B-8D5A-183C89447A68}.Debug|Any CPU.ActiveCfg = Debug|Any CPU
		{90B2DCB2-65D0-4D6B-8D5A-183C89447A68}.Debug|Any CPU.Build.0 = Debug|Any CPU
		{90B2DCB2-65D0-4D6B-8D5A-183C89447A68}.Debug|x64.ActiveCfg = Debug|Any CPU
		{90B2DCB2-65D0-4D6B-8D5A-183C89447A68}.Debug|x64.Build.0 = Debug|Any CPU
		{90B2DCB2-65D0-4D6B-8D5A-183C89447A68}.Debug|x86.ActiveCfg = Debug|Any CPU
		{90B2DCB2-65D0-4D6B-8D5A-183C89447A68}.Debug|x86.Build.0 = Debug|Any CPU
		{90B2DCB2-65D0-4D6B-8D5A-183C89447A68}.Release|Any CPU.ActiveCfg = Release|Any CPU
		{90B2DCB2-65D0-4D6B-8D5A-183C89447A68}.Release|Any CPU.Build.0 = Release|Any CPU
		{90B2DCB2-65D0-4D6B-8D5A-183C89447A68}.Release|x64.ActiveCfg = Release|Any CPU
		{90B2DCB2-65D0-4D6B-8D5A-183C89447A68}.Release|x64.Build.0 = Release|Any CPU
		{90B2DCB2-65D0-4D6B-8D5A-183C89447A68}.Release|x86.ActiveCfg = Release|Any CPU
		{90B2DCB2-65D0-4D6B-8D5A-183C89447A68}.Release|x86.Build.0 = Release|Any CPU
		{5009C862-6AED-451E-8408-EA02B0C519A2}.Debug|Any CPU.ActiveCfg = Debug|Any CPU
		{5009C862-6AED-451E-8408-EA02B0C519A2}.Debug|Any CPU.Build.0 = Debug|Any CPU
		{5009C862-6AED-451E-8408-EA02B0C519A2}.Debug|x64.ActiveCfg = Debug|Any CPU
		{5009C862-6AED-451E-8408-EA02B0C519A2}.Debug|x64.Build.0 = Debug|Any CPU
		{5009C862-6AED-451E-8408-EA02B0C519A2}.Debug|x86.ActiveCfg = Debug|Any CPU
		{5009C862-6AED-451E-8408-EA02B0C519A2}.Debug|x86.Build.0 = Debug|Any CPU
		{5009C862-6AED-451E-8408-EA02B0C519A2}.Release|Any CPU.ActiveCfg = Release|Any CPU
		{5009C862-6AED-451E-8408-EA02B0C519A2}.Release|Any CPU.Build.0 = Release|Any CPU
		{5009C862-6AED-451E-8408-EA02B0C519A2}.Release|x64.ActiveCfg = Release|Any CPU
		{5009C862-6AED-451E-8408-EA02B0C519A2}.Release|x64.Build.0 = Release|Any CPU
		{5009C862-6AED-451E-8408-EA02B0C519A2}.Release|x86.ActiveCfg = Release|Any CPU
		{5009C862-6AED-451E-8408-EA02B0C519A2}.Release|x86.Build.0 = Release|Any CPU
		{E0A09766-10C1-4422-B7FA-D14EE9670F8A}.Debug|Any CPU.ActiveCfg = Debug|Any CPU
		{E0A09766-10C1-4422-B7FA-D14EE9670F8A}.Debug|Any CPU.Build.0 = Debug|Any CPU
		{E0A09766-10C1-4422-B7FA-D14EE9670F8A}.Debug|x64.ActiveCfg = Debug|Any CPU
		{E0A09766-10C1-4422-B7FA-D14EE9670F8A}.Debug|x64.Build.0 = Debug|Any CPU
		{E0A09766-10C1-4422-B7FA-D14EE9670F8A}.Debug|x86.ActiveCfg = Debug|Any CPU
		{E0A09766-10C1-4422-B7FA-D14EE9670F8A}.Debug|x86.Build.0 = Debug|Any CPU
		{E0A09766-10C1-4422-B7FA-D14EE9670F8A}.Release|Any CPU.ActiveCfg = Release|Any CPU
		{E0A09766-10C1-4422-B7FA-D14EE9670F8A}.Release|Any CPU.Build.0 = Release|Any CPU
		{E0A09766-10C1-4422-B7FA-D14EE9670F8A}.Release|x64.ActiveCfg = Release|Any CPU
		{E0A09766-10C1-4422-B7FA-D14EE9670F8A}.Release|x64.Build.0 = Release|Any CPU
		{E0A09766-10C1-4422-B7FA-D14EE9670F8A}.Release|x86.ActiveCfg = Release|Any CPU
		{E0A09766-10C1-4422-B7FA-D14EE9670F8A}.Release|x86.Build.0 = Release|Any CPU
		{AAB29219-5B56-4621-8314-402402AD6B8A}.Debug|Any CPU.ActiveCfg = Debug|Any CPU
		{AAB29219-5B56-4621-8314-402402AD6B8A}.Debug|Any CPU.Build.0 = Debug|Any CPU
		{AAB29219-5B56-4621-8314-402402AD6B8A}.Debug|x64.ActiveCfg = Debug|Any CPU
		{AAB29219-5B56-4621-8314-402402AD6B8A}.Debug|x64.Build.0 = Debug|Any CPU
		{AAB29219-5B56-4621-8314-402402AD6B8A}.Debug|x86.ActiveCfg = Debug|Any CPU
		{AAB29219-5B56-4621-8314-402402AD6B8A}.Debug|x86.Build.0 = Debug|Any CPU
		{AAB29219-5B56-4621-8314-402402AD6B8A}.Release|Any CPU.ActiveCfg = Release|Any CPU
		{AAB29219-5B56-4621-8314-402402AD6B8A}.Release|Any CPU.Build.0 = Release|Any CPU
		{AAB29219-5B56-4621-8314-402402AD6B8A}.Release|x64.ActiveCfg = Release|Any CPU
		{AAB29219-5B56-4621-8314-402402AD6B8A}.Release|x64.Build.0 = Release|Any CPU
		{AAB29219-5B56-4621-8314-402402AD6B8A}.Release|x86.ActiveCfg = Release|Any CPU
		{AAB29219-5B56-4621-8314-402402AD6B8A}.Release|x86.Build.0 = Release|Any CPU
		{8E205B59-4D08-40C3-81A0-4D829AB42A5E}.Debug|Any CPU.ActiveCfg = Debug|Any CPU
		{8E205B59-4D08-40C3-81A0-4D829AB42A5E}.Debug|Any CPU.Build.0 = Debug|Any CPU
		{8E205B59-4D08-40C3-81A0-4D829AB42A5E}.Debug|x64.ActiveCfg = Debug|Any CPU
		{8E205B59-4D08-40C3-81A0-4D829AB42A5E}.Debug|x64.Build.0 = Debug|Any CPU
		{8E205B59-4D08-40C3-81A0-4D829AB42A5E}.Debug|x86.ActiveCfg = Debug|Any CPU
		{8E205B59-4D08-40C3-81A0-4D829AB42A5E}.Debug|x86.Build.0 = Debug|Any CPU
		{8E205B59-4D08-40C3-81A0-4D829AB42A5E}.Release|Any CPU.ActiveCfg = Release|Any CPU
		{8E205B59-4D08-40C3-81A0-4D829AB42A5E}.Release|Any CPU.Build.0 = Release|Any CPU
		{8E205B59-4D08-40C3-81A0-4D829AB42A5E}.Release|x64.ActiveCfg = Release|Any CPU
		{8E205B59-4D08-40C3-81A0-4D829AB42A5E}.Release|x64.Build.0 = Release|Any CPU
		{8E205B59-4D08-40C3-81A0-4D829AB42A5E}.Release|x86.ActiveCfg = Release|Any CPU
		{8E205B59-4D08-40C3-81A0-4D829AB42A5E}.Release|x86.Build.0 = Release|Any CPU
		{12BB03E7-8563-485B-AF17-7FB6A440BFBC}.Debug|Any CPU.ActiveCfg = Debug|Any CPU
		{12BB03E7-8563-485B-AF17-7FB6A440BFBC}.Debug|Any CPU.Build.0 = Debug|Any CPU
		{12BB03E7-8563-485B-AF17-7FB6A440BFBC}.Debug|x64.ActiveCfg = Debug|Any CPU
		{12BB03E7-8563-485B-AF17-7FB6A440BFBC}.Debug|x64.Build.0 = Debug|Any CPU
		{12BB03E7-8563-485B-AF17-7FB6A440BFBC}.Debug|x86.ActiveCfg = Debug|Any CPU
		{12BB03E7-8563-485B-AF17-7FB6A440BFBC}.Debug|x86.Build.0 = Debug|Any CPU
		{12BB03E7-8563-485B-AF17-7FB6A440BFBC}.Release|Any CPU.ActiveCfg = Release|Any CPU
		{12BB03E7-8563-485B-AF17-7FB6A440BFBC}.Release|Any CPU.Build.0 = Release|Any CPU
		{12BB03E7-8563-485B-AF17-7FB6A440BFBC}.Release|x64.ActiveCfg = Release|Any CPU
		{12BB03E7-8563-485B-AF17-7FB6A440BFBC}.Release|x64.Build.0 = Release|Any CPU
		{12BB03E7-8563-485B-AF17-7FB6A440BFBC}.Release|x86.ActiveCfg = Release|Any CPU
		{12BB03E7-8563-485B-AF17-7FB6A440BFBC}.Release|x86.Build.0 = Release|Any CPU
	EndGlobalSection
EndGlobal
