
Microsoft Visual Studio Solution File, Format Version 12.00
# Visual Studio Version 17
VisualStudioVersion = 17.0.31903.59
MinimumVisualStudioVersion = 10.0.40219.1
Project("{FAE04EC0-301F-11D3-BF4B-00C04F79EFBC}") = "A", "A\A.csproj", "{88D49394-6CFD-4777-BB6C-63723A266AD8}"
EndProject
Project("{FAE04EC0-301F-11D3-BF4B-00C04F79EFBC}") = "ATest", "ATest\ATest.csproj", "{7321B429-3BC4-4618-8B05-09D13AEE3A68}"
EndProject
Project("{FAE04EC0-301F-11D3-BF4B-00C04F79EFBC}") = "B", "B\B.csproj", "{43C0E52B-41C1-41CB-BEF2-334625F0B797}"
EndProject
Project("{FAE04EC0-301F-11D3-BF4B-00C04F79EFBC}") = "BTest", "BTest\BTest.csproj", "{43CBDC29-F90E-408C-97BC-54E399A2206E}"
EndProject
Project("{FAE04EC0-301F-11D3-BF4B-00C04F79EFBC}") = "C", "C\C.csproj", "{90E1FA16-11AC-477D-A845-18B67FBB02A4}"
EndProject
Project("{FAE04EC0-301F-11D3-BF4B-00C04F79EFBC}") = "CTest", "CTest\CTest.csproj", "{23DEA392-65DD-4997-ADBD-09889B3AC2F9}"
EndProject
Project("{FAE04EC0-301F-11D3-BF4B-00C04F79EFBC}") = "D", "D\D.csproj", "{5CB51AAB-F2A9-4624-8265-DF7DE199E08F}"
EndProject
Project("{FAE04EC0-301F-11D3-BF4B-00C04F79EFBC}") = "DTest", "DTest\DTest.csproj", "{1DF62AD9-6EC3-45BD-95E1-215CADB0C709}"
EndProject
Project("{FAE04EC0-301F-11D3-BF4B-00C04F79EFBC}") = "E", "E\E.csproj", "{FCC6A061-43C6-41DE-9688-FCAC77A023F3}"
EndProject
Project("{FAE04EC0-301F-11D3-BF4B-00C04F79EFBC}") = "ETest", "ETest\ETest.csproj", "{3B686EB3-903A-47DF-8112-26274D0AABD5}"
EndProject
Project("{FAE04EC0-301F-11D3-BF4B-00C04F79EFBC}") = "F", "F\F.csproj", "{5FD80BB3-974C-4DAA-91B6-348B79F03DD1}"
EndProject
Project("{FAE04EC0-301F-11D3-BF4B-00C04F79EFBC}") = "FTest", "FTest\FTest.csproj", "{6087177A-9A4B-43B7-A008-3D0C77169D0F}"
EndProject
Global
	GlobalSection(SolutionConfigurationPlatforms) = preSolution
		Debug|Any CPU = Debug|Any CPU
		Release|Any CPU = Release|Any CPU
	EndGlobalSection
	GlobalSection(SolutionProperties) = preSolution
		HideSolutionNode = FALSE
	EndGlobalSection
	GlobalSection(ProjectConfigurationPlatforms) = postSolution
		{88D49394-6CFD-4777-BB6C-63723A266AD8}.Debug|Any CPU.ActiveCfg = Debug|Any CPU
		{88D49394-6CFD-4777-BB6C-63723A266AD8}.Debug|Any CPU.Build.0 = Debug|Any CPU
		{88D49394-6CFD-4777-BB6C-63723A266AD8}.Release|Any CPU.ActiveCfg = Release|Any CPU
		{88D49394-6CFD-4777-BB6C-63723A266AD8}.Release|Any CPU.Build.0 = Release|Any CPU
		{7321B429-3BC4-4618-8B05-09D13AEE3A68}.Debug|Any CPU.ActiveCfg = Debug|Any CPU
		{7321B429-3BC4-4618-8B05-09D13AEE3A68}.Debug|Any CPU.Build.0 = Debug|Any CPU
		{7321B429-3BC4-4618-8B05-09D13AEE3A68}.Release|Any CPU.ActiveCfg = Release|Any CPU
		{7321B429-3BC4-4618-8B05-09D13AEE3A68}.Release|Any CPU.Build.0 = Release|Any CPU
		{43C0E52B-41C1-41CB-BEF2-334625F0B797}.Debug|Any CPU.ActiveCfg = Debug|Any CPU
		{43C0E52B-41C1-41CB-BEF2-334625F0B797}.Debug|Any CPU.Build.0 = Debug|Any CPU
		{43C0E52B-41C1-41CB-BEF2-334625F0B797}.Release|Any CPU.ActiveCfg = Release|Any CPU
		{43C0E52B-41C1-41CB-BEF2-334625F0B797}.Release|Any CPU.Build.0 = Release|Any CPU
		{43CBDC29-F90E-408C-97BC-54E399A2206E}.Debug|Any CPU.ActiveCfg = Debug|Any CPU
		{43CBDC29-F90E-408C-97BC-54E399A2206E}.Debug|Any CPU.Build.0 = Debug|Any CPU
		{43CBDC29-F90E-408C-97BC-54E399A2206E}.Release|Any CPU.ActiveCfg = Release|Any CPU
		{43CBDC29-F90E-408C-97BC-54E399A2206E}.Release|Any CPU.Build.0 = Release|Any CPU
		{90E1FA16-11AC-477D-A845-18B67FBB02A4}.Debug|Any CPU.ActiveCfg = Debug|Any CPU
		{90E1FA16-11AC-477D-A845-18B67FBB02A4}.Debug|Any CPU.Build.0 = Debug|Any CPU
		{90E1FA16-11AC-477D-A845-18B67FBB02A4}.Release|Any CPU.ActiveCfg = Release|Any CPU
		{90E1FA16-11AC-477D-A845-18B67FBB02A4}.Release|Any CPU.Build.0 = Release|Any CPU
		{23DEA392-65DD-4997-ADBD-09889B3AC2F9}.Debug|Any CPU.ActiveCfg = Debug|Any CPU
		{23DEA392-65DD-4997-ADBD-09889B3AC2F9}.Debug|Any CPU.Build.0 = Debug|Any CPU
		{23DEA392-65DD-4997-ADBD-09889B3AC2F9}.Release|Any CPU.ActiveCfg = Release|Any CPU
		{23DEA392-65DD-4997-ADBD-09889B3AC2F9}.Release|Any CPU.Build.0 = Release|Any CPU
		{5CB51AAB-F2A9-4624-8265-DF7DE199E08F}.Debug|Any CPU.ActiveCfg = Debug|Any CPU
		{5CB51AAB-F2A9-4624-8265-DF7DE199E08F}.Debug|Any CPU.Build.0 = Debug|Any CPU
		{5CB51AAB-F2A9-4624-8265-DF7DE199E08F}.Release|Any CPU.ActiveCfg = Release|Any CPU
		{5CB51AAB-F2A9-4624-8265-DF7DE199E08F}.Release|Any CPU.Build.0 = Release|Any CPU
		{1DF62AD9-6EC3-45BD-95E1-215CADB0C709}.Debug|Any CPU.ActiveCfg = Debug|Any CPU
		{1DF62AD9-6EC3-45BD-95E1-215CADB0C709}.Debug|Any CPU.Build.0 = Debug|Any CPU
		{1DF62AD9-6EC3-45BD-95E1-215CADB0C709}.Release|Any CPU.ActiveCfg = Release|Any CPU
		{1DF62AD9-6EC3-45BD-95E1-215CADB0C709}.Release|Any CPU.Build.0 = Release|Any CPU
		{FCC6A061-43C6-41DE-9688-FCAC77A023F3}.Debug|Any CPU.ActiveCfg = Debug|Any CPU
		{FCC6A061-43C6-41DE-9688-FCAC77A023F3}.Debug|Any CPU.Build.0 = Debug|Any CPU
		{FCC6A061-43C6-41DE-9688-FCAC77A023F3}.Release|Any CPU.ActiveCfg = Release|Any CPU
		{FCC6A061-43C6-41DE-9688-FCAC77A023F3}.Release|Any CPU.Build.0 = Release|Any CPU
		{3B686EB3-903A-47DF-8112-26274D0AABD5}.Debug|Any CPU.ActiveCfg = Debug|Any CPU
		{3B686EB3-903A-47DF-8112-26274D0AABD5}.Debug|Any CPU.Build.0 = Debug|Any CPU
		{3B686EB3-903A-47DF-8112-26274D0AABD5}.Release|Any CPU.ActiveCfg = Release|Any CPU
		{3B686EB3-903A-47DF-8112-26274D0AABD5}.Release|Any CPU.Build.0 = Release|Any CPU
		{5FD80BB3-974C-4DAA-91B6-348B79F03DD1}.Debug|Any CPU.ActiveCfg = Debug|Any CPU
		{5FD80BB3-974C-4DAA-91B6-348B79F03DD1}.Debug|Any CPU.Build.0 = Debug|Any CPU
		{5FD80BB3-974C-4DAA-91B6-348B79F03DD1}.Release|Any CPU.ActiveCfg = Release|Any CPU
		{5FD80BB3-974C-4DAA-91B6-348B79F03DD1}.Release|Any CPU.Build.0 = Release|Any CPU
		{6087177A-9A4B-43B7-A008-3D0C77169D0F}.Debug|Any CPU.ActiveCfg = Debug|Any CPU
		{6087177A-9A4B-43B7-A008-3D0C77169D0F}.Debug|Any CPU.Build.0 = Debug|Any CPU
		{6087177A-9A4B-43B7-A008-3D0C77169D0F}.Release|Any CPU.ActiveCfg = Release|Any CPU
		{6087177A-9A4B-43B7-A008-3D0C77169D0F}.Release|Any CPU.Build.0 = Release|Any CPU
	EndGlobalSection
EndGlobal
