
Microsoft Visual Studio Solution File, Format Version 12.00
# Visual Studio 15
VisualStudioVersion = 15.0.26124.0
MinimumVisualStudioVersion = 15.0.26124.0
Project("{FAE04EC0-301F-11D3-BF4B-00C04F79EFBC}") = "A", "A\A.csproj", "{14CB8634-B640-44ED-BC3F-F41ABE52560A}"
EndProject
Project("{FAE04EC0-301F-11D3-BF4B-00C04F79EFBC}") = "ATest", "ATest\ATest.csproj", "{1687328C-5424-44A0-B89B-D08C3559BA23}"
EndProject
Project("{FAE04EC0-301F-11D3-BF4B-00C04F79EFBC}") = "B", "B\B.csproj", "{3B9A001C-9D8C-425C-8055-98C23A24CEE2}"
EndProject
Project("{FAE04EC0-301F-11D3-BF4B-00C04F79EFBC}") = "BTest", "BTest\BTest.csproj", "{E38387F6-5472-4F42-9C9B-EDC14BE3F21B}"
EndProject
Project("{FAE04EC0-301F-11D3-BF4B-00C04F79EFBC}") = "C", "C\C.csproj", "{FA448C2D-30B6-40F7-926C-20C0C80CC393}"
EndProject
Project("{FAE04EC0-301F-11D3-BF4B-00C04F79EFBC}") = "CTest", "CTest\CTest.csproj", "{188A21B6-D812-4C72-BF4A-118C530323AE}"
EndProject
Project("{FAE04EC0-301F-11D3-BF4B-00C04F79EFBC}") = "D", "D\D.csproj", "{A1669E89-4054-470F-B03E-BDF949DAE304}"
EndProject
Project("{FAE04EC0-301F-11D3-BF4B-00C04F79EFBC}") = "DTest", "DTest\DTest.csproj", "{5EBA06B6-089F-4D04-A56D-527A0F47C12E}"
EndProject
Global
	GlobalSection(SolutionConfigurationPlatforms) = preSolution
		Debug|Any CPU = Debug|Any CPU
		Debug|x64 = Debug|x64
		Debug|x86 = Debug|x86
		Release|Any CPU = Release|Any CPU
		Release|x64 = Release|x64
		Release|x86 = Release|x86
	EndGlobalSection
	GlobalSection(SolutionProperties) = preSolution
		HideSolutionNode = FALSE
	EndGlobalSection
	GlobalSection(ProjectConfigurationPlatforms) = postSolution
		{14CB8634-B640-44ED-BC3F-F41ABE52560A}.Debug|Any CPU.ActiveCfg = Debug|Any CPU
		{14CB8634-B640-44ED-BC3F-F41ABE52560A}.Debug|Any CPU.Build.0 = Debug|Any CPU
		{14CB8634-B640-44ED-BC3F-F41ABE52560A}.Debug|x64.ActiveCfg = Debug|Any CPU
		{14CB8634-B640-44ED-BC3F-F41ABE52560A}.Debug|x64.Build.0 = Debug|Any CPU
		{14CB8634-B640-44ED-BC3F-F41ABE52560A}.Debug|x86.ActiveCfg = Debug|Any CPU
		{14CB8634-B640-44ED-BC3F-F41ABE52560A}.Debug|x86.Build.0 = Debug|Any CPU
		{14CB8634-B640-44ED-BC3F-F41ABE52560A}.Release|Any CPU.ActiveCfg = Release|Any CPU
		{14CB8634-B640-44ED-BC3F-F41ABE52560A}.Release|Any CPU.Build.0 = Release|Any CPU
		{14CB8634-B640-44ED-BC3F-F41ABE52560A}.Release|x64.ActiveCfg = Release|Any CPU
		{14CB8634-B640-44ED-BC3F-F41ABE52560A}.Release|x64.Build.0 = Release|Any CPU
		{14CB8634-B640-44ED-BC3F-F41ABE52560A}.Release|x86.ActiveCfg = Release|Any CPU
		{14CB8634-B640-44ED-BC3F-F41ABE52560A}.Release|x86.Build.0 = Release|Any CPU
		{1687328C-5424-44A0-B89B-D08C3559BA23}.Debug|Any CPU.ActiveCfg = Debug|Any CPU
		{1687328C-5424-44A0-B89B-D08C3559BA23}.Debug|Any CPU.Build.0 = Debug|Any CPU
		{1687328C-5424-44A0-B89B-D08C3559BA23}.Debug|x64.ActiveCfg = Debug|Any CPU
		{1687328C-5424-44A0-B89B-D08C3559BA23}.Debug|x64.Build.0 = Debug|Any CPU
		{1687328C-5424-44A0-B89B-D08C3559BA23}.Debug|x86.ActiveCfg = Debug|Any CPU
		{1687328C-5424-44A0-B89B-D08C3559BA23}.Debug|x86.Build.0 = Debug|Any CPU
		{1687328C-5424-44A0-B89B-D08C3559BA23}.Release|Any CPU.ActiveCfg = Release|Any CPU
		{1687328C-5424-44A0-B89B-D08C3559BA23}.Release|Any CPU.Build.0 = Release|Any CPU
		{1687328C-5424-44A0-B89B-D08C3559BA23}.Release|x64.ActiveCfg = Release|Any CPU
		{1687328C-5424-44A0-B89B-D08C3559BA23}.Release|x64.Build.0 = Release|Any CPU
		{1687328C-5424-44A0-B89B-D08C3559BA23}.Release|x86.ActiveCfg = Release|Any CPU
		{1687328C-5424-44A0-B89B-D08C3559BA23}.Release|x86.Build.0 = Release|Any CPU
		{3B9A001C-9D8C-425C-8055-98C23A24CEE2}.Debug|Any CPU.ActiveCfg = Debug|Any CPU
		{3B9A001C-9D8C-425C-8055-98C23A24CEE2}.Debug|Any CPU.Build.0 = Debug|Any CPU
		{3B9A001C-9D8C-425C-8055-98C23A24CEE2}.Debug|x64.ActiveCfg = Debug|Any CPU
		{3B9A001C-9D8C-425C-8055-98C23A24CEE2}.Debug|x64.Build.0 = Debug|Any CPU
		{3B9A001C-9D8C-425C-8055-98C23A24CEE2}.Debug|x86.ActiveCfg = Debug|Any CPU
		{3B9A001C-9D8C-425C-8055-98C23A24CEE2}.Debug|x86.Build.0 = Debug|Any CPU
		{3B9A001C-9D8C-425C-8055-98C23A24CEE2}.Release|Any CPU.ActiveCfg = Release|Any CPU
		{3B9A001C-9D8C-425C-8055-98C23A24CEE2}.Release|Any CPU.Build.0 = Release|Any CPU
		{3B9A001C-9D8C-425C-8055-98C23A24CEE2}.Release|x64.ActiveCfg = Release|Any CPU
		{3B9A001C-9D8C-425C-8055-98C23A24CEE2}.Release|x64.Build.0 = Release|Any CPU
		{3B9A001C-9D8C-425C-8055-98C23A24CEE2}.Release|x86.ActiveCfg = Release|Any CPU
		{3B9A001C-9D8C-425C-8055-98C23A24CEE2}.Release|x86.Build.0 = Release|Any CPU
		{E38387F6-5472-4F42-9C9B-EDC14BE3F21B}.Debug|Any CPU.ActiveCfg = Debug|Any CPU
		{E38387F6-5472-4F42-9C9B-EDC14BE3F21B}.Debug|Any CPU.Build.0 = Debug|Any CPU
		{E38387F6-5472-4F42-9C9B-EDC14BE3F21B}.Debug|x64.ActiveCfg = Debug|Any CPU
		{E38387F6-5472-4F42-9C9B-EDC14BE3F21B}.Debug|x64.Build.0 = Debug|Any CPU
		{E38387F6-5472-4F42-9C9B-EDC14BE3F21B}.Debug|x86.ActiveCfg = Debug|Any CPU
		{E38387F6-5472-4F42-9C9B-EDC14BE3F21B}.Debug|x86.Build.0 = Debug|Any CPU
		{E38387F6-5472-4F42-9C9B-EDC14BE3F21B}.Release|Any CPU.ActiveCfg = Release|Any CPU
		{E38387F6-5472-4F42-9C9B-EDC14BE3F21B}.Release|Any CPU.Build.0 = Release|Any CPU
		{E38387F6-5472-4F42-9C9B-EDC14BE3F21B}.Release|x64.ActiveCfg = Release|Any CPU
		{E38387F6-5472-4F42-9C9B-EDC14BE3F21B}.Release|x64.Build.0 = Release|Any CPU
		{E38387F6-5472-4F42-9C9B-EDC14BE3F21B}.Release|x86.ActiveCfg = Release|Any CPU
		{E38387F6-5472-4F42-9C9B-EDC14BE3F21B}.Release|x86.Build.0 = Release|Any CPU
		{FA448C2D-30B6-40F7-926C-20C0C80CC393}.Debug|Any CPU.ActiveCfg = Debug|Any CPU
		{FA448C2D-30B6-40F7-926C-20C0C80CC393}.Debug|Any CPU.Build.0 = Debug|Any CPU
		{FA448C2D-30B6-40F7-926C-20C0C80CC393}.Debug|x64.ActiveCfg = Debug|Any CPU
		{FA448C2D-30B6-40F7-926C-20C0C80CC393}.Debug|x64.Build.0 = Debug|Any CPU
		{FA448C2D-30B6-40F7-926C-20C0C80CC393}.Debug|x86.ActiveCfg = Debug|Any CPU
		{FA448C2D-30B6-40F7-926C-20C0C80CC393}.Debug|x86.Build.0 = Debug|Any CPU
		{FA448C2D-30B6-40F7-926C-20C0C80CC393}.Release|Any CPU.ActiveCfg = Release|Any CPU
		{FA448C2D-30B6-40F7-926C-20C0C80CC393}.Release|Any CPU.Build.0 = Release|Any CPU
		{FA448C2D-30B6-40F7-926C-20C0C80CC393}.Release|x64.ActiveCfg = Release|Any CPU
		{FA448C2D-30B6-40F7-926C-20C0C80CC393}.Release|x64.Build.0 = Release|Any CPU
		{FA448C2D-30B6-40F7-926C-20C0C80CC393}.Release|x86.ActiveCfg = Release|Any CPU
		{FA448C2D-30B6-40F7-926C-20C0C80CC393}.Release|x86.Build.0 = Release|Any CPU
		{188A21B6-D812-4C72-BF4A-118C530323AE}.Debug|Any CPU.ActiveCfg = Debug|Any CPU
		{188A21B6-D812-4C72-BF4A-118C530323AE}.Debug|Any CPU.Build.0 = Debug|Any CPU
		{188A21B6-D812-4C72-BF4A-118C530323AE}.Debug|x64.ActiveCfg = Debug|Any CPU
		{188A21B6-D812-4C72-BF4A-118C530323AE}.Debug|x64.Build.0 = Debug|Any CPU
		{188A21B6-D812-4C72-BF4A-118C530323AE}.Debug|x86.ActiveCfg = Debug|Any CPU
		{188A21B6-D812-4C72-BF4A-118C530323AE}.Debug|x86.Build.0 = Debug|Any CPU
		{188A21B6-D812-4C72-BF4A-118C530323AE}.Release|Any CPU.ActiveCfg = Release|Any CPU
		{188A21B6-D812-4C72-BF4A-118C530323AE}.Release|Any CPU.Build.0 = Release|Any CPU
		{188A21B6-D812-4C72-BF4A-118C530323AE}.Release|x64.ActiveCfg = Release|Any CPU
		{188A21B6-D812-4C72-BF4A-118C530323AE}.Release|x64.Build.0 = Release|Any CPU
		{188A21B6-D812-4C72-BF4A-118C530323AE}.Release|x86.ActiveCfg = Release|Any CPU
		{188A21B6-D812-4C72-BF4A-118C530323AE}.Release|x86.Build.0 = Release|Any CPU
		{A1669E89-4054-470F-B03E-BDF949DAE304}.Debug|Any CPU.ActiveCfg = Debug|Any CPU
		{A1669E89-4054-470F-B03E-BDF949DAE304}.Debug|Any CPU.Build.0 = Debug|Any CPU
		{A1669E89-4054-470F-B03E-BDF949DAE304}.Debug|x64.ActiveCfg = Debug|Any CPU
		{A1669E89-4054-470F-B03E-BDF949DAE304}.Debug|x64.Build.0 = Debug|Any CPU
		{A1669E89-4054-470F-B03E-BDF949DAE304}.Debug|x86.ActiveCfg = Debug|Any CPU
		{A1669E89-4054-470F-B03E-BDF949DAE304}.Debug|x86.Build.0 = Debug|Any CPU
		{A1669E89-4054-470F-B03E-BDF949DAE304}.Release|Any CPU.ActiveCfg = Release|Any CPU
		{A1669E89-4054-470F-B03E-BDF949DAE304}.Release|Any CPU.Build.0 = Release|Any CPU
		{A1669E89-4054-470F-B03E-BDF949DAE304}.Release|x64.ActiveCfg = Release|Any CPU
		{A1669E89-4054-470F-B03E-BDF949DAE304}.Release|x64.Build.0 = Release|Any CPU
		{A1669E89-4054-470F-B03E-BDF949DAE304}.Release|x86.ActiveCfg = Release|Any CPU
		{A1669E89-4054-470F-B03E-BDF949DAE304}.Release|x86.Build.0 = Release|Any CPU
		{5EBA06B6-089F-4D04-A56D-527A0F47C12E}.Debug|Any CPU.ActiveCfg = Debug|Any CPU
		{5EBA06B6-089F-4D04-A56D-527A0F47C12E}.Debug|Any CPU.Build.0 = Debug|Any CPU
		{5EBA06B6-089F-4D04-A56D-527A0F47C12E}.Debug|x64.ActiveCfg = Debug|Any CPU
		{5EBA06B6-089F-4D04-A56D-527A0F47C12E}.Debug|x64.Build.0 = Debug|Any CPU
		{5EBA06B6-089F-4D04-A56D-527A0F47C12E}.Debug|x86.ActiveCfg = Debug|Any CPU
		{5EBA06B6-089F-4D04-A56D-527A0F47C12E}.Debug|x86.Build.0 = Debug|Any CPU
		{5EBA06B6-089F-4D04-A56D-527A0F47C12E}.Release|Any CPU.ActiveCfg = Release|Any CPU
		{5EBA06B6-089F-4D04-A56D-527A0F47C12E}.Release|Any CPU.Build.0 = Release|Any CPU
		{5EBA06B6-089F-4D04-A56D-527A0F47C12E}.Release|x64.ActiveCfg = Release|Any CPU
		{5EBA06B6-089F-4D04-A56D-527A0F47C12E}.Release|x64.Build.0 = Release|Any CPU
		{5EBA06B6-089F-4D04-A56D-527A0F47C12E}.Release|x86.ActiveCfg = Release|Any CPU
		{5EBA06B6-089F-4D04-A56D-527A0F47C12E}.Release|x86.Build.0 = Release|Any CPU
	EndGlobalSection
EndGlobal
