
Microsoft Visual Studio Solution File, Format Version 12.00
# Visual Studio 15
VisualStudioVersion = 15.0.26124.0
MinimumVisualStudioVersion = 15.0.26124.0
Project("{FAE04EC0-301F-11D3-BF4B-00C04F79EFBC}") = "A", "A\A.csproj", "{7C39859C-CF42-4A3B-9B45-FDF1A774DD5F}"
EndProject
Project("{FAE04EC0-301F-11D3-BF4B-00C04F79EFBC}") = "ATest", "ATest\ATest.csproj", "{87792565-EF6C-4D80-8B05-CF9082A96C94}"
EndProject
Project("{FAE04EC0-301F-11D3-BF4B-00C04F79EFBC}") = "B", "B\B.csproj", "{21E5CF0E-8BC0-4EC2-99D0-31782DA81DBF}"
EndProject
Project("{FAE04EC0-301F-11D3-BF4B-00C04F79EFBC}") = "BTest", "BTest\BTest.csproj", "{77D9340B-7FDA-4A75-BA5A-D1F398BDB513}"
EndProject
Project("{FAE04EC0-301F-11D3-BF4B-00C04F79EFBC}") = "C", "C\C.csproj", "{DA646EE2-8B66-4F73-BF34-639C6AD910B0}"
EndProject
Project("{FAE04EC0-301F-11D3-BF4B-00C04F79EFBC}") = "CTest", "CTest\CTest.csproj", "{E7004FC8-38CE-4661-8DCC-CFDCF6199731}"
EndProject
Project("{FAE04EC0-301F-11D3-BF4B-00C04F79EFBC}") = "D", "D\D.csproj", "{4E0CEE15-5885-4F8A-923F-71BFA8E4135C}"
EndProject
Project("{FAE04EC0-301F-11D3-BF4B-00C04F79EFBC}") = "DTest", "DTest\DTest.csproj", "{57775399-6897-4822-930B-6399E3548877}"
EndProject
Project("{FAE04EC0-301F-11D3-BF4B-00C04F79EFBC}") = "E", "E\E.csproj", "{480AC6F1-AD9E-4A47-9210-C4746E1BD60B}"
EndProject
Project("{FAE04EC0-301F-11D3-BF4B-00C04F79EFBC}") = "ETest", "ETest\ETest.csproj", "{6DE56D2F-E9A9-4B32-91C1-D1F9D6081ECB}"
EndProject
Global
	GlobalSection(SolutionConfigurationPlatforms) = preSolution
		Debug|Any CPU = Debug|Any CPU
		Debug|x64 = Debug|x64
		Debug|x86 = Debug|x86
		Release|Any CPU = Release|Any CPU
		Release|x64 = Release|x64
		Release|x86 = Release|x86
	EndGlobalSection
	GlobalSection(SolutionProperties) = preSolution
		HideSolutionNode = FALSE
	EndGlobalSection
	GlobalSection(ProjectConfigurationPlatforms) = postSolution
		{7C39859C-CF42-4A3B-9B45-FDF1A774DD5F}.Debug|Any CPU.ActiveCfg = Debug|Any CPU
		{7C39859C-CF42-4A3B-9B45-FDF1A774DD5F}.Debug|Any CPU.Build.0 = Debug|Any CPU
		{7C39859C-CF42-4A3B-9B45-FDF1A774DD5F}.Debug|x64.ActiveCfg = Debug|Any CPU
		{7C39859C-CF42-4A3B-9B45-FDF1A774DD5F}.Debug|x64.Build.0 = Debug|Any CPU
		{7C39859C-CF42-4A3B-9B45-FDF1A774DD5F}.Debug|x86.ActiveCfg = Debug|Any CPU
		{7C39859C-CF42-4A3B-9B45-FDF1A774DD5F}.Debug|x86.Build.0 = Debug|Any CPU
		{7C39859C-CF42-4A3B-9B45-FDF1A774DD5F}.Release|Any CPU.ActiveCfg = Release|Any CPU
		{7C39859C-CF42-4A3B-9B45-FDF1A774DD5F}.Release|Any CPU.Build.0 = Release|Any CPU
		{7C39859C-CF42-4A3B-9B45-FDF1A774DD5F}.Release|x64.ActiveCfg = Release|Any CPU
		{7C39859C-CF42-4A3B-9B45-FDF1A774DD5F}.Release|x64.Build.0 = Release|Any CPU
		{7C39859C-CF42-4A3B-9B45-FDF1A774DD5F}.Release|x86.ActiveCfg = Release|Any CPU
		{7C39859C-CF42-4A3B-9B45-FDF1A774DD5F}.Release|x86.Build.0 = Release|Any CPU
		{87792565-EF6C-4D80-8B05-CF9082A96C94}.Debug|Any CPU.ActiveCfg = Debug|Any CPU
		{87792565-EF6C-4D80-8B05-CF9082A96C94}.Debug|Any CPU.Build.0 = Debug|Any CPU
		{87792565-EF6C-4D80-8B05-CF9082A96C94}.Debug|x64.ActiveCfg = Debug|Any CPU
		{87792565-EF6C-4D80-8B05-CF9082A96C94}.Debug|x64.Build.0 = Debug|Any CPU
		{87792565-EF6C-4D80-8B05-CF9082A96C94}.Debug|x86.ActiveCfg = Debug|Any CPU
		{87792565-EF6C-4D80-8B05-CF9082A96C94}.Debug|x86.Build.0 = Debug|Any CPU
		{87792565-EF6C-4D80-8B05-CF9082A96C94}.Release|Any CPU.ActiveCfg = Release|Any CPU
		{87792565-EF6C-4D80-8B05-CF9082A96C94}.Release|Any CPU.Build.0 = Release|Any CPU
		{87792565-EF6C-4D80-8B05-CF9082A96C94}.Release|x64.ActiveCfg = Release|Any CPU
		{87792565-EF6C-4D80-8B05-CF9082A96C94}.Release|x64.Build.0 = Release|Any CPU
		{87792565-EF6C-4D80-8B05-CF9082A96C94}.Release|x86.ActiveCfg = Release|Any CPU
		{87792565-EF6C-4D80-8B05-CF9082A96C94}.Release|x86.Build.0 = Release|Any CPU
		{21E5CF0E-8BC0-4EC2-99D0-31782DA81DBF}.Debug|Any CPU.ActiveCfg = Debug|Any CPU
		{21E5CF0E-8BC0-4EC2-99D0-31782DA81DBF}.Debug|Any CPU.Build.0 = Debug|Any CPU
		{21E5CF0E-8BC0-4EC2-99D0-31782DA81DBF}.Debug|x64.ActiveCfg = Debug|Any CPU
		{21E5CF0E-8BC0-4EC2-99D0-31782DA81DBF}.Debug|x64.Build.0 = Debug|Any CPU
		{21E5CF0E-8BC0-4EC2-99D0-31782DA81DBF}.Debug|x86.ActiveCfg = Debug|Any CPU
		{21E5CF0E-8BC0-4EC2-99D0-31782DA81DBF}.Debug|x86.Build.0 = Debug|Any CPU
		{21E5CF0E-8BC0-4EC2-99D0-31782DA81DBF}.Release|Any CPU.ActiveCfg = Release|Any CPU
		{21E5CF0E-8BC0-4EC2-99D0-31782DA81DBF}.Release|Any CPU.Build.0 = Release|Any CPU
		{21E5CF0E-8BC0-4EC2-99D0-31782DA81DBF}.Release|x64.ActiveCfg = Release|Any CPU
		{21E5CF0E-8BC0-4EC2-99D0-31782DA81DBF}.Release|x64.Build.0 = Release|Any CPU
		{21E5CF0E-8BC0-4EC2-99D0-31782DA81DBF}.Release|x86.ActiveCfg = Release|Any CPU
		{21E5CF0E-8BC0-4EC2-99D0-31782DA81DBF}.Release|x86.Build.0 = Release|Any CPU
		{77D9340B-7FDA-4A75-BA5A-D1F398BDB513}.Debug|Any CPU.ActiveCfg = Debug|Any CPU
		{77D9340B-7FDA-4A75-BA5A-D1F398BDB513}.Debug|Any CPU.Build.0 = Debug|Any CPU
		{77D9340B-7FDA-4A75-BA5A-D1F398BDB513}.Debug|x64.ActiveCfg = Debug|Any CPU
		{77D9340B-7FDA-4A75-BA5A-D1F398BDB513}.Debug|x64.Build.0 = Debug|Any CPU
		{77D9340B-7FDA-4A75-BA5A-D1F398BDB513}.Debug|x86.ActiveCfg = Debug|Any CPU
		{77D9340B-7FDA-4A75-BA5A-D1F398BDB513}.Debug|x86.Build.0 = Debug|Any CPU
		{77D9340B-7FDA-4A75-BA5A-D1F398BDB513}.Release|Any CPU.ActiveCfg = Release|Any CPU
		{77D9340B-7FDA-4A75-BA5A-D1F398BDB513}.Release|Any CPU.Build.0 = Release|Any CPU
		{77D9340B-7FDA-4A75-BA5A-D1F398BDB513}.Release|x64.ActiveCfg = Release|Any CPU
		{77D9340B-7FDA-4A75-BA5A-D1F398BDB513}.Release|x64.Build.0 = Release|Any CPU
		{77D9340B-7FDA-4A75-BA5A-D1F398BDB513}.Release|x86.ActiveCfg = Release|Any CPU
		{77D9340B-7FDA-4A75-BA5A-D1F398BDB513}.Release|x86.Build.0 = Release|Any CPU
		{DA646EE2-8B66-4F73-BF34-639C6AD910B0}.Debug|Any CPU.ActiveCfg = Debug|Any CPU
		{DA646EE2-8B66-4F73-BF34-639C6AD910B0}.Debug|Any CPU.Build.0 = Debug|Any CPU
		{DA646EE2-8B66-4F73-BF34-639C6AD910B0}.Debug|x64.ActiveCfg = Debug|Any CPU
		{DA646EE2-8B66-4F73-BF34-639C6AD910B0}.Debug|x64.Build.0 = Debug|Any CPU
		{DA646EE2-8B66-4F73-BF34-639C6AD910B0}.Debug|x86.ActiveCfg = Debug|Any CPU
		{DA646EE2-8B66-4F73-BF34-639C6AD910B0}.Debug|x86.Build.0 = Debug|Any CPU
		{DA646EE2-8B66-4F73-BF34-639C6AD910B0}.Release|Any CPU.ActiveCfg = Release|Any CPU
		{DA646EE2-8B66-4F73-BF34-639C6AD910B0}.Release|Any CPU.Build.0 = Release|Any CPU
		{DA646EE2-8B66-4F73-BF34-639C6AD910B0}.Release|x64.ActiveCfg = Release|Any CPU
		{DA646EE2-8B66-4F73-BF34-639C6AD910B0}.Release|x64.Build.0 = Release|Any CPU
		{DA646EE2-8B66-4F73-BF34-639C6AD910B0}.Release|x86.ActiveCfg = Release|Any CPU
		{DA646EE2-8B66-4F73-BF34-639C6AD910B0}.Release|x86.Build.0 = Release|Any CPU
		{E7004FC8-38CE-4661-8DCC-CFDCF6199731}.Debug|Any CPU.ActiveCfg = Debug|Any CPU
		{E7004FC8-38CE-4661-8DCC-CFDCF6199731}.Debug|Any CPU.Build.0 = Debug|Any CPU
		{E7004FC8-38CE-4661-8DCC-CFDCF6199731}.Debug|x64.ActiveCfg = Debug|Any CPU
		{E7004FC8-38CE-4661-8DCC-CFDCF6199731}.Debug|x64.Build.0 = Debug|Any CPU
		{E7004FC8-38CE-4661-8DCC-CFDCF6199731}.Debug|x86.ActiveCfg = Debug|Any CPU
		{E7004FC8-38CE-4661-8DCC-CFDCF6199731}.Debug|x86.Build.0 = Debug|Any CPU
		{E7004FC8-38CE-4661-8DCC-CFDCF6199731}.Release|Any CPU.ActiveCfg = Release|Any CPU
		{E7004FC8-38CE-4661-8DCC-CFDCF6199731}.Release|Any CPU.Build.0 = Release|Any CPU
		{E7004FC8-38CE-4661-8DCC-CFDCF6199731}.Release|x64.ActiveCfg = Release|Any CPU
		{E7004FC8-38CE-4661-8DCC-CFDCF6199731}.Release|x64.Build.0 = Release|Any CPU
		{E7004FC8-38CE-4661-8DCC-CFDCF6199731}.Release|x86.ActiveCfg = Release|Any CPU
		{E7004FC8-38CE-4661-8DCC-CFDCF6199731}.Release|x86.Build.0 = Release|Any CPU
		{4E0CEE15-5885-4F8A-923F-71BFA8E4135C}.Debug|Any CPU.ActiveCfg = Debug|Any CPU
		{4E0CEE15-5885-4F8A-923F-71BFA8E4135C}.Debug|Any CPU.Build.0 = Debug|Any CPU
		{4E0CEE15-5885-4F8A-923F-71BFA8E4135C}.Debug|x64.ActiveCfg = Debug|Any CPU
		{4E0CEE15-5885-4F8A-923F-71BFA8E4135C}.Debug|x64.Build.0 = Debug|Any CPU
		{4E0CEE15-5885-4F8A-923F-71BFA8E4135C}.Debug|x86.ActiveCfg = Debug|Any CPU
		{4E0CEE15-5885-4F8A-923F-71BFA8E4135C}.Debug|x86.Build.0 = Debug|Any CPU
		{4E0CEE15-5885-4F8A-923F-71BFA8E4135C}.Release|Any CPU.ActiveCfg = Release|Any CPU
		{4E0CEE15-5885-4F8A-923F-71BFA8E4135C}.Release|Any CPU.Build.0 = Release|Any CPU
		{4E0CEE15-5885-4F8A-923F-71BFA8E4135C}.Release|x64.ActiveCfg = Release|Any CPU
		{4E0CEE15-5885-4F8A-923F-71BFA8E4135C}.Release|x64.Build.0 = Release|Any CPU
		{4E0CEE15-5885-4F8A-923F-71BFA8E4135C}.Release|x86.ActiveCfg = Release|Any CPU
		{4E0CEE15-5885-4F8A-923F-71BFA8E4135C}.Release|x86.Build.0 = Release|Any CPU
		{57775399-6897-4822-930B-6399E3548877}.Debug|Any CPU.ActiveCfg = Debug|Any CPU
		{57775399-6897-4822-930B-6399E3548877}.Debug|Any CPU.Build.0 = Debug|Any CPU
		{57775399-6897-4822-930B-6399E3548877}.Debug|x64.ActiveCfg = Debug|Any CPU
		{57775399-6897-4822-930B-6399E3548877}.Debug|x64.Build.0 = Debug|Any CPU
		{57775399-6897-4822-930B-6399E3548877}.Debug|x86.ActiveCfg = Debug|Any CPU
		{57775399-6897-4822-930B-6399E3548877}.Debug|x86.Build.0 = Debug|Any CPU
		{57775399-6897-4822-930B-6399E3548877}.Release|Any CPU.ActiveCfg = Release|Any CPU
		{57775399-6897-4822-930B-6399E3548877}.Release|Any CPU.Build.0 = Release|Any CPU
		{57775399-6897-4822-930B-6399E3548877}.Release|x64.ActiveCfg = Release|Any CPU
		{57775399-6897-4822-930B-6399E3548877}.Release|x64.Build.0 = Release|Any CPU
		{57775399-6897-4822-930B-6399E3548877}.Release|x86.ActiveCfg = Release|Any CPU
		{57775399-6897-4822-930B-6399E3548877}.Release|x86.Build.0 = Release|Any CPU
		{480AC6F1-AD9E-4A47-9210-C4746E1BD60B}.Debug|Any CPU.ActiveCfg = Debug|Any CPU
		{480AC6F1-AD9E-4A47-9210-C4746E1BD60B}.Debug|Any CPU.Build.0 = Debug|Any CPU
		{480AC6F1-AD9E-4A47-9210-C4746E1BD60B}.Debug|x64.ActiveCfg = Debug|Any CPU
		{480AC6F1-AD9E-4A47-9210-C4746E1BD60B}.Debug|x64.Build.0 = Debug|Any CPU
		{480AC6F1-AD9E-4A47-9210-C4746E1BD60B}.Debug|x86.ActiveCfg = Debug|Any CPU
		{480AC6F1-AD9E-4A47-9210-C4746E1BD60B}.Debug|x86.Build.0 = Debug|Any CPU
		{480AC6F1-AD9E-4A47-9210-C4746E1BD60B}.Release|Any CPU.ActiveCfg = Release|Any CPU
		{480AC6F1-AD9E-4A47-9210-C4746E1BD60B}.Release|Any CPU.Build.0 = Release|Any CPU
		{480AC6F1-AD9E-4A47-9210-C4746E1BD60B}.Release|x64.ActiveCfg = Release|Any CPU
		{480AC6F1-AD9E-4A47-9210-C4746E1BD60B}.Release|x64.Build.0 = Release|Any CPU
		{480AC6F1-AD9E-4A47-9210-C4746E1BD60B}.Release|x86.ActiveCfg = Release|Any CPU
		{480AC6F1-AD9E-4A47-9210-C4746E1BD60B}.Release|x86.Build.0 = Release|Any CPU
		{6DE56D2F-E9A9-4B32-91C1-D1F9D6081ECB}.Debug|Any CPU.ActiveCfg = Debug|Any CPU
		{6DE56D2F-E9A9-4B32-91C1-D1F9D6081ECB}.Debug|Any CPU.Build.0 = Debug|Any CPU
		{6DE56D2F-E9A9-4B32-91C1-D1F9D6081ECB}.Debug|x64.ActiveCfg = Debug|Any CPU
		{6DE56D2F-E9A9-4B32-91C1-D1F9D6081ECB}.Debug|x64.Build.0 = Debug|Any CPU
		{6DE56D2F-E9A9-4B32-91C1-D1F9D6081ECB}.Debug|x86.ActiveCfg = Debug|Any CPU
		{6DE56D2F-E9A9-4B32-91C1-D1F9D6081ECB}.Debug|x86.Build.0 = Debug|Any CPU
		{6DE56D2F-E9A9-4B32-91C1-D1F9D6081ECB}.Release|Any CPU.ActiveCfg = Release|Any CPU
		{6DE56D2F-E9A9-4B32-91C1-D1F9D6081ECB}.Release|Any CPU.Build.0 = Release|Any CPU
		{6DE56D2F-E9A9-4B32-91C1-D1F9D6081ECB}.Release|x64.ActiveCfg = Release|Any CPU
		{6DE56D2F-E9A9-4B32-91C1-D1F9D6081ECB}.Release|x64.Build.0 = Release|Any CPU
		{6DE56D2F-E9A9-4B32-91C1-D1F9D6081ECB}.Release|x86.ActiveCfg = Release|Any CPU
		{6DE56D2F-E9A9-4B32-91C1-D1F9D6081ECB}.Release|x86.Build.0 = Release|Any CPU
	EndGlobalSection
EndGlobal
