
Microsoft Visual Studio Solution File, Format Version 12.00
# Visual Studio Version 17
VisualStudioVersion = 17.0.31903.59
MinimumVisualStudioVersion = 10.0.40219.1
Project("{FAE04EC0-301F-11D3-BF4B-00C04F79EFBC}") = "A", "A\A.csproj", "{6EFB354B-B374-4CA5-85D3-6394DC37C32A}"
EndProject
Project("{FAE04EC0-301F-11D3-BF4B-00C04F79EFBC}") = "ATest", "ATest\ATest.csproj", "{CCF15203-F2DA-40AE-AA04-CB47ECC414C4}"
EndProject
Project("{FAE04EC0-301F-11D3-BF4B-00C04F79EFBC}") = "B", "B\B.csproj", "{2491FA7B-3CD4-4FB2-A338-7D3537F0DDC5}"
EndProject
Project("{FAE04EC0-301F-11D3-BF4B-00C04F79EFBC}") = "BTest", "BTest\BTest.csproj", "{5AE8E068-E8E0-43BF-B045-C0C2A0CE81FA}"
EndProject
Project("{FAE04EC0-301F-11D3-BF4B-00C04F79EFBC}") = "C", "C\C.csproj", "{E9C4CE9C-BFC3-481F-B339-3FA505E50EC0}"
EndProject
Project("{FAE04EC0-301F-11D3-BF4B-00C04F79EFBC}") = "CTest", "CTest\CTest.csproj", "{C34BDFA7-9031-42EA-A4D3-3123DDB17C2C}"
EndProject
Project("{FAE04EC0-301F-11D3-BF4B-00C04F79EFBC}") = "D", "D\D.csproj", "{BA1EF7C9-C4C3-41F6-A224-0774702A271B}"
EndProject
Project("{FAE04EC0-301F-11D3-BF4B-00C04F79EFBC}") = "DTest", "DTest\DTest.csproj", "{7E9ACF7E-265F-42CB-97A3-E272EDDE403D}"
EndProject
Project("{FAE04EC0-301F-11D3-BF4B-00C04F79EFBC}") = "E", "E\E.csproj", "{0C8A48F7-4217-4564-9A8B-663BB2E759E0}"
EndProject
Project("{FAE04EC0-301F-11D3-BF4B-00C04F79EFBC}") = "ETest", "ETest\ETest.csproj", "{E82616E6-CA6A-4D98-A668-CBA8777A35B7}"
EndProject
Project("{FAE04EC0-301F-11D3-BF4B-00C04F79EFBC}") = "F", "F\F.csproj", "{2541C71F-45BB-436A-AD47-ADAAB961DB95}"
EndProject
Project("{FAE04EC0-301F-11D3-BF4B-00C04F79EFBC}") = "FTest", "FTest\FTest.csproj", "{7B987B76-5AAE-4341-918A-091CCF20CE1A}"
EndProject
Global
	GlobalSection(SolutionConfigurationPlatforms) = preSolution
		Debug|Any CPU = Debug|Any CPU
		Release|Any CPU = Release|Any CPU
	EndGlobalSection
	GlobalSection(SolutionProperties) = preSolution
		HideSolutionNode = FALSE
	EndGlobalSection
	GlobalSection(ProjectConfigurationPlatforms) = postSolution
		{6EFB354B-B374-4CA5-85D3-6394DC37C32A}.Debug|Any CPU.ActiveCfg = Debug|Any CPU
		{6EFB354B-B374-4CA5-85D3-6394DC37C32A}.Debug|Any CPU.Build.0 = Debug|Any CPU
		{6EFB354B-B374-4CA5-85D3-6394DC37C32A}.Release|Any CPU.ActiveCfg = Release|Any CPU
		{6EFB354B-B374-4CA5-85D3-6394DC37C32A}.Release|Any CPU.Build.0 = Release|Any CPU
		{CCF15203-F2DA-40AE-AA04-CB47ECC414C4}.Debug|Any CPU.ActiveCfg = Debug|Any CPU
		{CCF15203-F2DA-40AE-AA04-CB47ECC414C4}.Debug|Any CPU.Build.0 = Debug|Any CPU
		{CCF15203-F2DA-40AE-AA04-CB47ECC414C4}.Release|Any CPU.ActiveCfg = Release|Any CPU
		{CCF15203-F2DA-40AE-AA04-CB47ECC414C4}.Release|Any CPU.Build.0 = Release|Any CPU
		{2491FA7B-3CD4-4FB2-A338-7D3537F0DDC5}.Debug|Any CPU.ActiveCfg = Debug|Any CPU
		{2491FA7B-3CD4-4FB2-A338-7D3537F0DDC5}.Debug|Any CPU.Build.0 = Debug|Any CPU
		{2491FA7B-3CD4-4FB2-A338-7D3537F0DDC5}.Release|Any CPU.ActiveCfg = Release|Any CPU
		{2491FA7B-3CD4-4FB2-A338-7D3537F0DDC5}.Release|Any CPU.Build.0 = Release|Any CPU
		{5AE8E068-E8E0-43BF-B045-C0C2A0CE81FA}.Debug|Any CPU.ActiveCfg = Debug|Any CPU
		{5AE8E068-E8E0-43BF-B045-C0C2A0CE81FA}.Debug|Any CPU.Build.0 = Debug|Any CPU
		{5AE8E068-E8E0-43BF-B045-C0C2A0CE81FA}.Release|Any CPU.ActiveCfg = Release|Any CPU
		{5AE8E068-E8E0-43BF-B045-C0C2A0CE81FA}.Release|Any CPU.Build.0 = Release|Any CPU
		{E9C4CE9C-BFC3-481F-B339-3FA505E50EC0}.Debug|Any CPU.ActiveCfg = Debug|Any CPU
		{E9C4CE9C-BFC3-481F-B339-3FA505E50EC0}.Debug|Any CPU.Build.0 = Debug|Any CPU
		{E9C4CE9C-BFC3-481F-B339-3FA505E50EC0}.Release|Any CPU.ActiveCfg = Release|Any CPU
		{E9C4CE9C-BFC3-481F-B339-3FA505E50EC0}.Release|Any CPU.Build.0 = Release|Any CPU
		{C34BDFA7-9031-42EA-A4D3-3123DDB17C2C}.Debug|Any CPU.ActiveCfg = Debug|Any CPU
		{C34BDFA7-9031-42EA-A4D3-3123DDB17C2C}.Debug|Any CPU.Build.0 = Debug|Any CPU
		{C34BDFA7-9031-42EA-A4D3-3123DDB17C2C}.Release|Any CPU.ActiveCfg = Release|Any CPU
		{C34BDFA7-9031-42EA-A4D3-3123DDB17C2C}.Release|Any CPU.Build.0 = Release|Any CPU
		{BA1EF7C9-C4C3-41F6-A224-0774702A271B}.Debug|Any CPU.ActiveCfg = Debug|Any CPU
		{BA1EF7C9-C4C3-41F6-A224-0774702A271B}.Debug|Any CPU.Build.0 = Debug|Any CPU
		{BA1EF7C9-C4C3-41F6-A224-0774702A271B}.Release|Any CPU.ActiveCfg = Release|Any CPU
		{BA1EF7C9-C4C3-41F6-A224-0774702A271B}.Release|Any CPU.Build.0 = Release|Any CPU
		{7E9ACF7E-265F-42CB-97A3-E272EDDE403D}.Debug|Any CPU.ActiveCfg = Debug|Any CPU
		{7E9ACF7E-265F-42CB-97A3-E272EDDE403D}.Debug|Any CPU.Build.0 = Debug|Any CPU
		{7E9ACF7E-265F-42CB-97A3-E272EDDE403D}.Release|Any CPU.ActiveCfg = Release|Any CPU
		{7E9ACF7E-265F-42CB-97A3-E272EDDE403D}.Release|Any CPU.Build.0 = Release|Any CPU
		{0C8A48F7-4217-4564-9A8B-663BB2E759E0}.Debug|Any CPU.ActiveCfg = Debug|Any CPU
		{0C8A48F7-4217-4564-9A8B-663BB2E759E0}.Debug|Any CPU.Build.0 = Debug|Any CPU
		{0C8A48F7-4217-4564-9A8B-663BB2E759E0}.Release|Any CPU.ActiveCfg = Release|Any CPU
		{0C8A48F7-4217-4564-9A8B-663BB2E759E0}.Release|Any CPU.Build.0 = Release|Any CPU
		{E82616E6-CA6A-4D98-A668-CBA8777A35B7}.Debug|Any CPU.ActiveCfg = Debug|Any CPU
		{E82616E6-CA6A-4D98-A668-CBA8777A35B7}.Debug|Any CPU.Build.0 = Debug|Any CPU
		{E82616E6-CA6A-4D98-A668-CBA8777A35B7}.Release|Any CPU.ActiveCfg = Release|Any CPU
		{E82616E6-CA6A-4D98-A668-CBA8777A35B7}.Release|Any CPU.Build.0 = Release|Any CPU
		{2541C71F-45BB-436A-AD47-ADAAB961DB95}.Debug|Any CPU.ActiveCfg = Debug|Any CPU
		{2541C71F-45BB-436A-AD47-ADAAB961DB95}.Debug|Any CPU.Build.0 = Debug|Any CPU
		{2541C71F-45BB-436A-AD47-ADAAB961DB95}.Release|Any CPU.ActiveCfg = Release|Any CPU
		{2541C71F-45BB-436A-AD47-ADAAB961DB95}.Release|Any CPU.Build.0 = Release|Any CPU
		{7B987B76-5AAE-4341-918A-091CCF20CE1A}.Debug|Any CPU.ActiveCfg = Debug|Any CPU
		{7B987B76-5AAE-4341-918A-091CCF20CE1A}.Debug|Any CPU.Build.0 = Debug|Any CPU
		{7B987B76-5AAE-4341-918A-091CCF20CE1A}.Release|Any CPU.ActiveCfg = Release|Any CPU
		{7B987B76-5AAE-4341-918A-091CCF20CE1A}.Release|Any CPU.Build.0 = Release|Any CPU
	EndGlobalSection
EndGlobal
