
Microsoft Visual Studio Solution File, Format Version 12.00
# Visual Studio 15
VisualStudioVersion = 15.0.26124.0
MinimumVisualStudioVersion = 15.0.26124.0
Project("{FAE04EC0-301F-11D3-BF4B-00C04F79EFBC}") = "A", "A\A.csproj", "{162A364F-FD94-4550-B5D7-436D28032C7C}"
EndProject
Project("{FAE04EC0-301F-11D3-BF4B-00C04F79EFBC}") = "ATest", "ATest\ATest.csproj", "{624FFFC6-6ACA-4AFA-811D-3A2B36AFFADC}"
EndProject
Project("{FAE04EC0-301F-11D3-BF4B-00C04F79EFBC}") = "B", "B\B.csproj", "{B89C3566-736B-4BBC-B014-D543852B6B08}"
EndProject
Project("{FAE04EC0-301F-11D3-BF4B-00C04F79EFBC}") = "BTest", "BTest\BTest.csproj", "{5F788114-0B1C-4C52-8AA0-B83AA81ACD26}"
EndProject
Project("{FAE04EC0-301F-11D3-BF4B-00C04F79EFBC}") = "C", "C\C.csproj", "{DD7C59A3-BF45-446B-8A86-7A877E94B14B}"
EndProject
Project("{FAE04EC0-301F-11D3-BF4B-00C04F79EFBC}") = "CTest", "CTest\CTest.csproj", "{77589363-0BA3-4A32-8179-192655B0A317}"
EndProject
Project("{FAE04EC0-301F-11D3-BF4B-00C04F79EFBC}") = "D", "D\D.csproj", "{58F51D3E-87F0-443B-B18B-25C0FD2A0007}"
EndProject
Project("{FAE04EC0-301F-11D3-BF4B-00C04F79EFBC}") = "DTest", "DTest\DTest.csproj", "{99D0D566-38D3-450A-9365-060F23521998}"
EndProject
Global
	GlobalSection(SolutionConfigurationPlatforms) = preSolution
		Debug|Any CPU = Debug|Any CPU
		Debug|x64 = Debug|x64
		Debug|x86 = Debug|x86
		Release|Any CPU = Release|Any CPU
		Release|x64 = Release|x64
		Release|x86 = Release|x86
	EndGlobalSection
	GlobalSection(SolutionProperties) = preSolution
		HideSolutionNode = FALSE
	EndGlobalSection
	GlobalSection(ProjectConfigurationPlatforms) = postSolution
		{162A364F-FD94-4550-B5D7-436D28032C7C}.Debug|Any CPU.ActiveCfg = Debug|Any CPU
		{162A364F-FD94-4550-B5D7-436D28032C7C}.Debug|Any CPU.Build.0 = Debug|Any CPU
		{162A364F-FD94-4550-B5D7-436D28032C7C}.Debug|x64.ActiveCfg = Debug|Any CPU
		{162A364F-FD94-4550-B5D7-436D28032C7C}.Debug|x64.Build.0 = Debug|Any CPU
		{162A364F-FD94-4550-B5D7-436D28032C7C}.Debug|x86.ActiveCfg = Debug|Any CPU
		{162A364F-FD94-4550-B5D7-436D28032C7C}.Debug|x86.Build.0 = Debug|Any CPU
		{162A364F-FD94-4550-B5D7-436D28032C7C}.Release|Any CPU.ActiveCfg = Release|Any CPU
		{162A364F-FD94-4550-B5D7-436D28032C7C}.Release|Any CPU.Build.0 = Release|Any CPU
		{162A364F-FD94-4550-B5D7-436D28032C7C}.Release|x64.ActiveCfg = Release|Any CPU
		{162A364F-FD94-4550-B5D7-436D28032C7C}.Release|x64.Build.0 = Release|Any CPU
		{162A364F-FD94-4550-B5D7-436D28032C7C}.Release|x86.ActiveCfg = Release|Any CPU
		{162A364F-FD94-4550-B5D7-436D28032C7C}.Release|x86.Build.0 = Release|Any CPU
		{624FFFC6-6ACA-4AFA-811D-3A2B36AFFADC}.Debug|Any CPU.ActiveCfg = Debug|Any CPU
		{624FFFC6-6ACA-4AFA-811D-3A2B36AFFADC}.Debug|Any CPU.Build.0 = Debug|Any CPU
		{624FFFC6-6ACA-4AFA-811D-3A2B36AFFADC}.Debug|x64.ActiveCfg = Debug|Any CPU
		{624FFFC6-6ACA-4AFA-811D-3A2B36AFFADC}.Debug|x64.Build.0 = Debug|Any CPU
		{624FFFC6-6ACA-4AFA-811D-3A2B36AFFADC}.Debug|x86.ActiveCfg = Debug|Any CPU
		{624FFFC6-6ACA-4AFA-811D-3A2B36AFFADC}.Debug|x86.Build.0 = Debug|Any CPU
		{624FFFC6-6ACA-4AFA-811D-3A2B36AFFADC}.Release|Any CPU.ActiveCfg = Release|Any CPU
		{624FFFC6-6ACA-4AFA-811D-3A2B36AFFADC}.Release|Any CPU.Build.0 = Release|Any CPU
		{624FFFC6-6ACA-4AFA-811D-3A2B36AFFADC}.Release|x64.ActiveCfg = Release|Any CPU
		{624FFFC6-6ACA-4AFA-811D-3A2B36AFFADC}.Release|x64.Build.0 = Release|Any CPU
		{624FFFC6-6ACA-4AFA-811D-3A2B36AFFADC}.Release|x86.ActiveCfg = Release|Any CPU
		{624FFFC6-6ACA-4AFA-811D-3A2B36AFFADC}.Release|x86.Build.0 = Release|Any CPU
		{B89C3566-736B-4BBC-B014-D543852B6B08}.Debug|Any CPU.ActiveCfg = Debug|Any CPU
		{B89C3566-736B-4BBC-B014-D543852B6B08}.Debug|Any CPU.Build.0 = Debug|Any CPU
		{B89C3566-736B-4BBC-B014-D543852B6B08}.Debug|x64.ActiveCfg = Debug|Any CPU
		{B89C3566-736B-4BBC-B014-D543852B6B08}.Debug|x64.Build.0 = Debug|Any CPU
		{B89C3566-736B-4BBC-B014-D543852B6B08}.Debug|x86.ActiveCfg = Debug|Any CPU
		{B89C3566-736B-4BBC-B014-D543852B6B08}.Debug|x86.Build.0 = Debug|Any CPU
		{B89C3566-736B-4BBC-B014-D543852B6B08}.Release|Any CPU.ActiveCfg = Release|Any CPU
		{B89C3566-736B-4BBC-B014-D543852B6B08}.Release|Any CPU.Build.0 = Release|Any CPU
		{B89C3566-736B-4BBC-B014-D543852B6B08}.Release|x64.ActiveCfg = Release|Any CPU
		{B89C3566-736B-4BBC-B014-D543852B6B08}.Release|x64.Build.0 = Release|Any CPU
		{B89C3566-736B-4BBC-B014-D543852B6B08}.Release|x86.ActiveCfg = Release|Any CPU
		{B89C3566-736B-4BBC-B014-D543852B6B08}.Release|x86.Build.0 = Release|Any CPU
		{5F788114-0B1C-4C52-8AA0-B83AA81ACD26}.Debug|Any CPU.ActiveCfg = Debug|Any CPU
		{5F788114-0B1C-4C52-8AA0-B83AA81ACD26}.Debug|Any CPU.Build.0 = Debug|Any CPU
		{5F788114-0B1C-4C52-8AA0-B83AA81ACD26}.Debug|x64.ActiveCfg = Debug|Any CPU
		{5F788114-0B1C-4C52-8AA0-B83AA81ACD26}.Debug|x64.Build.0 = Debug|Any CPU
		{5F788114-0B1C-4C52-8AA0-B83AA81ACD26}.Debug|x86.ActiveCfg = Debug|Any CPU
		{5F788114-0B1C-4C52-8AA0-B83AA81ACD26}.Debug|x86.Build.0 = Debug|Any CPU
		{5F788114-0B1C-4C52-8AA0-B83AA81ACD26}.Release|Any CPU.ActiveCfg = Release|Any CPU
		{5F788114-0B1C-4C52-8AA0-B83AA81ACD26}.Release|Any CPU.Build.0 = Release|Any CPU
		{5F788114-0B1C-4C52-8AA0-B83AA81ACD26}.Release|x64.ActiveCfg = Release|Any CPU
		{5F788114-0B1C-4C52-8AA0-B83AA81ACD26}.Release|x64.Build.0 = Release|Any CPU
		{5F788114-0B1C-4C52-8AA0-B83AA81ACD26}.Release|x86.ActiveCfg = Release|Any CPU
		{5F788114-0B1C-4C52-8AA0-B83AA81ACD26}.Release|x86.Build.0 = Release|Any CPU
		{DD7C59A3-BF45-446B-8A86-7A877E94B14B}.Debug|Any CPU.ActiveCfg = Debug|Any CPU
		{DD7C59A3-BF45-446B-8A86-7A877E94B14B}.Debug|Any CPU.Build.0 = Debug|Any CPU
		{DD7C59A3-BF45-446B-8A86-7A877E94B14B}.Debug|x64.ActiveCfg = Debug|Any CPU
		{DD7C59A3-BF45-446B-8A86-7A877E94B14B}.Debug|x64.Build.0 = Debug|Any CPU
		{DD7C59A3-BF45-446B-8A86-7A877E94B14B}.Debug|x86.ActiveCfg = Debug|Any CPU
		{DD7C59A3-BF45-446B-8A86-7A877E94B14B}.Debug|x86.Build.0 = Debug|Any CPU
		{DD7C59A3-BF45-446B-8A86-7A877E94B14B}.Release|Any CPU.ActiveCfg = Release|Any CPU
		{DD7C59A3-BF45-446B-8A86-7A877E94B14B}.Release|Any CPU.Build.0 = Release|Any CPU
		{DD7C59A3-BF45-446B-8A86-7A877E94B14B}.Release|x64.ActiveCfg = Release|Any CPU
		{DD7C59A3-BF45-446B-8A86-7A877E94B14B}.Release|x64.Build.0 = Release|Any CPU
		{DD7C59A3-BF45-446B-8A86-7A877E94B14B}.Release|x86.ActiveCfg = Release|Any CPU
		{DD7C59A3-BF45-446B-8A86-7A877E94B14B}.Release|x86.Build.0 = Release|Any CPU
		{77589363-0BA3-4A32-8179-192655B0A317}.Debug|Any CPU.ActiveCfg = Debug|Any CPU
		{77589363-0BA3-4A32-8179-192655B0A317}.Debug|Any CPU.Build.0 = Debug|Any CPU
		{77589363-0BA3-4A32-8179-192655B0A317}.Debug|x64.ActiveCfg = Debug|Any CPU
		{77589363-0BA3-4A32-8179-192655B0A317}.Debug|x64.Build.0 = Debug|Any CPU
		{77589363-0BA3-4A32-8179-192655B0A317}.Debug|x86.ActiveCfg = Debug|Any CPU
		{77589363-0BA3-4A32-8179-192655B0A317}.Debug|x86.Build.0 = Debug|Any CPU
		{77589363-0BA3-4A32-8179-192655B0A317}.Release|Any CPU.ActiveCfg = Release|Any CPU
		{77589363-0BA3-4A32-8179-192655B0A317}.Release|Any CPU.Build.0 = Release|Any CPU
		{77589363-0BA3-4A32-8179-192655B0A317}.Release|x64.ActiveCfg = Release|Any CPU
		{77589363-0BA3-4A32-8179-192655B0A317}.Release|x64.Build.0 = Release|Any CPU
		{77589363-0BA3-4A32-8179-192655B0A317}.Release|x86.ActiveCfg = Release|Any CPU
		{77589363-0BA3-4A32-8179-192655B0A317}.Release|x86.Build.0 = Release|Any CPU
		{58F51D3E-87F0-443B-B18B-25C0FD2A0007}.Debug|Any CPU.ActiveCfg = Debug|Any CPU
		{58F51D3E-87F0-443B-B18B-25C0FD2A0007}.Debug|Any CPU.Build.0 = Debug|Any CPU
		{58F51D3E-87F0-443B-B18B-25C0FD2A0007}.Debug|x64.ActiveCfg = Debug|Any CPU
		{58F51D3E-87F0-443B-B18B-25C0FD2A0007}.Debug|x64.Build.0 = Debug|Any CPU
		{58F51D3E-87F0-443B-B18B-25C0FD2A0007}.Debug|x86.ActiveCfg = Debug|Any CPU
		{58F51D3E-87F0-443B-B18B-25C0FD2A0007}.Debug|x86.Build.0 = Debug|Any CPU
		{58F51D3E-87F0-443B-B18B-25C0FD2A0007}.Release|Any CPU.ActiveCfg = Release|Any CPU
		{58F51D3E-87F0-443B-B18B-25C0FD2A0007}.Release|Any CPU.Build.0 = Release|Any CPU
		{58F51D3E-87F0-443B-B18B-25C0FD2A0007}.Release|x64.ActiveCfg = Release|Any CPU
		{58F51D3E-87F0-443B-B18B-25C0FD2A0007}.Release|x64.Build.0 = Release|Any CPU
		{58F51D3E-87F0-443B-B18B-25C0FD2A0007}.Release|x86.ActiveCfg = Release|Any CPU
		{58F51D3E-87F0-443B-B18B-25C0FD2A0007}.Release|x86.Build.0 = Release|Any CPU
		{99D0D566-38D3-450A-9365-060F23521998}.Debug|Any CPU.ActiveCfg = Debug|Any CPU
		{99D0D566-38D3-450A-9365-060F23521998}.Debug|Any CPU.Build.0 = Debug|Any CPU
		{99D0D566-38D3-450A-9365-060F23521998}.Debug|x64.ActiveCfg = Debug|Any CPU
		{99D0D566-38D3-450A-9365-060F23521998}.Debug|x64.Build.0 = Debug|Any CPU
		{99D0D566-38D3-450A-9365-060F23521998}.Debug|x86.ActiveCfg = Debug|Any CPU
		{99D0D566-38D3-450A-9365-060F23521998}.Debug|x86.Build.0 = Debug|Any CPU
		{99D0D566-38D3-450A-9365-060F23521998}.Release|Any CPU.ActiveCfg = Release|Any CPU
		{99D0D566-38D3-450A-9365-060F23521998}.Release|Any CPU.Build.0 = Release|Any CPU
		{99D0D566-38D3-450A-9365-060F23521998}.Release|x64.ActiveCfg = Release|Any CPU
		{99D0D566-38D3-450A-9365-060F23521998}.Release|x64.Build.0 = Release|Any CPU
		{99D0D566-38D3-450A-9365-060F23521998}.Release|x86.ActiveCfg = Release|Any CPU
		{99D0D566-38D3-450A-9365-060F23521998}.Release|x86.Build.0 = Release|Any CPU
	EndGlobalSection
EndGlobal
