
Microsoft Visual Studio Solution File, Format Version 12.00
# Visual Studio Version 17
VisualStudioVersion = 17.0.31903.59
MinimumVisualStudioVersion = 10.0.40219.1
Project("{FAE04EC0-301F-11D3-BF4B-00C04F79EFBC}") = "A", "A\A.csproj", "{FBFD9C2D-91F0-421D-90F5-48AB6F8E1CA9}"
EndProject
Project("{FAE04EC0-301F-11D3-BF4B-00C04F79EFBC}") = "ATest", "ATest\ATest.csproj", "{3C6FB039-8224-4C6E-92C9-D43BF2CF4AAC}"
EndProject
Project("{FAE04EC0-301F-11D3-BF4B-00C04F79EFBC}") = "B", "B\B.csproj", "{772B9395-7449-4771-8E46-8145C738B1C0}"
EndProject
Project("{FAE04EC0-301F-11D3-BF4B-00C04F79EFBC}") = "BTest", "BTest\BTest.csproj", "{3286E730-F1B1-47C7-8D8A-84060FE860DC}"
EndProject
Project("{FAE04EC0-301F-11D3-BF4B-00C04F79EFBC}") = "C", "C\C.csproj", "{066680B3-BBF1-408A-82FD-81E220C13B30}"
EndProject
Project("{FAE04EC0-301F-11D3-BF4B-00C04F79EFBC}") = "CTest", "CTest\CTest.csproj", "{9957A4AF-602F-43B2-8078-8C0249C0F6B2}"
EndProject
Project("{FAE04EC0-301F-11D3-BF4B-00C04F79EFBC}") = "D", "D\D.csproj", "{E86D5553-CDB9-43EB-938E-FE38E5854D41}"
EndProject
Project("{FAE04EC0-301F-11D3-BF4B-00C04F79EFBC}") = "DTest", "DTest\DTest.csproj", "{A83470D5-3256-49E1-91FE-E3066E34F036}"
EndProject
Project("{FAE04EC0-301F-11D3-BF4B-00C04F79EFBC}") = "E", "E\E.csproj", "{AC2802BD-5349-4C75-9E0E-5433D4BA24C9}"
EndProject
Project("{FAE04EC0-301F-11D3-BF4B-00C04F79EFBC}") = "ETest", "ETest\ETest.csproj", "{118C09DD-9407-4180-80AC-613530A7F515}"
EndProject
Project("{FAE04EC0-301F-11D3-BF4B-00C04F79EFBC}") = "F", "F\F.csproj", "{2589DC3D-6575-45BD-A5DA-1496D6A19518}"
EndProject
Project("{FAE04EC0-301F-11D3-BF4B-00C04F79EFBC}") = "FTest", "FTest\FTest.csproj", "{0E8E5786-225C-4DB4-A1EC-F002C8D1C9C9}"
EndProject
Global
	GlobalSection(SolutionConfigurationPlatforms) = preSolution
		Debug|Any CPU = Debug|Any CPU
		Release|Any CPU = Release|Any CPU
	EndGlobalSection
	GlobalSection(SolutionProperties) = preSolution
		HideSolutionNode = FALSE
	EndGlobalSection
	GlobalSection(ProjectConfigurationPlatforms) = postSolution
		{FBFD9C2D-91F0-421D-90F5-48AB6F8E1CA9}.Debug|Any CPU.ActiveCfg = Debug|Any CPU
		{FBFD9C2D-91F0-421D-90F5-48AB6F8E1CA9}.Debug|Any CPU.Build.0 = Debug|Any CPU
		{FBFD9C2D-91F0-421D-90F5-48AB6F8E1CA9}.Release|Any CPU.ActiveCfg = Release|Any CPU
		{FBFD9C2D-91F0-421D-90F5-48AB6F8E1CA9}.Release|Any CPU.Build.0 = Release|Any CPU
		{3C6FB039-8224-4C6E-92C9-D43BF2CF4AAC}.Debug|Any CPU.ActiveCfg = Debug|Any CPU
		{3C6FB039-8224-4C6E-92C9-D43BF2CF4AAC}.Debug|Any CPU.Build.0 = Debug|Any CPU
		{3C6FB039-8224-4C6E-92C9-D43BF2CF4AAC}.Release|Any CPU.ActiveCfg = Release|Any CPU
		{3C6FB039-8224-4C6E-92C9-D43BF2CF4AAC}.Release|Any CPU.Build.0 = Release|Any CPU
		{772B9395-7449-4771-8E46-8145C738B1C0}.Debug|Any CPU.ActiveCfg = Debug|Any CPU
		{772B9395-7449-4771-8E46-8145C738B1C0}.Debug|Any CPU.Build.0 = Debug|Any CPU
		{772B9395-7449-4771-8E46-8145C738B1C0}.Release|Any CPU.ActiveCfg = Release|Any CPU
		{772B9395-7449-4771-8E46-8145C738B1C0}.Release|Any CPU.Build.0 = Release|Any CPU
		{3286E730-F1B1-47C7-8D8A-84060FE860DC}.Debug|Any CPU.ActiveCfg = Debug|Any CPU
		{3286E730-F1B1-47C7-8D8A-84060FE860DC}.Debug|Any CPU.Build.0 = Debug|Any CPU
		{3286E730-F1B1-47C7-8D8A-84060FE860DC}.Release|Any CPU.ActiveCfg = Release|Any CPU
		{3286E730-F1B1-47C7-8D8A-84060FE860DC}.Release|Any CPU.Build.0 = Release|Any CPU
		{066680B3-BBF1-408A-82FD-81E220C13B30}.Debug|Any CPU.ActiveCfg = Debug|Any CPU
		{066680B3-BBF1-408A-82FD-81E220C13B30}.Debug|Any CPU.Build.0 = Debug|Any CPU
		{066680B3-BBF1-408A-82FD-81E220C13B30}.Release|Any CPU.ActiveCfg = Release|Any CPU
		{066680B3-BBF1-408A-82FD-81E220C13B30}.Release|Any CPU.Build.0 = Release|Any CPU
		{9957A4AF-602F-43B2-8078-8C0249C0F6B2}.Debug|Any CPU.ActiveCfg = Debug|Any CPU
		{9957A4AF-602F-43B2-8078-8C0249C0F6B2}.Debug|Any CPU.Build.0 = Debug|Any CPU
		{9957A4AF-602F-43B2-8078-8C0249C0F6B2}.Release|Any CPU.ActiveCfg = Release|Any CPU
		{9957A4AF-602F-43B2-8078-8C0249C0F6B2}.Release|Any CPU.Build.0 = Release|Any CPU
		{E86D5553-CDB9-43EB-938E-FE38E5854D41}.Debug|Any CPU.ActiveCfg = Debug|Any CPU
		{E86D5553-CDB9-43EB-938E-FE38E5854D41}.Debug|Any CPU.Build.0 = Debug|Any CPU
		{E86D5553-CDB9-43EB-938E-FE38E5854D41}.Release|Any CPU.ActiveCfg = Release|Any CPU
		{E86D5553-CDB9-43EB-938E-FE38E5854D41}.Release|Any CPU.Build.0 = Release|Any CPU
		{A83470D5-3256-49E1-91FE-E3066E34F036}.Debug|Any CPU.ActiveCfg = Debug|Any CPU
		{A83470D5-3256-49E1-91FE-E3066E34F036}.Debug|Any CPU.Build.0 = Debug|Any CPU
		{A83470D5-3256-49E1-91FE-E3066E34F036}.Release|Any CPU.ActiveCfg = Release|Any CPU
		{A83470D5-3256-49E1-91FE-E3066E34F036}.Release|Any CPU.Build.0 = Release|Any CPU
		{AC2802BD-5349-4C75-9E0E-5433D4BA24C9}.Debug|Any CPU.ActiveCfg = Debug|Any CPU
		{AC2802BD-5349-4C75-9E0E-5433D4BA24C9}.Debug|Any CPU.Build.0 = Debug|Any CPU
		{AC2802BD-5349-4C75-9E0E-5433D4BA24C9}.Release|Any CPU.ActiveCfg = Release|Any CPU
		{AC2802BD-5349-4C75-9E0E-5433D4BA24C9}.Release|Any CPU.Build.0 = Release|Any CPU
		{118C09DD-9407-4180-80AC-613530A7F515}.Debug|Any CPU.ActiveCfg = Debug|Any CPU
		{118C09DD-9407-4180-80AC-613530A7F515}.Debug|Any CPU.Build.0 = Debug|Any CPU
		{118C09DD-9407-4180-80AC-613530A7F515}.Release|Any CPU.ActiveCfg = Release|Any CPU
		{118C09DD-9407-4180-80AC-613530A7F515}.Release|Any CPU.Build.0 = Release|Any CPU
		{2589DC3D-6575-45BD-A5DA-1496D6A19518}.Debug|Any CPU.ActiveCfg = Debug|Any CPU
		{2589DC3D-6575-45BD-A5DA-1496D6A19518}.Debug|Any CPU.Build.0 = Debug|Any CPU
		{2589DC3D-6575-45BD-A5DA-1496D6A19518}.Release|Any CPU.ActiveCfg = Release|Any CPU
		{2589DC3D-6575-45BD-A5DA-1496D6A19518}.Release|Any CPU.Build.0 = Release|Any CPU
		{0E8E5786-225C-4DB4-A1EC-F002C8D1C9C9}.Debug|Any CPU.ActiveCfg = Debug|Any CPU
		{0E8E5786-225C-4DB4-A1EC-F002C8D1C9C9}.Debug|Any CPU.Build.0 = Debug|Any CPU
		{0E8E5786-225C-4DB4-A1EC-F002C8D1C9C9}.Release|Any CPU.ActiveCfg = Release|Any CPU
		{0E8E5786-225C-4DB4-A1EC-F002C8D1C9C9}.Release|Any CPU.Build.0 = Release|Any CPU
	EndGlobalSection
EndGlobal
