
Microsoft Visual Studio Solution File, Format Version 12.00
# Visual Studio Version 17
VisualStudioVersion = 17.0.31903.59
MinimumVisualStudioVersion = 10.0.40219.1
Project("{FAE04EC0-301F-11D3-BF4B-00C04F79EFBC}") = "A", "A\A.csproj", "{68C41980-4827-43CC-B61E-95CB1E5FE5D5}"
EndProject
Project("{FAE04EC0-301F-11D3-BF4B-00C04F79EFBC}") = "ATest", "ATest\ATest.csproj", "{9BE85A2B-F881-4AA5-B768-211DE5B08981}"
EndProject
Project("{FAE04EC0-301F-11D3-BF4B-00C04F79EFBC}") = "B", "B\B.csproj", "{065B2116-D78B-4636-8EEB-754646FD109B}"
EndProject
Project("{FAE04EC0-301F-11D3-BF4B-00C04F79EFBC}") = "BTest", "BTest\BTest.csproj", "{4D9BF150-4608-417D-925B-1D98DC3B37F8}"
EndProject
Project("{FAE04EC0-301F-11D3-BF4B-00C04F79EFBC}") = "C", "C\C.csproj", "{21C7070B-93CD-46CB-8216-8C593030EB74}"
EndProject
Project("{FAE04EC0-301F-11D3-BF4B-00C04F79EFBC}") = "CTest", "CTest\CTest.csproj", "{B3B3C623-66C6-407B-BCD5-FF48560E0CC8}"
EndProject
Project("{FAE04EC0-301F-11D3-BF4B-00C04F79EFBC}") = "D", "D\D.csproj", "{DCB37081-EFBC-4F30-9F5C-03AB6952B247}"
EndProject
Project("{FAE04EC0-301F-11D3-BF4B-00C04F79EFBC}") = "DTest", "DTest\DTest.csproj", "{D8E92501-693E-483D-9887-F44DB908BFD6}"
EndProject
Project("{FAE04EC0-301F-11D3-BF4B-00C04F79EFBC}") = "E", "E\E.csproj", "{4DE01B2E-2245-4838-A890-0A5E71DD1361}"
EndProject
Project("{FAE04EC0-301F-11D3-BF4B-00C04F79EFBC}") = "ETest", "ETest\ETest.csproj", "{99C5DC6D-889C-40B9-B262-58E71BD077D7}"
EndProject
Project("{FAE04EC0-301F-11D3-BF4B-00C04F79EFBC}") = "F", "F\F.csproj", "{987503F7-1797-48B3-8F27-064BD6483A95}"
EndProject
Project("{FAE04EC0-301F-11D3-BF4B-00C04F79EFBC}") = "FTest", "FTest\FTest.csproj", "{CCDA5CFC-6962-4AB0-AF7B-4E5BFC05215E}"
EndProject
Global
	GlobalSection(SolutionConfigurationPlatforms) = preSolution
		Debug|Any CPU = Debug|Any CPU
		Release|Any CPU = Release|Any CPU
	EndGlobalSection
	GlobalSection(SolutionProperties) = preSolution
		HideSolutionNode = FALSE
	EndGlobalSection
	GlobalSection(ProjectConfigurationPlatforms) = postSolution
		{68C41980-4827-43CC-B61E-95CB1E5FE5D5}.Debug|Any CPU.ActiveCfg = Debug|Any CPU
		{68C41980-4827-43CC-B61E-95CB1E5FE5D5}.Debug|Any CPU.Build.0 = Debug|Any CPU
		{68C41980-4827-43CC-B61E-95CB1E5FE5D5}.Release|Any CPU.ActiveCfg = Release|Any CPU
		{68C41980-4827-43CC-B61E-95CB1E5FE5D5}.Release|Any CPU.Build.0 = Release|Any CPU
		{9BE85A2B-F881-4AA5-B768-211DE5B08981}.Debug|Any CPU.ActiveCfg = Debug|Any CPU
		{9BE85A2B-F881-4AA5-B768-211DE5B08981}.Debug|Any CPU.Build.0 = Debug|Any CPU
		{9BE85A2B-F881-4AA5-B768-211DE5B08981}.Release|Any CPU.ActiveCfg = Release|Any CPU
		{9BE85A2B-F881-4AA5-B768-211DE5B08981}.Release|Any CPU.Build.0 = Release|Any CPU
		{065B2116-D78B-4636-8EEB-754646FD109B}.Debug|Any CPU.ActiveCfg = Debug|Any CPU
		{065B2116-D78B-4636-8EEB-754646FD109B}.Debug|Any CPU.Build.0 = Debug|Any CPU
		{065B2116-D78B-4636-8EEB-754646FD109B}.Release|Any CPU.ActiveCfg = Release|Any CPU
		{065B2116-D78B-4636-8EEB-754646FD109B}.Release|Any CPU.Build.0 = Release|Any CPU
		{4D9BF150-4608-417D-925B-1D98DC3B37F8}.Debug|Any CPU.ActiveCfg = Debug|Any CPU
		{4D9BF150-4608-417D-925B-1D98DC3B37F8}.Debug|Any CPU.Build.0 = Debug|Any CPU
		{4D9BF150-4608-417D-925B-1D98DC3B37F8}.Release|Any CPU.ActiveCfg = Release|Any CPU
		{4D9BF150-4608-417D-925B-1D98DC3B37F8}.Release|Any CPU.Build.0 = Release|Any CPU
		{21C7070B-93CD-46CB-8216-8C593030EB74}.Debug|Any CPU.ActiveCfg = Debug|Any CPU
		{21C7070B-93CD-46CB-8216-8C593030EB74}.Debug|Any CPU.Build.0 = Debug|Any CPU
		{21C7070B-93CD-46CB-8216-8C593030EB74}.Release|Any CPU.ActiveCfg = Release|Any CPU
		{21C7070B-93CD-46CB-8216-8C593030EB74}.Release|Any CPU.Build.0 = Release|Any CPU
		{B3B3C623-66C6-407B-BCD5-FF48560E0CC8}.Debug|Any CPU.ActiveCfg = Debug|Any CPU
		{B3B3C623-66C6-407B-BCD5-FF48560E0CC8}.Debug|Any CPU.Build.0 = Debug|Any CPU
		{B3B3C623-66C6-407B-BCD5-FF48560E0CC8}.Release|Any CPU.ActiveCfg = Release|Any CPU
		{B3B3C623-66C6-407B-BCD5-FF48560E0CC8}.Release|Any CPU.Build.0 = Release|Any CPU
		{DCB37081-EFBC-4F30-9F5C-03AB6952B247}.Debug|Any CPU.ActiveCfg = Debug|Any CPU
		{DCB37081-EFBC-4F30-9F5C-03AB6952B247}.Debug|Any CPU.Build.0 = Debug|Any CPU
		{DCB37081-EFBC-4F30-9F5C-03AB6952B247}.Release|Any CPU.ActiveCfg = Release|Any CPU
		{DCB37081-EFBC-4F30-9F5C-03AB6952B247}.Release|Any CPU.Build.0 = Release|Any CPU
		{D8E92501-693E-483D-9887-F44DB908BFD6}.Debug|Any CPU.ActiveCfg = Debug|Any CPU
		{D8E92501-693E-483D-9887-F44DB908BFD6}.Debug|Any CPU.Build.0 = Debug|Any CPU
		{D8E92501-693E-483D-9887-F44DB908BFD6}.Release|Any CPU.ActiveCfg = Release|Any CPU
		{D8E92501-693E-483D-9887-F44DB908BFD6}.Release|Any CPU.Build.0 = Release|Any CPU
		{4DE01B2E-2245-4838-A890-0A5E71DD1361}.Debug|Any CPU.ActiveCfg = Debug|Any CPU
		{4DE01B2E-2245-4838-A890-0A5E71DD1361}.Debug|Any CPU.Build.0 = Debug|Any CPU
		{4DE01B2E-2245-4838-A890-0A5E71DD1361}.Release|Any CPU.ActiveCfg = Release|Any CPU
		{4DE01B2E-2245-4838-A890-0A5E71DD1361}.Release|Any CPU.Build.0 = Release|Any CPU
		{99C5DC6D-889C-40B9-B262-58E71BD077D7}.Debug|Any CPU.ActiveCfg = Debug|Any CPU
		{99C5DC6D-889C-40B9-B262-58E71BD077D7}.Debug|Any CPU.Build.0 = Debug|Any CPU
		{99C5DC6D-889C-40B9-B262-58E71BD077D7}.Release|Any CPU.ActiveCfg = Release|Any CPU
		{99C5DC6D-889C-40B9-B262-58E71BD077D7}.Release|Any CPU.Build.0 = Release|Any CPU
		{987503F7-1797-48B3-8F27-064BD6483A95}.Debug|Any CPU.ActiveCfg = Debug|Any CPU
		{987503F7-1797-48B3-8F27-064BD6483A95}.Debug|Any CPU.Build.0 = Debug|Any CPU
		{987503F7-1797-48B3-8F27-064BD6483A95}.Release|Any CPU.ActiveCfg = Release|Any CPU
		{987503F7-1797-48B3-8F27-064BD6483A95}.Release|Any CPU.Build.0 = Release|Any CPU
		{CCDA5CFC-6962-4AB0-AF7B-4E5BFC05215E}.Debug|Any CPU.ActiveCfg = Debug|Any CPU
		{CCDA5CFC-6962-4AB0-AF7B-4E5BFC05215E}.Debug|Any CPU.Build.0 = Debug|Any CPU
		{CCDA5CFC-6962-4AB0-AF7B-4E5BFC05215E}.Release|Any CPU.ActiveCfg = Release|Any CPU
		{CCDA5CFC-6962-4AB0-AF7B-4E5BFC05215E}.Release|Any CPU.Build.0 = Release|Any CPU
	EndGlobalSection
EndGlobal
