
Microsoft Visual Studio Solution File, Format Version 12.00
# Visual Studio Version 17
VisualStudioVersion = 17.0.31903.59
MinimumVisualStudioVersion = 10.0.40219.1
Project("{FAE04EC0-301F-11D3-BF4B-00C04F79EFBC}") = "A", "A\A.csproj", "{E005A6EB-E5DF-4E4A-89A0-72FA9C20A487}"
EndProject
Project("{FAE04EC0-301F-11D3-BF4B-00C04F79EFBC}") = "ATest", "ATest\ATest.csproj", "{881CC3D7-50B7-4452-B6B0-BA5C4427AD90}"
EndProject
Project("{FAE04EC0-301F-11D3-BF4B-00C04F79EFBC}") = "B", "B\B.csproj", "{E2396A0A-35A8-4FE0-8D48-87C09F093123}"
EndProject
Project("{FAE04EC0-301F-11D3-BF4B-00C04F79EFBC}") = "BTest", "BTest\BTest.csproj", "{4385CD1E-B5CB-4308-98C3-7353263F25FD}"
EndProject
Project("{FAE04EC0-301F-11D3-BF4B-00C04F79EFBC}") = "C", "C\C.csproj", "{7D20B6E3-C51E-488E-8F04-786AF644F238}"
EndProject
Project("{FAE04EC0-301F-11D3-BF4B-00C04F79EFBC}") = "CTest", "CTest\CTest.csproj", "{E1E0B90F-C0BF-4789-9F06-3BF13B265C45}"
EndProject
Project("{FAE04EC0-301F-11D3-BF4B-00C04F79EFBC}") = "D", "D\D.csproj", "{DD1A4C2F-2AF2-42AE-8487-C5B6CE1C72A1}"
EndProject
Project("{FAE04EC0-301F-11D3-BF4B-00C04F79EFBC}") = "DTest", "DTest\DTest.csproj", "{CD62A882-B549-4A5F-8970-92A29B4A78EA}"
EndProject
Project("{FAE04EC0-301F-11D3-BF4B-00C04F79EFBC}") = "E", "E\E.csproj", "{ACFD2BC8-2528-430B-8A77-9A1D298085F3}"
EndProject
Project("{FAE04EC0-301F-11D3-BF4B-00C04F79EFBC}") = "ETest", "ETest\ETest.csproj", "{FE0DB881-075C-4D76-B7F8-14A9FEE7D989}"
EndProject
Project("{FAE04EC0-301F-11D3-BF4B-00C04F79EFBC}") = "F", "F\F.csproj", "{F1AF4519-3BF0-4662-8A8E-E2C109AA4F8D}"
EndProject
Project("{FAE04EC0-301F-11D3-BF4B-00C04F79EFBC}") = "FTest", "FTest\FTest.csproj", "{BCA24234-C915-41D1-BE6B-21F91DEEB239}"
EndProject
Global
	GlobalSection(SolutionConfigurationPlatforms) = preSolution
		Debug|Any CPU = Debug|Any CPU
		Release|Any CPU = Release|Any CPU
	EndGlobalSection
	GlobalSection(SolutionProperties) = preSolution
		HideSolutionNode = FALSE
	EndGlobalSection
	GlobalSection(ProjectConfigurationPlatforms) = postSolution
		{E005A6EB-E5DF-4E4A-89A0-72FA9C20A487}.Debug|Any CPU.ActiveCfg = Debug|Any CPU
		{E005A6EB-E5DF-4E4A-89A0-72FA9C20A487}.Debug|Any CPU.Build.0 = Debug|Any CPU
		{E005A6EB-E5DF-4E4A-89A0-72FA9C20A487}.Release|Any CPU.ActiveCfg = Release|Any CPU
		{E005A6EB-E5DF-4E4A-89A0-72FA9C20A487}.Release|Any CPU.Build.0 = Release|Any CPU
		{881CC3D7-50B7-4452-B6B0-BA5C4427AD90}.Debug|Any CPU.ActiveCfg = Debug|Any CPU
		{881CC3D7-50B7-4452-B6B0-BA5C4427AD90}.Debug|Any CPU.Build.0 = Debug|Any CPU
		{881CC3D7-50B7-4452-B6B0-BA5C4427AD90}.Release|Any CPU.ActiveCfg = Release|Any CPU
		{881CC3D7-50B7-4452-B6B0-BA5C4427AD90}.Release|Any CPU.Build.0 = Release|Any CPU
		{E2396A0A-35A8-4FE0-8D48-87C09F093123}.Debug|Any CPU.ActiveCfg = Debug|Any CPU
		{E2396A0A-35A8-4FE0-8D48-87C09F093123}.Debug|Any CPU.Build.0 = Debug|Any CPU
		{E2396A0A-35A8-4FE0-8D48-87C09F093123}.Release|Any CPU.ActiveCfg = Release|Any CPU
		{E2396A0A-35A8-4FE0-8D48-87C09F093123}.Release|Any CPU.Build.0 = Release|Any CPU
		{4385CD1E-B5CB-4308-98C3-7353263F25FD}.Debug|Any CPU.ActiveCfg = Debug|Any CPU
		{4385CD1E-B5CB-4308-98C3-7353263F25FD}.Debug|Any CPU.Build.0 = Debug|Any CPU
		{4385CD1E-B5CB-4308-98C3-7353263F25FD}.Release|Any CPU.ActiveCfg = Release|Any CPU
		{4385CD1E-B5CB-4308-98C3-7353263F25FD}.Release|Any CPU.Build.0 = Release|Any CPU
		{7D20B6E3-C51E-488E-8F04-786AF644F238}.Debug|Any CPU.ActiveCfg = Debug|Any CPU
		{7D20B6E3-C51E-488E-8F04-786AF644F238}.Debug|Any CPU.Build.0 = Debug|Any CPU
		{7D20B6E3-C51E-488E-8F04-786AF644F238}.Release|Any CPU.ActiveCfg = Release|Any CPU
		{7D20B6E3-C51E-488E-8F04-786AF644F238}.Release|Any CPU.Build.0 = Release|Any CPU
		{E1E0B90F-C0BF-4789-9F06-3BF13B265C45}.Debug|Any CPU.ActiveCfg = Debug|Any CPU
		{E1E0B90F-C0BF-4789-9F06-3BF13B265C45}.Debug|Any CPU.Build.0 = Debug|Any CPU
		{E1E0B90F-C0BF-4789-9F06-3BF13B265C45}.Release|Any CPU.ActiveCfg = Release|Any CPU
		{E1E0B90F-C0BF-4789-9F06-3BF13B265C45}.Release|Any CPU.Build.0 = Release|Any CPU
		{DD1A4C2F-2AF2-42AE-8487-C5B6CE1C72A1}.Debug|Any CPU.ActiveCfg = Debug|Any CPU
		{DD1A4C2F-2AF2-42AE-8487-C5B6CE1C72A1}.Debug|Any CPU.Build.0 = Debug|Any CPU
		{DD1A4C2F-2AF2-42AE-8487-C5B6CE1C72A1}.Release|Any CPU.ActiveCfg = Release|Any CPU
		{DD1A4C2F-2AF2-42AE-8487-C5B6CE1C72A1}.Release|Any CPU.Build.0 = Release|Any CPU
		{CD62A882-B549-4A5F-8970-92A29B4A78EA}.Debug|Any CPU.ActiveCfg = Debug|Any CPU
		{CD62A882-B549-4A5F-8970-92A29B4A78EA}.Debug|Any CPU.Build.0 = Debug|Any CPU
		{CD62A882-B549-4A5F-8970-92A29B4A78EA}.Release|Any CPU.ActiveCfg = Release|Any CPU
		{CD62A882-B549-4A5F-8970-92A29B4A78EA}.Release|Any CPU.Build.0 = Release|Any CPU
		{ACFD2BC8-2528-430B-8A77-9A1D298085F3}.Debug|Any CPU.ActiveCfg = Debug|Any CPU
		{ACFD2BC8-2528-430B-8A77-9A1D298085F3}.Debug|Any CPU.Build.0 = Debug|Any CPU
		{ACFD2BC8-2528-430B-8A77-9A1D298085F3}.Release|Any CPU.ActiveCfg = Release|Any CPU
		{ACFD2BC8-2528-430B-8A77-9A1D298085F3}.Release|Any CPU.Build.0 = Release|Any CPU
		{FE0DB881-075C-4D76-B7F8-14A9FEE7D989}.Debug|Any CPU.ActiveCfg = Debug|Any CPU
		{FE0DB881-075C-4D76-B7F8-14A9FEE7D989}.Debug|Any CPU.Build.0 = Debug|Any CPU
		{FE0DB881-075C-4D76-B7F8-14A9FEE7D989}.Release|Any CPU.ActiveCfg = Release|Any CPU
		{FE0DB881-075C-4D76-B7F8-14A9FEE7D989}.Release|Any CPU.Build.0 = Release|Any CPU
		{F1AF4519-3BF0-4662-8A8E-E2C109AA4F8D}.Debug|Any CPU.ActiveCfg = Debug|Any CPU
		{F1AF4519-3BF0-4662-8A8E-E2C109AA4F8D}.Debug|Any CPU.Build.0 = Debug|Any CPU
		{F1AF4519-3BF0-4662-8A8E-E2C109AA4F8D}.Release|Any CPU.ActiveCfg = Release|Any CPU
		{F1AF4519-3BF0-4662-8A8E-E2C109AA4F8D}.Release|Any CPU.Build.0 = Release|Any CPU
		{BCA24234-C915-41D1-BE6B-21F91DEEB239}.Debug|Any CPU.ActiveCfg = Debug|Any CPU
		{BCA24234-C915-41D1-BE6B-21F91DEEB239}.Debug|Any CPU.Build.0 = Debug|Any CPU
		{BCA24234-C915-41D1-BE6B-21F91DEEB239}.Release|Any CPU.ActiveCfg = Release|Any CPU
		{BCA24234-C915-41D1-BE6B-21F91DEEB239}.Release|Any CPU.Build.0 = Release|Any CPU
	EndGlobalSection
EndGlobal
