
Microsoft Visual Studio Solution File, Format Version 12.00
# Visual Studio Version 17
VisualStudioVersion = 17.0.31903.59
MinimumVisualStudioVersion = 10.0.40219.1
Project("{FAE04EC0-301F-11D3-BF4B-00C04F79EFBC}") = "A", "A\A.csproj", "{2F5A43C4-74AA-4815-87BA-2B3765AE3840}"
EndProject
Project("{FAE04EC0-301F-11D3-BF4B-00C04F79EFBC}") = "ATest", "ATest\ATest.csproj", "{9E12BFD6-B828-4810-A246-CABF81576BE9}"
EndProject
Project("{FAE04EC0-301F-11D3-BF4B-00C04F79EFBC}") = "B", "B\B.csproj", "{212C0D2A-F5A7-4983-BE29-D387DA5DCAB7}"
EndProject
Project("{FAE04EC0-301F-11D3-BF4B-00C04F79EFBC}") = "BTest", "BTest\BTest.csproj", "{CD02D3FA-BA7E-4B39-A126-722449AB0CC5}"
EndProject
Project("{FAE04EC0-301F-11D3-BF4B-00C04F79EFBC}") = "C", "C\C.csproj", "{6C18DF93-BDD7-4973-82BE-6D98220C828A}"
EndProject
Project("{FAE04EC0-301F-11D3-BF4B-00C04F79EFBC}") = "CTest", "CTest\CTest.csproj", "{34E04754-2CEF-4A0E-A335-A7C9821AB464}"
EndProject
Project("{FAE04EC0-301F-11D3-BF4B-00C04F79EFBC}") = "D", "D\D.csproj", "{A86E234C-5B1C-4227-9F0D-4028B5F8D7D0}"
EndProject
Project("{FAE04EC0-301F-11D3-BF4B-00C04F79EFBC}") = "DTest", "DTest\DTest.csproj", "{90A8A426-D130-4895-BD90-2B13BAB249D6}"
EndProject
Project("{FAE04EC0-301F-11D3-BF4B-00C04F79EFBC}") = "E", "E\E.csproj", "{2C4E248C-D8FF-4079-9F0B-846ECFBFD1B5}"
EndProject
Project("{FAE04EC0-301F-11D3-BF4B-00C04F79EFBC}") = "ETest", "ETest\ETest.csproj", "{B5800434-6EF8-4B4F-A6CE-A380F1BB088D}"
EndProject
Project("{FAE04EC0-301F-11D3-BF4B-00C04F79EFBC}") = "F", "F\F.csproj", "{55BDB6EB-040B-47A0-9656-401A910378B0}"
EndProject
Project("{FAE04EC0-301F-11D3-BF4B-00C04F79EFBC}") = "FTest", "FTest\FTest.csproj", "{628AE13D-E9D8-41E8-AE58-93795C369EF6}"
EndProject
Global
	GlobalSection(SolutionConfigurationPlatforms) = preSolution
		Debug|Any CPU = Debug|Any CPU
		Release|Any CPU = Release|Any CPU
	EndGlobalSection
	GlobalSection(SolutionProperties) = preSolution
		HideSolutionNode = FALSE
	EndGlobalSection
	GlobalSection(ProjectConfigurationPlatforms) = postSolution
		{2F5A43C4-74AA-4815-87BA-2B3765AE3840}.Debug|Any CPU.ActiveCfg = Debug|Any CPU
		{2F5A43C4-74AA-4815-87BA-2B3765AE3840}.Debug|Any CPU.Build.0 = Debug|Any CPU
		{2F5A43C4-74AA-4815-87BA-2B3765AE3840}.Release|Any CPU.ActiveCfg = Release|Any CPU
		{2F5A43C4-74AA-4815-87BA-2B3765AE3840}.Release|Any CPU.Build.0 = Release|Any CPU
		{9E12BFD6-B828-4810-A246-CABF81576BE9}.Debug|Any CPU.ActiveCfg = Debug|Any CPU
		{9E12BFD6-B828-4810-A246-CABF81576BE9}.Debug|Any CPU.Build.0 = Debug|Any CPU
		{9E12BFD6-B828-4810-A246-CABF81576BE9}.Release|Any CPU.ActiveCfg = Release|Any CPU
		{9E12BFD6-B828-4810-A246-CABF81576BE9}.Release|Any CPU.Build.0 = Release|Any CPU
		{212C0D2A-F5A7-4983-BE29-D387DA5DCAB7}.Debug|Any CPU.ActiveCfg = Debug|Any CPU
		{212C0D2A-F5A7-4983-BE29-D387DA5DCAB7}.Debug|Any CPU.Build.0 = Debug|Any CPU
		{212C0D2A-F5A7-4983-BE29-D387DA5DCAB7}.Release|Any CPU.ActiveCfg = Release|Any CPU
		{212C0D2A-F5A7-4983-BE29-D387DA5DCAB7}.Release|Any CPU.Build.0 = Release|Any CPU
		{CD02D3FA-BA7E-4B39-A126-722449AB0CC5}.Debug|Any CPU.ActiveCfg = Debug|Any CPU
		{CD02D3FA-BA7E-4B39-A126-722449AB0CC5}.Debug|Any CPU.Build.0 = Debug|Any CPU
		{CD02D3FA-BA7E-4B39-A126-722449AB0CC5}.Release|Any CPU.ActiveCfg = Release|Any CPU
		{CD02D3FA-BA7E-4B39-A126-722449AB0CC5}.Release|Any CPU.Build.0 = Release|Any CPU
		{6C18DF93-BDD7-4973-82BE-6D98220C828A}.Debug|Any CPU.ActiveCfg = Debug|Any CPU
		{6C18DF93-BDD7-4973-82BE-6D98220C828A}.Debug|Any CPU.Build.0 = Debug|Any CPU
		{6C18DF93-BDD7-4973-82BE-6D98220C828A}.Release|Any CPU.ActiveCfg = Release|Any CPU
		{6C18DF93-BDD7-4973-82BE-6D98220C828A}.Release|Any CPU.Build.0 = Release|Any CPU
		{34E04754-2CEF-4A0E-A335-A7C9821AB464}.Debug|Any CPU.ActiveCfg = Debug|Any CPU
		{34E04754-2CEF-4A0E-A335-A7C9821AB464}.Debug|Any CPU.Build.0 = Debug|Any CPU
		{34E04754-2CEF-4A0E-A335-A7C9821AB464}.Release|Any CPU.ActiveCfg = Release|Any CPU
		{34E04754-2CEF-4A0E-A335-A7C9821AB464}.Release|Any CPU.Build.0 = Release|Any CPU
		{A86E234C-5B1C-4227-9F0D-4028B5F8D7D0}.Debug|Any CPU.ActiveCfg = Debug|Any CPU
		{A86E234C-5B1C-4227-9F0D-4028B5F8D7D0}.Debug|Any CPU.Build.0 = Debug|Any CPU
		{A86E234C-5B1C-4227-9F0D-4028B5F8D7D0}.Release|Any CPU.ActiveCfg = Release|Any CPU
		{A86E234C-5B1C-4227-9F0D-4028B5F8D7D0}.Release|Any CPU.Build.0 = Release|Any CPU
		{90A8A426-D130-4895-BD90-2B13BAB249D6}.Debug|Any CPU.ActiveCfg = Debug|Any CPU
		{90A8A426-D130-4895-BD90-2B13BAB249D6}.Debug|Any CPU.Build.0 = Debug|Any CPU
		{90A8A426-D130-4895-BD90-2B13BAB249D6}.Release|Any CPU.ActiveCfg = Release|Any CPU
		{90A8A426-D130-4895-BD90-2B13BAB249D6}.Release|Any CPU.Build.0 = Release|Any CPU
		{2C4E248C-D8FF-4079-9F0B-846ECFBFD1B5}.Debug|Any CPU.ActiveCfg = Debug|Any CPU
		{2C4E248C-D8FF-4079-9F0B-846ECFBFD1B5}.Debug|Any CPU.Build.0 = Debug|Any CPU
		{2C4E248C-D8FF-4079-9F0B-846ECFBFD1B5}.Release|Any CPU.ActiveCfg = Release|Any CPU
		{2C4E248C-D8FF-4079-9F0B-846ECFBFD1B5}.Release|Any CPU.Build.0 = Release|Any CPU
		{B5800434-6EF8-4B4F-A6CE-A380F1BB088D}.Debug|Any CPU.ActiveCfg = Debug|Any CPU
		{B5800434-6EF8-4B4F-A6CE-A380F1BB088D}.Debug|Any CPU.Build.0 = Debug|Any CPU
		{B5800434-6EF8-4B4F-A6CE-A380F1BB088D}.Release|Any CPU.ActiveCfg = Release|Any CPU
		{B5800434-6EF8-4B4F-A6CE-A380F1BB088D}.Release|Any CPU.Build.0 = Release|Any CPU
		{55BDB6EB-040B-47A0-9656-401A910378B0}.Debug|Any CPU.ActiveCfg = Debug|Any CPU
		{55BDB6EB-040B-47A0-9656-401A910378B0}.Debug|Any CPU.Build.0 = Debug|Any CPU
		{55BDB6EB-040B-47A0-9656-401A910378B0}.Release|Any CPU.ActiveCfg = Release|Any CPU
		{55BDB6EB-040B-47A0-9656-401A910378B0}.Release|Any CPU.Build.0 = Release|Any CPU
		{628AE13D-E9D8-41E8-AE58-93795C369EF6}.Debug|Any CPU.ActiveCfg = Debug|Any CPU
		{628AE13D-E9D8-41E8-AE58-93795C369EF6}.Debug|Any CPU.Build.0 = Debug|Any CPU
		{628AE13D-E9D8-41E8-AE58-93795C369EF6}.Release|Any CPU.ActiveCfg = Release|Any CPU
		{628AE13D-E9D8-41E8-AE58-93795C369EF6}.Release|Any CPU.Build.0 = Release|Any CPU
	EndGlobalSection
EndGlobal
