
Microsoft Visual Studio Solution File, Format Version 12.00
# Visual Studio Version 17
VisualStudioVersion = 17.0.31903.59
MinimumVisualStudioVersion = 10.0.40219.1
Project("{FAE04EC0-301F-11D3-BF4B-00C04F79EFBC}") = "A", "A\A.csproj", "{D5673754-7531-4189-9A1A-B2904C9495DF}"
EndProject
Project("{FAE04EC0-301F-11D3-BF4B-00C04F79EFBC}") = "ATest", "ATest\ATest.csproj", "{FCF11F41-89BD-4795-A2C2-7C1CFC394FC9}"
EndProject
Project("{FAE04EC0-301F-11D3-BF4B-00C04F79EFBC}") = "B", "B\B.csproj", "{0F6B806B-FE07-4431-A2BA-155DBB9013C2}"
EndProject
Project("{FAE04EC0-301F-11D3-BF4B-00C04F79EFBC}") = "BTest", "BTest\BTest.csproj", "{DDAE2831-3D97-4D0A-8F2F-ECEF45C9341A}"
EndProject
Project("{FAE04EC0-301F-11D3-BF4B-00C04F79EFBC}") = "C", "C\C.csproj", "{3F455BBE-042D-4DFE-AA6A-E12842ACA304}"
EndProject
Project("{FAE04EC0-301F-11D3-BF4B-00C04F79EFBC}") = "CTest", "CTest\CTest.csproj", "{4F885835-E9C7-43CE-B09B-A2B5AC8F39BA}"
EndProject
Project("{FAE04EC0-301F-11D3-BF4B-00C04F79EFBC}") = "D", "D\D.csproj", "{0E66442D-67C3-4764-9028-3E7ABA8383E3}"
EndProject
Project("{FAE04EC0-301F-11D3-BF4B-00C04F79EFBC}") = "DTest", "DTest\DTest.csproj", "{12085A49-16D6-48BB-ABF9-03E96330DBBB}"
EndProject
Project("{FAE04EC0-301F-11D3-BF4B-00C04F79EFBC}") = "E", "E\E.csproj", "{05C9BD0D-A5C2-4062-8D02-B7644BA1DF36}"
EndProject
Project("{FAE04EC0-301F-11D3-BF4B-00C04F79EFBC}") = "ETest", "ETest\ETest.csproj", "{8850F962-9256-4344-9F9C-C75E3AF229C1}"
EndProject
Project("{FAE04EC0-301F-11D3-BF4B-00C04F79EFBC}") = "F", "F\F.csproj", "{2E6CAFC1-B41D-4ED4-983C-9A9B82F150BF}"
EndProject
Project("{FAE04EC0-301F-11D3-BF4B-00C04F79EFBC}") = "FTest", "FTest\FTest.csproj", "{43E49050-CBFC-4032-8413-21151145678A}"
EndProject
Global
	GlobalSection(SolutionConfigurationPlatforms) = preSolution
		Debug|Any CPU = Debug|Any CPU
		Release|Any CPU = Release|Any CPU
	EndGlobalSection
	GlobalSection(SolutionProperties) = preSolution
		HideSolutionNode = FALSE
	EndGlobalSection
	GlobalSection(ProjectConfigurationPlatforms) = postSolution
		{D5673754-7531-4189-9A1A-B2904C9495DF}.Debug|Any CPU.ActiveCfg = Debug|Any CPU
		{D5673754-7531-4189-9A1A-B2904C9495DF}.Debug|Any CPU.Build.0 = Debug|Any CPU
		{D5673754-7531-4189-9A1A-B2904C9495DF}.Release|Any CPU.ActiveCfg = Release|Any CPU
		{D5673754-7531-4189-9A1A-B2904C9495DF}.Release|Any CPU.Build.0 = Release|Any CPU
		{FCF11F41-89BD-4795-A2C2-7C1CFC394FC9}.Debug|Any CPU.ActiveCfg = Debug|Any CPU
		{FCF11F41-89BD-4795-A2C2-7C1CFC394FC9}.Debug|Any CPU.Build.0 = Debug|Any CPU
		{FCF11F41-89BD-4795-A2C2-7C1CFC394FC9}.Release|Any CPU.ActiveCfg = Release|Any CPU
		{FCF11F41-89BD-4795-A2C2-7C1CFC394FC9}.Release|Any CPU.Build.0 = Release|Any CPU
		{0F6B806B-FE07-4431-A2BA-155DBB9013C2}.Debug|Any CPU.ActiveCfg = Debug|Any CPU
		{0F6B806B-FE07-4431-A2BA-155DBB9013C2}.Debug|Any CPU.Build.0 = Debug|Any CPU
		{0F6B806B-FE07-4431-A2BA-155DBB9013C2}.Release|Any CPU.ActiveCfg = Release|Any CPU
		{0F6B806B-FE07-4431-A2BA-155DBB9013C2}.Release|Any CPU.Build.0 = Release|Any CPU
		{DDAE2831-3D97-4D0A-8F2F-ECEF45C9341A}.Debug|Any CPU.ActiveCfg = Debug|Any CPU
		{DDAE2831-3D97-4D0A-8F2F-ECEF45C9341A}.Debug|Any CPU.Build.0 = Debug|Any CPU
		{DDAE2831-3D97-4D0A-8F2F-ECEF45C9341A}.Release|Any CPU.ActiveCfg = Release|Any CPU
		{DDAE2831-3D97-4D0A-8F2F-ECEF45C9341A}.Release|Any CPU.Build.0 = Release|Any CPU
		{3F455BBE-042D-4DFE-AA6A-E12842ACA304}.Debug|Any CPU.ActiveCfg = Debug|Any CPU
		{3F455BBE-042D-4DFE-AA6A-E12842ACA304}.Debug|Any CPU.Build.0 = Debug|Any CPU
		{3F455BBE-042D-4DFE-AA6A-E12842ACA304}.Release|Any CPU.ActiveCfg = Release|Any CPU
		{3F455BBE-042D-4DFE-AA6A-E12842ACA304}.Release|Any CPU.Build.0 = Release|Any CPU
		{4F885835-E9C7-43CE-B09B-A2B5AC8F39BA}.Debug|Any CPU.ActiveCfg = Debug|Any CPU
		{4F885835-E9C7-43CE-B09B-A2B5AC8F39BA}.Debug|Any CPU.Build.0 = Debug|Any CPU
		{4F885835-E9C7-43CE-B09B-A2B5AC8F39BA}.Release|Any CPU.ActiveCfg = Release|Any CPU
		{4F885835-E9C7-43CE-B09B-A2B5AC8F39BA}.Release|Any CPU.Build.0 = Release|Any CPU
		{0E66442D-67C3-4764-9028-3E7ABA8383E3}.Debug|Any CPU.ActiveCfg = Debug|Any CPU
		{0E66442D-67C3-4764-9028-3E7ABA8383E3}.Debug|Any CPU.Build.0 = Debug|Any CPU
		{0E66442D-67C3-4764-9028-3E7ABA8383E3}.Release|Any CPU.ActiveCfg = Release|Any CPU
		{0E66442D-67C3-4764-9028-3E7ABA8383E3}.Release|Any CPU.Build.0 = Release|Any CPU
		{12085A49-16D6-48BB-ABF9-03E96330DBBB}.Debug|Any CPU.ActiveCfg = Debug|Any CPU
		{12085A49-16D6-48BB-ABF9-03E96330DBBB}.Debug|Any CPU.Build.0 = Debug|Any CPU
		{12085A49-16D6-48BB-ABF9-03E96330DBBB}.Release|Any CPU.ActiveCfg = Release|Any CPU
		{12085A49-16D6-48BB-ABF9-03E96330DBBB}.Release|Any CPU.Build.0 = Release|Any CPU
		{05C9BD0D-A5C2-4062-8D02-B7644BA1DF36}.Debug|Any CPU.ActiveCfg = Debug|Any CPU
		{05C9BD0D-A5C2-4062-8D02-B7644BA1DF36}.Debug|Any CPU.Build.0 = Debug|Any CPU
		{05C9BD0D-A5C2-4062-8D02-B7644BA1DF36}.Release|Any CPU.ActiveCfg = Release|Any CPU
		{05C9BD0D-A5C2-4062-8D02-B7644BA1DF36}.Release|Any CPU.Build.0 = Release|Any CPU
		{8850F962-9256-4344-9F9C-C75E3AF229C1}.Debug|Any CPU.ActiveCfg = Debug|Any CPU
		{8850F962-9256-4344-9F9C-C75E3AF229C1}.Debug|Any CPU.Build.0 = Debug|Any CPU
		{8850F962-9256-4344-9F9C-C75E3AF229C1}.Release|Any CPU.ActiveCfg = Release|Any CPU
		{8850F962-9256-4344-9F9C-C75E3AF229C1}.Release|Any CPU.Build.0 = Release|Any CPU
		{2E6CAFC1-B41D-4ED4-983C-9A9B82F150BF}.Debug|Any CPU.ActiveCfg = Debug|Any CPU
		{2E6CAFC1-B41D-4ED4-983C-9A9B82F150BF}.Debug|Any CPU.Build.0 = Debug|Any CPU
		{2E6CAFC1-B41D-4ED4-983C-9A9B82F150BF}.Release|Any CPU.ActiveCfg = Release|Any CPU
		{2E6CAFC1-B41D-4ED4-983C-9A9B82F150BF}.Release|Any CPU.Build.0 = Release|Any CPU
		{43E49050-CBFC-4032-8413-21151145678A}.Debug|Any CPU.ActiveCfg = Debug|Any CPU
		{43E49050-CBFC-4032-8413-21151145678A}.Debug|Any CPU.Build.0 = Debug|Any CPU
		{43E49050-CBFC-4032-8413-21151145678A}.Release|Any CPU.ActiveCfg = Release|Any CPU
		{43E49050-CBFC-4032-8413-21151145678A}.Release|Any CPU.Build.0 = Release|Any CPU
	EndGlobalSection
EndGlobal
