
Microsoft Visual Studio Solution File, Format Version 12.00
# Visual Studio Version 17
VisualStudioVersion = 17.0.31903.59
MinimumVisualStudioVersion = 10.0.40219.1
Project("{FAE04EC0-301F-11D3-BF4B-00C04F79EFBC}") = "A", "A\A.csproj", "{FB2147D1-49AF-425A-9B4A-3C7EF69F49CF}"
EndProject
Project("{FAE04EC0-301F-11D3-BF4B-00C04F79EFBC}") = "ATest", "ATest\ATest.csproj", "{6ECBC4D0-A713-4DAC-9802-57DC4FAE60FB}"
EndProject
Project("{FAE04EC0-301F-11D3-BF4B-00C04F79EFBC}") = "B", "B\B.csproj", "{BEEFC4A5-D844-49F5-B513-E226E0E647F2}"
EndProject
Project("{FAE04EC0-301F-11D3-BF4B-00C04F79EFBC}") = "BTest", "BTest\BTest.csproj", "{D0EBCFAD-A9B4-4139-AC5C-6B571410B604}"
EndProject
Project("{FAE04EC0-301F-11D3-BF4B-00C04F79EFBC}") = "C", "C\C.csproj", "{95BCBEFF-B151-4A41-A30E-21ECBB69C466}"
EndProject
Project("{FAE04EC0-301F-11D3-BF4B-00C04F79EFBC}") = "CTest", "CTest\CTest.csproj", "{ACF92278-BAC6-40B9-AC96-CA86432C16E9}"
EndProject
Project("{FAE04EC0-301F-11D3-BF4B-00C04F79EFBC}") = "D", "D\D.csproj", "{12C922E2-AB3D-4723-B7ED-D7F4526F0030}"
EndProject
Project("{FAE04EC0-301F-11D3-BF4B-00C04F79EFBC}") = "DTest", "DTest\DTest.csproj", "{FD8120ED-27E9-4CC3-AAE5-3FEE1BC4AC81}"
EndProject
Project("{FAE04EC0-301F-11D3-BF4B-00C04F79EFBC}") = "E", "E\E.csproj", "{EACD78AD-2260-4DA5-8767-AF340E9CEFBC}"
EndProject
Project("{FAE04EC0-301F-11D3-BF4B-00C04F79EFBC}") = "ETest", "ETest\ETest.csproj", "{7B1ABD9E-B147-46CA-A77A-F9A74E8E8349}"
EndProject
Project("{FAE04EC0-301F-11D3-BF4B-00C04F79EFBC}") = "F", "F\F.csproj", "{78E7D039-295F-47D2-91D5-7A5314C77D6B}"
EndProject
Project("{FAE04EC0-301F-11D3-BF4B-00C04F79EFBC}") = "FTest", "FTest\FTest.csproj", "{BD294035-58DF-4550-BF2A-612D2BFDEA3F}"
EndProject
Global
	GlobalSection(SolutionConfigurationPlatforms) = preSolution
		Debug|Any CPU = Debug|Any CPU
		Release|Any CPU = Release|Any CPU
	EndGlobalSection
	GlobalSection(SolutionProperties) = preSolution
		HideSolutionNode = FALSE
	EndGlobalSection
	GlobalSection(ProjectConfigurationPlatforms) = postSolution
		{FB2147D1-49AF-425A-9B4A-3C7EF69F49CF}.Debug|Any CPU.ActiveCfg = Debug|Any CPU
		{FB2147D1-49AF-425A-9B4A-3C7EF69F49CF}.Debug|Any CPU.Build.0 = Debug|Any CPU
		{FB2147D1-49AF-425A-9B4A-3C7EF69F49CF}.Release|Any CPU.ActiveCfg = Release|Any CPU
		{FB2147D1-49AF-425A-9B4A-3C7EF69F49CF}.Release|Any CPU.Build.0 = Release|Any CPU
		{6ECBC4D0-A713-4DAC-9802-57DC4FAE60FB}.Debug|Any CPU.ActiveCfg = Debug|Any CPU
		{6ECBC4D0-A713-4DAC-9802-57DC4FAE60FB}.Debug|Any CPU.Build.0 = Debug|Any CPU
		{6ECBC4D0-A713-4DAC-9802-57DC4FAE60FB}.Release|Any CPU.ActiveCfg = Release|Any CPU
		{6ECBC4D0-A713-4DAC-9802-57DC4FAE60FB}.Release|Any CPU.Build.0 = Release|Any CPU
		{BEEFC4A5-D844-49F5-B513-E226E0E647F2}.Debug|Any CPU.ActiveCfg = Debug|Any CPU
		{BEEFC4A5-D844-49F5-B513-E226E0E647F2}.Debug|Any CPU.Build.0 = Debug|Any CPU
		{BEEFC4A5-D844-49F5-B513-E226E0E647F2}.Release|Any CPU.ActiveCfg = Release|Any CPU
		{BEEFC4A5-D844-49F5-B513-E226E0E647F2}.Release|Any CPU.Build.0 = Release|Any CPU
		{D0EBCFAD-A9B4-4139-AC5C-6B571410B604}.Debug|Any CPU.ActiveCfg = Debug|Any CPU
		{D0EBCFAD-A9B4-4139-AC5C-6B571410B604}.Debug|Any CPU.Build.0 = Debug|Any CPU
		{D0EBCFAD-A9B4-4139-AC5C-6B571410B604}.Release|Any CPU.ActiveCfg = Release|Any CPU
		{D0EBCFAD-A9B4-4139-AC5C-6B571410B604}.Release|Any CPU.Build.0 = Release|Any CPU
		{95BCBEFF-B151-4A41-A30E-21ECBB69C466}.Debug|Any CPU.ActiveCfg = Debug|Any CPU
		{95BCBEFF-B151-4A41-A30E-21ECBB69C466}.Debug|Any CPU.Build.0 = Debug|Any CPU
		{95BCBEFF-B151-4A41-A30E-21ECBB69C466}.Release|Any CPU.ActiveCfg = Release|Any CPU
		{95BCBEFF-B151-4A41-A30E-21ECBB69C466}.Release|Any CPU.Build.0 = Release|Any CPU
		{ACF92278-BAC6-40B9-AC96-CA86432C16E9}.Debug|Any CPU.ActiveCfg = Debug|Any CPU
		{ACF92278-BAC6-40B9-AC96-CA86432C16E9}.Debug|Any CPU.Build.0 = Debug|Any CPU
		{ACF92278-BAC6-40B9-AC96-CA86432C16E9}.Release|Any CPU.ActiveCfg = Release|Any CPU
		{ACF92278-BAC6-40B9-AC96-CA86432C16E9}.Release|Any CPU.Build.0 = Release|Any CPU
		{12C922E2-AB3D-4723-B7ED-D7F4526F0030}.Debug|Any CPU.ActiveCfg = Debug|Any CPU
		{12C922E2-AB3D-4723-B7ED-D7F4526F0030}.Debug|Any CPU.Build.0 = Debug|Any CPU
		{12C922E2-AB3D-4723-B7ED-D7F4526F0030}.Release|Any CPU.ActiveCfg = Release|Any CPU
		{12C922E2-AB3D-4723-B7ED-D7F4526F0030}.Release|Any CPU.Build.0 = Release|Any CPU
		{FD8120ED-27E9-4CC3-AAE5-3FEE1BC4AC81}.Debug|Any CPU.ActiveCfg = Debug|Any CPU
		{FD8120ED-27E9-4CC3-AAE5-3FEE1BC4AC81}.Debug|Any CPU.Build.0 = Debug|Any CPU
		{FD8120ED-27E9-4CC3-AAE5-3FEE1BC4AC81}.Release|Any CPU.ActiveCfg = Release|Any CPU
		{FD8120ED-27E9-4CC3-AAE5-3FEE1BC4AC81}.Release|Any CPU.Build.0 = Release|Any CPU
		{EACD78AD-2260-4DA5-8767-AF340E9CEFBC}.Debug|Any CPU.ActiveCfg = Debug|Any CPU
		{EACD78AD-2260-4DA5-8767-AF340E9CEFBC}.Debug|Any CPU.Build.0 = Debug|Any CPU
		{EACD78AD-2260-4DA5-8767-AF340E9CEFBC}.Release|Any CPU.ActiveCfg = Release|Any CPU
		{EACD78AD-2260-4DA5-8767-AF340E9CEFBC}.Release|Any CPU.Build.0 = Release|Any CPU
		{7B1ABD9E-B147-46CA-A77A-F9A74E8E8349}.Debug|Any CPU.ActiveCfg = Debug|Any CPU
		{7B1ABD9E-B147-46CA-A77A-F9A74E8E8349}.Debug|Any CPU.Build.0 = Debug|Any CPU
		{7B1ABD9E-B147-46CA-A77A-F9A74E8E8349}.Release|Any CPU.ActiveCfg = Release|Any CPU
		{7B1ABD9E-B147-46CA-A77A-F9A74E8E8349}.Release|Any CPU.Build.0 = Release|Any CPU
		{78E7D039-295F-47D2-91D5-7A5314C77D6B}.Debug|Any CPU.ActiveCfg = Debug|Any CPU
		{78E7D039-295F-47D2-91D5-7A5314C77D6B}.Debug|Any CPU.Build.0 = Debug|Any CPU
		{78E7D039-295F-47D2-91D5-7A5314C77D6B}.Release|Any CPU.ActiveCfg = Release|Any CPU
		{78E7D039-295F-47D2-91D5-7A5314C77D6B}.Release|Any CPU.Build.0 = Release|Any CPU
		{BD294035-58DF-4550-BF2A-612D2BFDEA3F}.Debug|Any CPU.ActiveCfg = Debug|Any CPU
		{BD294035-58DF-4550-BF2A-612D2BFDEA3F}.Debug|Any CPU.Build.0 = Debug|Any CPU
		{BD294035-58DF-4550-BF2A-612D2BFDEA3F}.Release|Any CPU.ActiveCfg = Release|Any CPU
		{BD294035-58DF-4550-BF2A-612D2BFDEA3F}.Release|Any CPU.Build.0 = Release|Any CPU
	EndGlobalSection
EndGlobal
