
Microsoft Visual Studio Solution File, Format Version 12.00
# Visual Studio 15
VisualStudioVersion = 15.0.26124.0
MinimumVisualStudioVersion = 15.0.26124.0
Project("{FAE04EC0-301F-11D3-BF4B-00C04F79EFBC}") = "A", "A\A.csproj", "{C5E6C68E-CB9D-46AC-9958-92DE2177B9FE}"
EndProject
Project("{FAE04EC0-301F-11D3-BF4B-00C04F79EFBC}") = "ATest", "ATest\ATest.csproj", "{CD3380ED-E278-40E2-8AA9-1423F3901C98}"
EndProject
Project("{FAE04EC0-301F-11D3-BF4B-00C04F79EFBC}") = "B", "B\B.csproj", "{193F05F4-756F-4D6A-89A0-7B78AED3EB98}"
EndProject
Project("{FAE04EC0-301F-11D3-BF4B-00C04F79EFBC}") = "BTest", "BTest\BTest.csproj", "{11306156-ABAA-4FFD-9DFE-4B5353680131}"
EndProject
Project("{FAE04EC0-301F-11D3-BF4B-00C04F79EFBC}") = "C", "C\C.csproj", "{112D7DA9-0E10-41AB-9CAB-43BC29072951}"
EndProject
Project("{FAE04EC0-301F-11D3-BF4B-00C04F79EFBC}") = "CTest", "CTest\CTest.csproj", "{A1107E51-928F-48CB-AA85-316E6A293DC2}"
EndProject
Project("{FAE04EC0-301F-11D3-BF4B-00C04F79EFBC}") = "D", "D\D.csproj", "{31819947-525D-46AB-AE96-010AA9881C82}"
EndProject
Project("{FAE04EC0-301F-11D3-BF4B-00C04F79EFBC}") = "DTest", "DTest\DTest.csproj", "{CAF8671D-6D59-42AF-9B91-9611ED63A2B7}"
EndProject
Global
	GlobalSection(SolutionConfigurationPlatforms) = preSolution
		Debug|Any CPU = Debug|Any CPU
		Debug|x64 = Debug|x64
		Debug|x86 = Debug|x86
		Release|Any CPU = Release|Any CPU
		Release|x64 = Release|x64
		Release|x86 = Release|x86
	EndGlobalSection
	GlobalSection(SolutionProperties) = preSolution
		HideSolutionNode = FALSE
	EndGlobalSection
	GlobalSection(ProjectConfigurationPlatforms) = postSolution
		{C5E6C68E-CB9D-46AC-9958-92DE2177B9FE}.Debug|Any CPU.ActiveCfg = Debug|Any CPU
		{C5E6C68E-CB9D-46AC-9958-92DE2177B9FE}.Debug|Any CPU.Build.0 = Debug|Any CPU
		{C5E6C68E-CB9D-46AC-9958-92DE2177B9FE}.Debug|x64.ActiveCfg = Debug|Any CPU
		{C5E6C68E-CB9D-46AC-9958-92DE2177B9FE}.Debug|x64.Build.0 = Debug|Any CPU
		{C5E6C68E-CB9D-46AC-9958-92DE2177B9FE}.Debug|x86.ActiveCfg = Debug|Any CPU
		{C5E6C68E-CB9D-46AC-9958-92DE2177B9FE}.Debug|x86.Build.0 = Debug|Any CPU
		{C5E6C68E-CB9D-46AC-9958-92DE2177B9FE}.Release|Any CPU.ActiveCfg = Release|Any CPU
		{C5E6C68E-CB9D-46AC-9958-92DE2177B9FE}.Release|Any CPU.Build.0 = Release|Any CPU
		{C5E6C68E-CB9D-46AC-9958-92DE2177B9FE}.Release|x64.ActiveCfg = Release|Any CPU
		{C5E6C68E-CB9D-46AC-9958-92DE2177B9FE}.Release|x64.Build.0 = Release|Any CPU
		{C5E6C68E-CB9D-46AC-9958-92DE2177B9FE}.Release|x86.ActiveCfg = Release|Any CPU
		{C5E6C68E-CB9D-46AC-9958-92DE2177B9FE}.Release|x86.Build.0 = Release|Any CPU
		{CD3380ED-E278-40E2-8AA9-1423F3901C98}.Debug|Any CPU.ActiveCfg = Debug|Any CPU
		{CD3380ED-E278-40E2-8AA9-1423F3901C98}.Debug|Any CPU.Build.0 = Debug|Any CPU
		{CD3380ED-E278-40E2-8AA9-1423F3901C98}.Debug|x64.ActiveCfg = Debug|Any CPU
		{CD3380ED-E278-40E2-8AA9-1423F3901C98}.Debug|x64.Build.0 = Debug|Any CPU
		{CD3380ED-E278-40E2-8AA9-1423F3901C98}.Debug|x86.ActiveCfg = Debug|Any CPU
		{CD3380ED-E278-40E2-8AA9-1423F3901C98}.Debug|x86.Build.0 = Debug|Any CPU
		{CD3380ED-E278-40E2-8AA9-1423F3901C98}.Release|Any CPU.ActiveCfg = Release|Any CPU
		{CD3380ED-E278-40E2-8AA9-1423F3901C98}.Release|Any CPU.Build.0 = Release|Any CPU
		{CD3380ED-E278-40E2-8AA9-1423F3901C98}.Release|x64.ActiveCfg = Release|Any CPU
		{CD3380ED-E278-40E2-8AA9-1423F3901C98}.Release|x64.Build.0 = Release|Any CPU
		{CD3380ED-E278-40E2-8AA9-1423F3901C98}.Release|x86.ActiveCfg = Release|Any CPU
		{CD3380ED-E278-40E2-8AA9-1423F3901C98}.Release|x86.Build.0 = Release|Any CPU
		{193F05F4-756F-4D6A-89A0-7B78AED3EB98}.Debug|Any CPU.ActiveCfg = Debug|Any CPU
		{193F05F4-756F-4D6A-89A0-7B78AED3EB98}.Debug|Any CPU.Build.0 = Debug|Any CPU
		{193F05F4-756F-4D6A-89A0-7B78AED3EB98}.Debug|x64.ActiveCfg = Debug|Any CPU
		{193F05F4-756F-4D6A-89A0-7B78AED3EB98}.Debug|x64.Build.0 = Debug|Any CPU
		{193F05F4-756F-4D6A-89A0-7B78AED3EB98}.Debug|x86.ActiveCfg = Debug|Any CPU
		{193F05F4-756F-4D6A-89A0-7B78AED3EB98}.Debug|x86.Build.0 = Debug|Any CPU
		{193F05F4-756F-4D6A-89A0-7B78AED3EB98}.Release|Any CPU.ActiveCfg = Release|Any CPU
		{193F05F4-756F-4D6A-89A0-7B78AED3EB98}.Release|Any CPU.Build.0 = Release|Any CPU
		{193F05F4-756F-4D6A-89A0-7B78AED3EB98}.Release|x64.ActiveCfg = Release|Any CPU
		{193F05F4-756F-4D6A-89A0-7B78AED3EB98}.Release|x64.Build.0 = Release|Any CPU
		{193F05F4-756F-4D6A-89A0-7B78AED3EB98}.Release|x86.ActiveCfg = Release|Any CPU
		{193F05F4-756F-4D6A-89A0-7B78AED3EB98}.Release|x86.Build.0 = Release|Any CPU
		{11306156-ABAA-4FFD-9DFE-4B5353680131}.Debug|Any CPU.ActiveCfg = Debug|Any CPU
		{11306156-ABAA-4FFD-9DFE-4B5353680131}.Debug|Any CPU.Build.0 = Debug|Any CPU
		{11306156-ABAA-4FFD-9DFE-4B5353680131}.Debug|x64.ActiveCfg = Debug|Any CPU
		{11306156-ABAA-4FFD-9DFE-4B5353680131}.Debug|x64.Build.0 = Debug|Any CPU
		{11306156-ABAA-4FFD-9DFE-4B5353680131}.Debug|x86.ActiveCfg = Debug|Any CPU
		{11306156-ABAA-4FFD-9DFE-4B5353680131}.Debug|x86.Build.0 = Debug|Any CPU
		{11306156-ABAA-4FFD-9DFE-4B5353680131}.Release|Any CPU.ActiveCfg = Release|Any CPU
		{11306156-ABAA-4FFD-9DFE-4B5353680131}.Release|Any CPU.Build.0 = Release|Any CPU
		{11306156-ABAA-4FFD-9DFE-4B5353680131}.Release|x64.ActiveCfg = Release|Any CPU
		{11306156-ABAA-4FFD-9DFE-4B5353680131}.Release|x64.Build.0 = Release|Any CPU
		{11306156-ABAA-4FFD-9DFE-4B5353680131}.Release|x86.ActiveCfg = Release|Any CPU
		{11306156-ABAA-4FFD-9DFE-4B5353680131}.Release|x86.Build.0 = Release|Any CPU
		{112D7DA9-0E10-41AB-9CAB-43BC29072951}.Debug|Any CPU.ActiveCfg = Debug|Any CPU
		{112D7DA9-0E10-41AB-9CAB-43BC29072951}.Debug|Any CPU.Build.0 = Debug|Any CPU
		{112D7DA9-0E10-41AB-9CAB-43BC29072951}.Debug|x64.ActiveCfg = Debug|Any CPU
		{112D7DA9-0E10-41AB-9CAB-43BC29072951}.Debug|x64.Build.0 = Debug|Any CPU
		{112D7DA9-0E10-41AB-9CAB-43BC29072951}.Debug|x86.ActiveCfg = Debug|Any CPU
		{112D7DA9-0E10-41AB-9CAB-43BC29072951}.Debug|x86.Build.0 = Debug|Any CPU
		{112D7DA9-0E10-41AB-9CAB-43BC29072951}.Release|Any CPU.ActiveCfg = Release|Any CPU
		{112D7DA9-0E10-41AB-9CAB-43BC29072951}.Release|Any CPU.Build.0 = Release|Any CPU
		{112D7DA9-0E10-41AB-9CAB-43BC29072951}.Release|x64.ActiveCfg = Release|Any CPU
		{112D7DA9-0E10-41AB-9CAB-43BC29072951}.Release|x64.Build.0 = Release|Any CPU
		{112D7DA9-0E10-41AB-9CAB-43BC29072951}.Release|x86.ActiveCfg = Release|Any CPU
		{112D7DA9-0E10-41AB-9CAB-43BC29072951}.Release|x86.Build.0 = Release|Any CPU
		{A1107E51-928F-48CB-AA85-316E6A293DC2}.Debug|Any CPU.ActiveCfg = Debug|Any CPU
		{A1107E51-928F-48CB-AA85-316E6A293DC2}.Debug|Any CPU.Build.0 = Debug|Any CPU
		{A1107E51-928F-48CB-AA85-316E6A293DC2}.Debug|x64.ActiveCfg = Debug|Any CPU
		{A1107E51-928F-48CB-AA85-316E6A293DC2}.Debug|x64.Build.0 = Debug|Any CPU
		{A1107E51-928F-48CB-AA85-316E6A293DC2}.Debug|x86.ActiveCfg = Debug|Any CPU
		{A1107E51-928F-48CB-AA85-316E6A293DC2}.Debug|x86.Build.0 = Debug|Any CPU
		{A1107E51-928F-48CB-AA85-316E6A293DC2}.Release|Any CPU.ActiveCfg = Release|Any CPU
		{A1107E51-928F-48CB-AA85-316E6A293DC2}.Release|Any CPU.Build.0 = Release|Any CPU
		{A1107E51-928F-48CB-AA85-316E6A293DC2}.Release|x64.ActiveCfg = Release|Any CPU
		{A1107E51-928F-48CB-AA85-316E6A293DC2}.Release|x64.Build.0 = Release|Any CPU
		{A1107E51-928F-48CB-AA85-316E6A293DC2}.Release|x86.ActiveCfg = Release|Any CPU
		{A1107E51-928F-48CB-AA85-316E6A293DC2}.Release|x86.Build.0 = Release|Any CPU
		{31819947-525D-46AB-AE96-010AA9881C82}.Debug|Any CPU.ActiveCfg = Debug|Any CPU
		{31819947-525D-46AB-AE96-010AA9881C82}.Debug|Any CPU.Build.0 = Debug|Any CPU
		{31819947-525D-46AB-AE96-010AA9881C82}.Debug|x64.ActiveCfg = Debug|Any CPU
		{31819947-525D-46AB-AE96-010AA9881C82}.Debug|x64.Build.0 = Debug|Any CPU
		{31819947-525D-46AB-AE96-010AA9881C82}.Debug|x86.ActiveCfg = Debug|Any CPU
		{31819947-525D-46AB-AE96-010AA9881C82}.Debug|x86.Build.0 = Debug|Any CPU
		{31819947-525D-46AB-AE96-010AA9881C82}.Release|Any CPU.ActiveCfg = Release|Any CPU
		{31819947-525D-46AB-AE96-010AA9881C82}.Release|Any CPU.Build.0 = Release|Any CPU
		{31819947-525D-46AB-AE96-010AA9881C82}.Release|x64.ActiveCfg = Release|Any CPU
		{31819947-525D-46AB-AE96-010AA9881C82}.Release|x64.Build.0 = Release|Any CPU
		{31819947-525D-46AB-AE96-010AA9881C82}.Release|x86.ActiveCfg = Release|Any CPU
		{31819947-525D-46AB-AE96-010AA9881C82}.Release|x86.Build.0 = Release|Any CPU
		{CAF8671D-6D59-42AF-9B91-9611ED63A2B7}.Debug|Any CPU.ActiveCfg = Debug|Any CPU
		{CAF8671D-6D59-42AF-9B91-9611ED63A2B7}.Debug|Any CPU.Build.0 = Debug|Any CPU
		{CAF8671D-6D59-42AF-9B91-9611ED63A2B7}.Debug|x64.ActiveCfg = Debug|Any CPU
		{CAF8671D-6D59-42AF-9B91-9611ED63A2B7}.Debug|x64.Build.0 = Debug|Any CPU
		{CAF8671D-6D59-42AF-9B91-9611ED63A2B7}.Debug|x86.ActiveCfg = Debug|Any CPU
		{CAF8671D-6D59-42AF-9B91-9611ED63A2B7}.Debug|x86.Build.0 = Debug|Any CPU
		{CAF8671D-6D59-42AF-9B91-9611ED63A2B7}.Release|Any CPU.ActiveCfg = Release|Any CPU
		{CAF8671D-6D59-42AF-9B91-9611ED63A2B7}.Release|Any CPU.Build.0 = Release|Any CPU
		{CAF8671D-6D59-42AF-9B91-9611ED63A2B7}.Release|x64.ActiveCfg = Release|Any CPU
		{CAF8671D-6D59-42AF-9B91-9611ED63A2B7}.Release|x64.Build.0 = Release|Any CPU
		{CAF8671D-6D59-42AF-9B91-9611ED63A2B7}.Release|x86.ActiveCfg = Release|Any CPU
		{CAF8671D-6D59-42AF-9B91-9611ED63A2B7}.Release|x86.Build.0 = Release|Any CPU
	EndGlobalSection
EndGlobal
