
Microsoft Visual Studio Solution File, Format Version 12.00
# Visual Studio 15
VisualStudioVersion = 15.0.26124.0
MinimumVisualStudioVersion = 15.0.26124.0
Project("{FAE04EC0-301F-11D3-BF4B-00C04F79EFBC}") = "A", "A\A.csproj", "{B4C977F9-C125-4ECD-A3D5-97E1A65188DE}"
EndProject
Project("{FAE04EC0-301F-11D3-BF4B-00C04F79EFBC}") = "ATest", "ATest\ATest.csproj", "{0DB0C450-461B-490D-8555-92287D063B4C}"
EndProject
Project("{FAE04EC0-301F-11D3-BF4B-00C04F79EFBC}") = "B", "B\B.csproj", "{C1854C04-54B1-4420-A434-F4F682532F51}"
EndProject
Project("{FAE04EC0-301F-11D3-BF4B-00C04F79EFBC}") = "BTest", "BTest\BTest.csproj", "{02F96174-CAB8-4F96-AA13-22F78E7A340C}"
EndProject
Project("{FAE04EC0-301F-11D3-BF4B-00C04F79EFBC}") = "C", "C\C.csproj", "{4921C1DD-E608-4C2D-B044-132D673A9FEE}"
EndProject
Project("{FAE04EC0-301F-11D3-BF4B-00C04F79EFBC}") = "CTest", "CTest\CTest.csproj", "{B2D99623-3330-4F84-AF7E-0C9B3CB25CDC}"
EndProject
Project("{FAE04EC0-301F-11D3-BF4B-00C04F79EFBC}") = "D", "D\D.csproj", "{A1F8F992-FBA5-401E-A831-33AE82E3DC7B}"
EndProject
Project("{FAE04EC0-301F-11D3-BF4B-00C04F79EFBC}") = "DTest", "DTest\DTest.csproj", "{96517A56-6DE9-4026-BFD0-9E4239F12CF2}"
EndProject
Global
	GlobalSection(SolutionConfigurationPlatforms) = preSolution
		Debug|Any CPU = Debug|Any CPU
		Debug|x64 = Debug|x64
		Debug|x86 = Debug|x86
		Release|Any CPU = Release|Any CPU
		Release|x64 = Release|x64
		Release|x86 = Release|x86
	EndGlobalSection
	GlobalSection(SolutionProperties) = preSolution
		HideSolutionNode = FALSE
	EndGlobalSection
	GlobalSection(ProjectConfigurationPlatforms) = postSolution
		{B4C977F9-C125-4ECD-A3D5-97E1A65188DE}.Debug|Any CPU.ActiveCfg = Debug|Any CPU
		{B4C977F9-C125-4ECD-A3D5-97E1A65188DE}.Debug|Any CPU.Build.0 = Debug|Any CPU
		{B4C977F9-C125-4ECD-A3D5-97E1A65188DE}.Debug|x64.ActiveCfg = Debug|Any CPU
		{B4C977F9-C125-4ECD-A3D5-97E1A65188DE}.Debug|x64.Build.0 = Debug|Any CPU
		{B4C977F9-C125-4ECD-A3D5-97E1A65188DE}.Debug|x86.ActiveCfg = Debug|Any CPU
		{B4C977F9-C125-4ECD-A3D5-97E1A65188DE}.Debug|x86.Build.0 = Debug|Any CPU
		{B4C977F9-C125-4ECD-A3D5-97E1A65188DE}.Release|Any CPU.ActiveCfg = Release|Any CPU
		{B4C977F9-C125-4ECD-A3D5-97E1A65188DE}.Release|Any CPU.Build.0 = Release|Any CPU
		{B4C977F9-C125-4ECD-A3D5-97E1A65188DE}.Release|x64.ActiveCfg = Release|Any CPU
		{B4C977F9-C125-4ECD-A3D5-97E1A65188DE}.Release|x64.Build.0 = Release|Any CPU
		{B4C977F9-C125-4ECD-A3D5-97E1A65188DE}.Release|x86.ActiveCfg = Release|Any CPU
		{B4C977F9-C125-4ECD-A3D5-97E1A65188DE}.Release|x86.Build.0 = Release|Any CPU
		{0DB0C450-461B-490D-8555-92287D063B4C}.Debug|Any CPU.ActiveCfg = Debug|Any CPU
		{0DB0C450-461B-490D-8555-92287D063B4C}.Debug|Any CPU.Build.0 = Debug|Any CPU
		{0DB0C450-461B-490D-8555-92287D063B4C}.Debug|x64.ActiveCfg = Debug|Any CPU
		{0DB0C450-461B-490D-8555-92287D063B4C}.Debug|x64.Build.0 = Debug|Any CPU
		{0DB0C450-461B-490D-8555-92287D063B4C}.Debug|x86.ActiveCfg = Debug|Any CPU
		{0DB0C450-461B-490D-8555-92287D063B4C}.Debug|x86.Build.0 = Debug|Any CPU
		{0DB0C450-461B-490D-8555-92287D063B4C}.Release|Any CPU.ActiveCfg = Release|Any CPU
		{0DB0C450-461B-490D-8555-92287D063B4C}.Release|Any CPU.Build.0 = Release|Any CPU
		{0DB0C450-461B-490D-8555-92287D063B4C}.Release|x64.ActiveCfg = Release|Any CPU
		{0DB0C450-461B-490D-8555-92287D063B4C}.Release|x64.Build.0 = Release|Any CPU
		{0DB0C450-461B-490D-8555-92287D063B4C}.Release|x86.ActiveCfg = Release|Any CPU
		{0DB0C450-461B-490D-8555-92287D063B4C}.Release|x86.Build.0 = Release|Any CPU
		{C1854C04-54B1-4420-A434-F4F682532F51}.Debug|Any CPU.ActiveCfg = Debug|Any CPU
		{C1854C04-54B1-4420-A434-F4F682532F51}.Debug|Any CPU.Build.0 = Debug|Any CPU
		{C1854C04-54B1-4420-A434-F4F682532F51}.Debug|x64.ActiveCfg = Debug|Any CPU
		{C1854C04-54B1-4420-A434-F4F682532F51}.Debug|x64.Build.0 = Debug|Any CPU
		{C1854C04-54B1-4420-A434-F4F682532F51}.Debug|x86.ActiveCfg = Debug|Any CPU
		{C1854C04-54B1-4420-A434-F4F682532F51}.Debug|x86.Build.0 = Debug|Any CPU
		{C1854C04-54B1-4420-A434-F4F682532F51}.Release|Any CPU.ActiveCfg = Release|Any CPU
		{C1854C04-54B1-4420-A434-F4F682532F51}.Release|Any CPU.Build.0 = Release|Any CPU
		{C1854C04-54B1-4420-A434-F4F682532F51}.Release|x64.ActiveCfg = Release|Any CPU
		{C1854C04-54B1-4420-A434-F4F682532F51}.Release|x64.Build.0 = Release|Any CPU
		{C1854C04-54B1-4420-A434-F4F682532F51}.Release|x86.ActiveCfg = Release|Any CPU
		{C1854C04-54B1-4420-A434-F4F682532F51}.Release|x86.Build.0 = Release|Any CPU
		{02F96174-CAB8-4F96-AA13-22F78E7A340C}.Debug|Any CPU.ActiveCfg = Debug|Any CPU
		{02F96174-CAB8-4F96-AA13-22F78E7A340C}.Debug|Any CPU.Build.0 = Debug|Any CPU
		{02F96174-CAB8-4F96-AA13-22F78E7A340C}.Debug|x64.ActiveCfg = Debug|Any CPU
		{02F96174-CAB8-4F96-AA13-22F78E7A340C}.Debug|x64.Build.0 = Debug|Any CPU
		{02F96174-CAB8-4F96-AA13-22F78E7A340C}.Debug|x86.ActiveCfg = Debug|Any CPU
		{02F96174-CAB8-4F96-AA13-22F78E7A340C}.Debug|x86.Build.0 = Debug|Any CPU
		{02F96174-CAB8-4F96-AA13-22F78E7A340C}.Release|Any CPU.ActiveCfg = Release|Any CPU
		{02F96174-CAB8-4F96-AA13-22F78E7A340C}.Release|Any CPU.Build.0 = Release|Any CPU
		{02F96174-CAB8-4F96-AA13-22F78E7A340C}.Release|x64.ActiveCfg = Release|Any CPU
		{02F96174-CAB8-4F96-AA13-22F78E7A340C}.Release|x64.Build.0 = Release|Any CPU
		{02F96174-CAB8-4F96-AA13-22F78E7A340C}.Release|x86.ActiveCfg = Release|Any CPU
		{02F96174-CAB8-4F96-AA13-22F78E7A340C}.Release|x86.Build.0 = Release|Any CPU
		{4921C1DD-E608-4C2D-B044-132D673A9FEE}.Debug|Any CPU.ActiveCfg = Debug|Any CPU
		{4921C1DD-E608-4C2D-B044-132D673A9FEE}.Debug|Any CPU.Build.0 = Debug|Any CPU
		{4921C1DD-E608-4C2D-B044-132D673A9FEE}.Debug|x64.ActiveCfg = Debug|Any CPU
		{4921C1DD-E608-4C2D-B044-132D673A9FEE}.Debug|x64.Build.0 = Debug|Any CPU
		{4921C1DD-E608-4C2D-B044-132D673A9FEE}.Debug|x86.ActiveCfg = Debug|Any CPU
		{4921C1DD-E608-4C2D-B044-132D673A9FEE}.Debug|x86.Build.0 = Debug|Any CPU
		{4921C1DD-E608-4C2D-B044-132D673A9FEE}.Release|Any CPU.ActiveCfg = Release|Any CPU
		{4921C1DD-E608-4C2D-B044-132D673A9FEE}.Release|Any CPU.Build.0 = Release|Any CPU
		{4921C1DD-E608-4C2D-B044-132D673A9FEE}.Release|x64.ActiveCfg = Release|Any CPU
		{4921C1DD-E608-4C2D-B044-132D673A9FEE}.Release|x64.Build.0 = Release|Any CPU
		{4921C1DD-E608-4C2D-B044-132D673A9FEE}.Release|x86.ActiveCfg = Release|Any CPU
		{4921C1DD-E608-4C2D-B044-132D673A9FEE}.Release|x86.Build.0 = Release|Any CPU
		{B2D99623-3330-4F84-AF7E-0C9B3CB25CDC}.Debug|Any CPU.ActiveCfg = Debug|Any CPU
		{B2D99623-3330-4F84-AF7E-0C9B3CB25CDC}.Debug|Any CPU.Build.0 = Debug|Any CPU
		{B2D99623-3330-4F84-AF7E-0C9B3CB25CDC}.Debug|x64.ActiveCfg = Debug|Any CPU
		{B2D99623-3330-4F84-AF7E-0C9B3CB25CDC}.Debug|x64.Build.0 = Debug|Any CPU
		{B2D99623-3330-4F84-AF7E-0C9B3CB25CDC}.Debug|x86.ActiveCfg = Debug|Any CPU
		{B2D99623-3330-4F84-AF7E-0C9B3CB25CDC}.Debug|x86.Build.0 = Debug|Any CPU
		{B2D99623-3330-4F84-AF7E-0C9B3CB25CDC}.Release|Any CPU.ActiveCfg = Release|Any CPU
		{B2D99623-3330-4F84-AF7E-0C9B3CB25CDC}.Release|Any CPU.Build.0 = Release|Any CPU
		{B2D99623-3330-4F84-AF7E-0C9B3CB25CDC}.Release|x64.ActiveCfg = Release|Any CPU
		{B2D99623-3330-4F84-AF7E-0C9B3CB25CDC}.Release|x64.Build.0 = Release|Any CPU
		{B2D99623-3330-4F84-AF7E-0C9B3CB25CDC}.Release|x86.ActiveCfg = Release|Any CPU
		{B2D99623-3330-4F84-AF7E-0C9B3CB25CDC}.Release|x86.Build.0 = Release|Any CPU
		{A1F8F992-FBA5-401E-A831-33AE82E3DC7B}.Debug|Any CPU.ActiveCfg = Debug|Any CPU
		{A1F8F992-FBA5-401E-A831-33AE82E3DC7B}.Debug|Any CPU.Build.0 = Debug|Any CPU
		{A1F8F992-FBA5-401E-A831-33AE82E3DC7B}.Debug|x64.ActiveCfg = Debug|Any CPU
		{A1F8F992-FBA5-401E-A831-33AE82E3DC7B}.Debug|x64.Build.0 = Debug|Any CPU
		{A1F8F992-FBA5-401E-A831-33AE82E3DC7B}.Debug|x86.ActiveCfg = Debug|Any CPU
		{A1F8F992-FBA5-401E-A831-33AE82E3DC7B}.Debug|x86.Build.0 = Debug|Any CPU
		{A1F8F992-FBA5-401E-A831-33AE82E3DC7B}.Release|Any CPU.ActiveCfg = Release|Any CPU
		{A1F8F992-FBA5-401E-A831-33AE82E3DC7B}.Release|Any CPU.Build.0 = Release|Any CPU
		{A1F8F992-FBA5-401E-A831-33AE82E3DC7B}.Release|x64.ActiveCfg = Release|Any CPU
		{A1F8F992-FBA5-401E-A831-33AE82E3DC7B}.Release|x64.Build.0 = Release|Any CPU
		{A1F8F992-FBA5-401E-A831-33AE82E3DC7B}.Release|x86.ActiveCfg = Release|Any CPU
		{A1F8F992-FBA5-401E-A831-33AE82E3DC7B}.Release|x86.Build.0 = Release|Any CPU
		{96517A56-6DE9-4026-BFD0-9E4239F12CF2}.Debug|Any CPU.ActiveCfg = Debug|Any CPU
		{96517A56-6DE9-4026-BFD0-9E4239F12CF2}.Debug|Any CPU.Build.0 = Debug|Any CPU
		{96517A56-6DE9-4026-BFD0-9E4239F12CF2}.Debug|x64.ActiveCfg = Debug|Any CPU
		{96517A56-6DE9-4026-BFD0-9E4239F12CF2}.Debug|x64.Build.0 = Debug|Any CPU
		{96517A56-6DE9-4026-BFD0-9E4239F12CF2}.Debug|x86.ActiveCfg = Debug|Any CPU
		{96517A56-6DE9-4026-BFD0-9E4239F12CF2}.Debug|x86.Build.0 = Debug|Any CPU
		{96517A56-6DE9-4026-BFD0-9E4239F12CF2}.Release|Any CPU.ActiveCfg = Release|Any CPU
		{96517A56-6DE9-4026-BFD0-9E4239F12CF2}.Release|Any CPU.Build.0 = Release|Any CPU
		{96517A56-6DE9-4026-BFD0-9E4239F12CF2}.Release|x64.ActiveCfg = Release|Any CPU
		{96517A56-6DE9-4026-BFD0-9E4239F12CF2}.Release|x64.Build.0 = Release|Any CPU
		{96517A56-6DE9-4026-BFD0-9E4239F12CF2}.Release|x86.ActiveCfg = Release|Any CPU
		{96517A56-6DE9-4026-BFD0-9E4239F12CF2}.Release|x86.Build.0 = Release|Any CPU
	EndGlobalSection
EndGlobal
