
Microsoft Visual Studio Solution File, Format Version 12.00
# Visual Studio 15
VisualStudioVersion = 15.0.26124.0
MinimumVisualStudioVersion = 15.0.26124.0
Project("{FAE04EC0-301F-11D3-BF4B-00C04F79EFBC}") = "A", "A\A.csproj", "{16090C20-0A60-4A26-96C5-40372A24E7AF}"
EndProject
Project("{FAE04EC0-301F-11D3-BF4B-00C04F79EFBC}") = "ATest", "ATest\ATest.csproj", "{091B647C-2497-4A7F-9FF1-7B97F10811BF}"
EndProject
Project("{FAE04EC0-301F-11D3-BF4B-00C04F79EFBC}") = "B", "B\B.csproj", "{A90F56C2-3407-4F4F-82AA-69A361B400EA}"
EndProject
Project("{FAE04EC0-301F-11D3-BF4B-00C04F79EFBC}") = "BTest", "BTest\BTest.csproj", "{65BFAFB2-3437-4CBC-AAC3-A109FBD98FBB}"
EndProject
Project("{FAE04EC0-301F-11D3-BF4B-00C04F79EFBC}") = "C", "C\C.csproj", "{A9493F43-C1F3-45B0-89EA-3E5D85FF65B9}"
EndProject
Project("{FAE04EC0-301F-11D3-BF4B-00C04F79EFBC}") = "CTest", "CTest\CTest.csproj", "{D5FC9BD6-A093-42E2-8986-116377721739}"
EndProject
Project("{FAE04EC0-301F-11D3-BF4B-00C04F79EFBC}") = "D", "D\D.csproj", "{03C8AD2F-9CBC-4B12-81DE-6843CC80A399}"
EndProject
Project("{FAE04EC0-301F-11D3-BF4B-00C04F79EFBC}") = "DTest", "DTest\DTest.csproj", "{FE9D5B48-70FA-418E-847A-CD6234485609}"
EndProject
Global
	GlobalSection(SolutionConfigurationPlatforms) = preSolution
		Debug|Any CPU = Debug|Any CPU
		Debug|x64 = Debug|x64
		Debug|x86 = Debug|x86
		Release|Any CPU = Release|Any CPU
		Release|x64 = Release|x64
		Release|x86 = Release|x86
	EndGlobalSection
	GlobalSection(SolutionProperties) = preSolution
		HideSolutionNode = FALSE
	EndGlobalSection
	GlobalSection(ProjectConfigurationPlatforms) = postSolution
		{16090C20-0A60-4A26-96C5-40372A24E7AF}.Debug|Any CPU.ActiveCfg = Debug|Any CPU
		{16090C20-0A60-4A26-96C5-40372A24E7AF}.Debug|Any CPU.Build.0 = Debug|Any CPU
		{16090C20-0A60-4A26-96C5-40372A24E7AF}.Debug|x64.ActiveCfg = Debug|Any CPU
		{16090C20-0A60-4A26-96C5-40372A24E7AF}.Debug|x64.Build.0 = Debug|Any CPU
		{16090C20-0A60-4A26-96C5-40372A24E7AF}.Debug|x86.ActiveCfg = Debug|Any CPU
		{16090C20-0A60-4A26-96C5-40372A24E7AF}.Debug|x86.Build.0 = Debug|Any CPU
		{16090C20-0A60-4A26-96C5-40372A24E7AF}.Release|Any CPU.ActiveCfg = Release|Any CPU
		{16090C20-0A60-4A26-96C5-40372A24E7AF}.Release|Any CPU.Build.0 = Release|Any CPU
		{16090C20-0A60-4A26-96C5-40372A24E7AF}.Release|x64.ActiveCfg = Release|Any CPU
		{16090C20-0A60-4A26-96C5-40372A24E7AF}.Release|x64.Build.0 = Release|Any CPU
		{16090C20-0A60-4A26-96C5-40372A24E7AF}.Release|x86.ActiveCfg = Release|Any CPU
		{16090C20-0A60-4A26-96C5-40372A24E7AF}.Release|x86.Build.0 = Release|Any CPU
		{091B647C-2497-4A7F-9FF1-7B97F10811BF}.Debug|Any CPU.ActiveCfg = Debug|Any CPU
		{091B647C-2497-4A7F-9FF1-7B97F10811BF}.Debug|Any CPU.Build.0 = Debug|Any CPU
		{091B647C-2497-4A7F-9FF1-7B97F10811BF}.Debug|x64.ActiveCfg = Debug|Any CPU
		{091B647C-2497-4A7F-9FF1-7B97F10811BF}.Debug|x64.Build.0 = Debug|Any CPU
		{091B647C-2497-4A7F-9FF1-7B97F10811BF}.Debug|x86.ActiveCfg = Debug|Any CPU
		{091B647C-2497-4A7F-9FF1-7B97F10811BF}.Debug|x86.Build.0 = Debug|Any CPU
		{091B647C-2497-4A7F-9FF1-7B97F10811BF}.Release|Any CPU.ActiveCfg = Release|Any CPU
		{091B647C-2497-4A7F-9FF1-7B97F10811BF}.Release|Any CPU.Build.0 = Release|Any CPU
		{091B647C-2497-4A7F-9FF1-7B97F10811BF}.Release|x64.ActiveCfg = Release|Any CPU
		{091B647C-2497-4A7F-9FF1-7B97F10811BF}.Release|x64.Build.0 = Release|Any CPU
		{091B647C-2497-4A7F-9FF1-7B97F10811BF}.Release|x86.ActiveCfg = Release|Any CPU
		{091B647C-2497-4A7F-9FF1-7B97F10811BF}.Release|x86.Build.0 = Release|Any CPU
		{A90F56C2-3407-4F4F-82AA-69A361B400EA}.Debug|Any CPU.ActiveCfg = Debug|Any CPU
		{A90F56C2-3407-4F4F-82AA-69A361B400EA}.Debug|Any CPU.Build.0 = Debug|Any CPU
		{A90F56C2-3407-4F4F-82AA-69A361B400EA}.Debug|x64.ActiveCfg = Debug|Any CPU
		{A90F56C2-3407-4F4F-82AA-69A361B400EA}.Debug|x64.Build.0 = Debug|Any CPU
		{A90F56C2-3407-4F4F-82AA-69A361B400EA}.Debug|x86.ActiveCfg = Debug|Any CPU
		{A90F56C2-3407-4F4F-82AA-69A361B400EA}.Debug|x86.Build.0 = Debug|Any CPU
		{A90F56C2-3407-4F4F-82AA-69A361B400EA}.Release|Any CPU.ActiveCfg = Release|Any CPU
		{A90F56C2-3407-4F4F-82AA-69A361B400EA}.Release|Any CPU.Build.0 = Release|Any CPU
		{A90F56C2-3407-4F4F-82AA-69A361B400EA}.Release|x64.ActiveCfg = Release|Any CPU
		{A90F56C2-3407-4F4F-82AA-69A361B400EA}.Release|x64.Build.0 = Release|Any CPU
		{A90F56C2-3407-4F4F-82AA-69A361B400EA}.Release|x86.ActiveCfg = Release|Any CPU
		{A90F56C2-3407-4F4F-82AA-69A361B400EA}.Release|x86.Build.0 = Release|Any CPU
		{65BFAFB2-3437-4CBC-AAC3-A109FBD98FBB}.Debug|Any CPU.ActiveCfg = Debug|Any CPU
		{65BFAFB2-3437-4CBC-AAC3-A109FBD98FBB}.Debug|Any CPU.Build.0 = Debug|Any CPU
		{65BFAFB2-3437-4CBC-AAC3-A109FBD98FBB}.Debug|x64.ActiveCfg = Debug|Any CPU
		{65BFAFB2-3437-4CBC-AAC3-A109FBD98FBB}.Debug|x64.Build.0 = Debug|Any CPU
		{65BFAFB2-3437-4CBC-AAC3-A109FBD98FBB}.Debug|x86.ActiveCfg = Debug|Any CPU
		{65BFAFB2-3437-4CBC-AAC3-A109FBD98FBB}.Debug|x86.Build.0 = Debug|Any CPU
		{65BFAFB2-3437-4CBC-AAC3-A109FBD98FBB}.Release|Any CPU.ActiveCfg = Release|Any CPU
		{65BFAFB2-3437-4CBC-AAC3-A109FBD98FBB}.Release|Any CPU.Build.0 = Release|Any CPU
		{65BFAFB2-3437-4CBC-AAC3-A109FBD98FBB}.Release|x64.ActiveCfg = Release|Any CPU
		{65BFAFB2-3437-4CBC-AAC3-A109FBD98FBB}.Release|x64.Build.0 = Release|Any CPU
		{65BFAFB2-3437-4CBC-AAC3-A109FBD98FBB}.Release|x86.ActiveCfg = Release|Any CPU
		{65BFAFB2-3437-4CBC-AAC3-A109FBD98FBB}.Release|x86.Build.0 = Release|Any CPU
		{A9493F43-C1F3-45B0-89EA-3E5D85FF65B9}.Debug|Any CPU.ActiveCfg = Debug|Any CPU
		{A9493F43-C1F3-45B0-89EA-3E5D85FF65B9}.Debug|Any CPU.Build.0 = Debug|Any CPU
		{A9493F43-C1F3-45B0-89EA-3E5D85FF65B9}.Debug|x64.ActiveCfg = Debug|Any CPU
		{A9493F43-C1F3-45B0-89EA-3E5D85FF65B9}.Debug|x64.Build.0 = Debug|Any CPU
		{A9493F43-C1F3-45B0-89EA-3E5D85FF65B9}.Debug|x86.ActiveCfg = Debug|Any CPU
		{A9493F43-C1F3-45B0-89EA-3E5D85FF65B9}.Debug|x86.Build.0 = Debug|Any CPU
		{A9493F43-C1F3-45B0-89EA-3E5D85FF65B9}.Release|Any CPU.ActiveCfg = Release|Any CPU
		{A9493F43-C1F3-45B0-89EA-3E5D85FF65B9}.Release|Any CPU.Build.0 = Release|Any CPU
		{A9493F43-C1F3-45B0-89EA-3E5D85FF65B9}.Release|x64.ActiveCfg = Release|Any CPU
		{A9493F43-C1F3-45B0-89EA-3E5D85FF65B9}.Release|x64.Build.0 = Release|Any CPU
		{A9493F43-C1F3-45B0-89EA-3E5D85FF65B9}.Release|x86.ActiveCfg = Release|Any CPU
		{A9493F43-C1F3-45B0-89EA-3E5D85FF65B9}.Release|x86.Build.0 = Release|Any CPU
		{D5FC9BD6-A093-42E2-8986-116377721739}.Debug|Any CPU.ActiveCfg = Debug|Any CPU
		{D5FC9BD6-A093-42E2-8986-116377721739}.Debug|Any CPU.Build.0 = Debug|Any CPU
		{D5FC9BD6-A093-42E2-8986-116377721739}.Debug|x64.ActiveCfg = Debug|Any CPU
		{D5FC9BD6-A093-42E2-8986-116377721739}.Debug|x64.Build.0 = Debug|Any CPU
		{D5FC9BD6-A093-42E2-8986-116377721739}.Debug|x86.ActiveCfg = Debug|Any CPU
		{D5FC9BD6-A093-42E2-8986-116377721739}.Debug|x86.Build.0 = Debug|Any CPU
		{D5FC9BD6-A093-42E2-8986-116377721739}.Release|Any CPU.ActiveCfg = Release|Any CPU
		{D5FC9BD6-A093-42E2-8986-116377721739}.Release|Any CPU.Build.0 = Release|Any CPU
		{D5FC9BD6-A093-42E2-8986-116377721739}.Release|x64.ActiveCfg = Release|Any CPU
		{D5FC9BD6-A093-42E2-8986-116377721739}.Release|x64.Build.0 = Release|Any CPU
		{D5FC9BD6-A093-42E2-8986-116377721739}.Release|x86.ActiveCfg = Release|Any CPU
		{D5FC9BD6-A093-42E2-8986-116377721739}.Release|x86.Build.0 = Release|Any CPU
		{03C8AD2F-9CBC-4B12-81DE-6843CC80A399}.Debug|Any CPU.ActiveCfg = Debug|Any CPU
		{03C8AD2F-9CBC-4B12-81DE-6843CC80A399}.Debug|Any CPU.Build.0 = Debug|Any CPU
		{03C8AD2F-9CBC-4B12-81DE-6843CC80A399}.Debug|x64.ActiveCfg = Debug|Any CPU
		{03C8AD2F-9CBC-4B12-81DE-6843CC80A399}.Debug|x64.Build.0 = Debug|Any CPU
		{03C8AD2F-9CBC-4B12-81DE-6843CC80A399}.Debug|x86.ActiveCfg = Debug|Any CPU
		{03C8AD2F-9CBC-4B12-81DE-6843CC80A399}.Debug|x86.Build.0 = Debug|Any CPU
		{03C8AD2F-9CBC-4B12-81DE-6843CC80A399}.Release|Any CPU.ActiveCfg = Release|Any CPU
		{03C8AD2F-9CBC-4B12-81DE-6843CC80A399}.Release|Any CPU.Build.0 = Release|Any CPU
		{03C8AD2F-9CBC-4B12-81DE-6843CC80A399}.Release|x64.ActiveCfg = Release|Any CPU
		{03C8AD2F-9CBC-4B12-81DE-6843CC80A399}.Release|x64.Build.0 = Release|Any CPU
		{03C8AD2F-9CBC-4B12-81DE-6843CC80A399}.Release|x86.ActiveCfg = Release|Any CPU
		{03C8AD2F-9CBC-4B12-81DE-6843CC80A399}.Release|x86.Build.0 = Release|Any CPU
		{FE9D5B48-70FA-418E-847A-CD6234485609}.Debug|Any CPU.ActiveCfg = Debug|Any CPU
		{FE9D5B48-70FA-418E-847A-CD6234485609}.Debug|Any CPU.Build.0 = Debug|Any CPU
		{FE9D5B48-70FA-418E-847A-CD6234485609}.Debug|x64.ActiveCfg = Debug|Any CPU
		{FE9D5B48-70FA-418E-847A-CD6234485609}.Debug|x64.Build.0 = Debug|Any CPU
		{FE9D5B48-70FA-418E-847A-CD6234485609}.Debug|x86.ActiveCfg = Debug|Any CPU
		{FE9D5B48-70FA-418E-847A-CD6234485609}.Debug|x86.Build.0 = Debug|Any CPU
		{FE9D5B48-70FA-418E-847A-CD6234485609}.Release|Any CPU.ActiveCfg = Release|Any CPU
		{FE9D5B48-70FA-418E-847A-CD6234485609}.Release|Any CPU.Build.0 = Release|Any CPU
		{FE9D5B48-70FA-418E-847A-CD6234485609}.Release|x64.ActiveCfg = Release|Any CPU
		{FE9D5B48-70FA-418E-847A-CD6234485609}.Release|x64.Build.0 = Release|Any CPU
		{FE9D5B48-70FA-418E-847A-CD6234485609}.Release|x86.ActiveCfg = Release|Any CPU
		{FE9D5B48-70FA-418E-847A-CD6234485609}.Release|x86.Build.0 = Release|Any CPU
	EndGlobalSection
EndGlobal
