
Microsoft Visual Studio Solution File, Format Version 12.00
# Visual Studio Version 17
VisualStudioVersion = 17.0.31903.59
MinimumVisualStudioVersion = 10.0.40219.1
Project("{FAE04EC0-301F-11D3-BF4B-00C04F79EFBC}") = "A", "A\A.csproj", "{B7E3B696-47FA-4BD7-9781-3CDC13D5AE73}"
EndProject
Project("{FAE04EC0-301F-11D3-BF4B-00C04F79EFBC}") = "ATest", "ATest\ATest.csproj", "{29D6D12C-CC89-45D3-ACA1-DBEC6BAF9E50}"
EndProject
Project("{FAE04EC0-301F-11D3-BF4B-00C04F79EFBC}") = "B", "B\B.csproj", "{4D5FD7E0-ADD5-41E9-8B8D-127034CCCE74}"
EndProject
Project("{FAE04EC0-301F-11D3-BF4B-00C04F79EFBC}") = "BTest", "BTest\BTest.csproj", "{4B457AF1-7AB1-44C1-A268-9E158A949FB9}"
EndProject
Project("{FAE04EC0-301F-11D3-BF4B-00C04F79EFBC}") = "C", "C\C.csproj", "{10972DF1-D680-4008-A397-039ED5FA3AAE}"
EndProject
Project("{FAE04EC0-301F-11D3-BF4B-00C04F79EFBC}") = "CTest", "CTest\CTest.csproj", "{F1DE91C8-0F2E-4F8E-BCE4-4270656B112B}"
EndProject
Project("{FAE04EC0-301F-11D3-BF4B-00C04F79EFBC}") = "D", "D\D.csproj", "{A3BF470F-93E0-4FF9-9D55-FCCB4545F96F}"
EndProject
Project("{FAE04EC0-301F-11D3-BF4B-00C04F79EFBC}") = "DTest", "DTest\DTest.csproj", "{6E44D9E5-6558-40A4-8F23-6E3391C669B0}"
EndProject
Project("{FAE04EC0-301F-11D3-BF4B-00C04F79EFBC}") = "E", "E\E.csproj", "{8CC9FDE2-0030-4530-AD82-28BAF440D6FC}"
EndProject
Project("{FAE04EC0-301F-11D3-BF4B-00C04F79EFBC}") = "ETest", "ETest\ETest.csproj", "{91780BE6-2273-4B10-AA75-BFF837A3B4A9}"
EndProject
Project("{FAE04EC0-301F-11D3-BF4B-00C04F79EFBC}") = "F", "F\F.csproj", "{E4C62238-2BA0-46E2-8911-E07960275D40}"
EndProject
Project("{FAE04EC0-301F-11D3-BF4B-00C04F79EFBC}") = "FTest", "FTest\FTest.csproj", "{5B259999-97B0-4AEC-8D23-A70959C750DD}"
EndProject
Global
	GlobalSection(SolutionConfigurationPlatforms) = preSolution
		Debug|Any CPU = Debug|Any CPU
		Release|Any CPU = Release|Any CPU
	EndGlobalSection
	GlobalSection(SolutionProperties) = preSolution
		HideSolutionNode = FALSE
	EndGlobalSection
	GlobalSection(ProjectConfigurationPlatforms) = postSolution
		{B7E3B696-47FA-4BD7-9781-3CDC13D5AE73}.Debug|Any CPU.ActiveCfg = Debug|Any CPU
		{B7E3B696-47FA-4BD7-9781-3CDC13D5AE73}.Debug|Any CPU.Build.0 = Debug|Any CPU
		{B7E3B696-47FA-4BD7-9781-3CDC13D5AE73}.Release|Any CPU.ActiveCfg = Release|Any CPU
		{B7E3B696-47FA-4BD7-9781-3CDC13D5AE73}.Release|Any CPU.Build.0 = Release|Any CPU
		{29D6D12C-CC89-45D3-ACA1-DBEC6BAF9E50}.Debug|Any CPU.ActiveCfg = Debug|Any CPU
		{29D6D12C-CC89-45D3-ACA1-DBEC6BAF9E50}.Debug|Any CPU.Build.0 = Debug|Any CPU
		{29D6D12C-CC89-45D3-ACA1-DBEC6BAF9E50}.Release|Any CPU.ActiveCfg = Release|Any CPU
		{29D6D12C-CC89-45D3-ACA1-DBEC6BAF9E50}.Release|Any CPU.Build.0 = Release|Any CPU
		{4D5FD7E0-ADD5-41E9-8B8D-127034CCCE74}.Debug|Any CPU.ActiveCfg = Debug|Any CPU
		{4D5FD7E0-ADD5-41E9-8B8D-127034CCCE74}.Debug|Any CPU.Build.0 = Debug|Any CPU
		{4D5FD7E0-ADD5-41E9-8B8D-127034CCCE74}.Release|Any CPU.ActiveCfg = Release|Any CPU
		{4D5FD7E0-ADD5-41E9-8B8D-127034CCCE74}.Release|Any CPU.Build.0 = Release|Any CPU
		{4B457AF1-7AB1-44C1-A268-9E158A949FB9}.Debug|Any CPU.ActiveCfg = Debug|Any CPU
		{4B457AF1-7AB1-44C1-A268-9E158A949FB9}.Debug|Any CPU.Build.0 = Debug|Any CPU
		{4B457AF1-7AB1-44C1-A268-9E158A949FB9}.Release|Any CPU.ActiveCfg = Release|Any CPU
		{4B457AF1-7AB1-44C1-A268-9E158A949FB9}.Release|Any CPU.Build.0 = Release|Any CPU
		{10972DF1-D680-4008-A397-039ED5FA3AAE}.Debug|Any CPU.ActiveCfg = Debug|Any CPU
		{10972DF1-D680-4008-A397-039ED5FA3AAE}.Debug|Any CPU.Build.0 = Debug|Any CPU
		{10972DF1-D680-4008-A397-039ED5FA3AAE}.Release|Any CPU.ActiveCfg = Release|Any CPU
		{10972DF1-D680-4008-A397-039ED5FA3AAE}.Release|Any CPU.Build.0 = Release|Any CPU
		{F1DE91C8-0F2E-4F8E-BCE4-4270656B112B}.Debug|Any CPU.ActiveCfg = Debug|Any CPU
		{F1DE91C8-0F2E-4F8E-BCE4-4270656B112B}.Debug|Any CPU.Build.0 = Debug|Any CPU
		{F1DE91C8-0F2E-4F8E-BCE4-4270656B112B}.Release|Any CPU.ActiveCfg = Release|Any CPU
		{F1DE91C8-0F2E-4F8E-BCE4-4270656B112B}.Release|Any CPU.Build.0 = Release|Any CPU
		{A3BF470F-93E0-4FF9-9D55-FCCB4545F96F}.Debug|Any CPU.ActiveCfg = Debug|Any CPU
		{A3BF470F-93E0-4FF9-9D55-FCCB4545F96F}.Debug|Any CPU.Build.0 = Debug|Any CPU
		{A3BF470F-93E0-4FF9-9D55-FCCB4545F96F}.Release|Any CPU.ActiveCfg = Release|Any CPU
		{A3BF470F-93E0-4FF9-9D55-FCCB4545F96F}.Release|Any CPU.Build.0 = Release|Any CPU
		{6E44D9E5-6558-40A4-8F23-6E3391C669B0}.Debug|Any CPU.ActiveCfg = Debug|Any CPU
		{6E44D9E5-6558-40A4-8F23-6E3391C669B0}.Debug|Any CPU.Build.0 = Debug|Any CPU
		{6E44D9E5-6558-40A4-8F23-6E3391C669B0}.Release|Any CPU.ActiveCfg = Release|Any CPU
		{6E44D9E5-6558-40A4-8F23-6E3391C669B0}.Release|Any CPU.Build.0 = Release|Any CPU
		{8CC9FDE2-0030-4530-AD82-28BAF440D6FC}.Debug|Any CPU.ActiveCfg = Debug|Any CPU
		{8CC9FDE2-0030-4530-AD82-28BAF440D6FC}.Debug|Any CPU.Build.0 = Debug|Any CPU
		{8CC9FDE2-0030-4530-AD82-28BAF440D6FC}.Release|Any CPU.ActiveCfg = Release|Any CPU
		{8CC9FDE2-0030-4530-AD82-28BAF440D6FC}.Release|Any CPU.Build.0 = Release|Any CPU
		{91780BE6-2273-4B10-AA75-BFF837A3B4A9}.Debug|Any CPU.ActiveCfg = Debug|Any CPU
		{91780BE6-2273-4B10-AA75-BFF837A3B4A9}.Debug|Any CPU.Build.0 = Debug|Any CPU
		{91780BE6-2273-4B10-AA75-BFF837A3B4A9}.Release|Any CPU.ActiveCfg = Release|Any CPU
		{91780BE6-2273-4B10-AA75-BFF837A3B4A9}.Release|Any CPU.Build.0 = Release|Any CPU
		{E4C62238-2BA0-46E2-8911-E07960275D40}.Debug|Any CPU.ActiveCfg = Debug|Any CPU
		{E4C62238-2BA0-46E2-8911-E07960275D40}.Debug|Any CPU.Build.0 = Debug|Any CPU
		{E4C62238-2BA0-46E2-8911-E07960275D40}.Release|Any CPU.ActiveCfg = Release|Any CPU
		{E4C62238-2BA0-46E2-8911-E07960275D40}.Release|Any CPU.Build.0 = Release|Any CPU
		{5B259999-97B0-4AEC-8D23-A70959C750DD}.Debug|Any CPU.ActiveCfg = Debug|Any CPU
		{5B259999-97B0-4AEC-8D23-A70959C750DD}.Debug|Any CPU.Build.0 = Debug|Any CPU
		{5B259999-97B0-4AEC-8D23-A70959C750DD}.Release|Any CPU.ActiveCfg = Release|Any CPU
		{5B259999-97B0-4AEC-8D23-A70959C750DD}.Release|Any CPU.Build.0 = Release|Any CPU
	EndGlobalSection
EndGlobal
