
Microsoft Visual Studio Solution File, Format Version 12.00
# Visual Studio Version 16
VisualStudioVersion = 16.0.30114.105
MinimumVisualStudioVersion = 10.0.40219.1
Project("{FAE04EC0-301F-11D3-BF4B-00C04F79EFBC}") = "ABC221_C", "ABC221_C\ABC221_C.csproj", "{0CF99389-2881-4D38-992A-B0A682670E3D}"
EndProject
Project("{FAE04EC0-301F-11D3-BF4B-00C04F79EFBC}") = "ABC221_CTest", "ABC221_CTest\ABC221_CTest.csproj", "{DE1BE8D8-B657-4287-BBEA-38C6D5DEA02B}"
EndProject
Project("{FAE04EC0-301F-11D3-BF4B-00C04F79EFBC}") = "ABC237_D", "ABC237_D\ABC237_D.csproj", "{1FC4DF10-73CE-400B-B100-231F93B903EF}"
EndProject
Project("{FAE04EC0-301F-11D3-BF4B-00C04F79EFBC}") = "ABC237_DTest", "ABC237_DTest\ABC237_DTest.csproj", "{E69F9D6B-678C-4F52-B4A0-04463D015DE7}"
EndProject
Project("{FAE04EC0-301F-11D3-BF4B-00C04F79EFBC}") = "ABC300_C", "ABC300_C\ABC300_C.csproj", "{91F1F878-274A-4A52-A157-D4AEBF9F4C47}"
EndProject
Project("{FAE04EC0-301F-11D3-BF4B-00C04F79EFBC}") = "ABC300_CTest", "ABC300_CTest\ABC300_CTest.csproj", "{92F777D0-BB73-41F6-BD32-778E472C2183}"
EndProject
Project("{FAE04EC0-301F-11D3-BF4B-00C04F79EFBC}") = "ABC180_D", "ABC180_D\ABC180_D.csproj", "{4832831B-03AE-46BD-8F7D-8DABC7FCD998}"
EndProject
Project("{FAE04EC0-301F-11D3-BF4B-00C04F79EFBC}") = "ABC180_DTest", "ABC180_DTest\ABC180_DTest.csproj", "{89E98521-83AE-4865-AA92-165A7105CC3B}"
EndProject
Project("{FAE04EC0-301F-11D3-BF4B-00C04F79EFBC}") = "ABC265_E", "ABC265_E\ABC265_E.csproj", "{6E20DA49-EF8C-40E1-B949-6EFB9AF535C3}"
EndProject
Project("{FAE04EC0-301F-11D3-BF4B-00C04F79EFBC}") = "ABC265_ETest", "ABC265_ETest\ABC265_ETest.csproj", "{2A2A029F-EEE2-4D5F-8CA3-1B65BAFCF40D}"
EndProject
Project("{FAE04EC0-301F-11D3-BF4B-00C04F79EFBC}") = "ABC253_CTest", "ABC253_CTest\ABC253_CTest.csproj", "{30868B64-8B48-44B2-AD30-A7677F70D580}"
EndProject
Project("{FAE04EC0-301F-11D3-BF4B-00C04F79EFBC}") = "ABC253_C", "ABC253_C\ABC253_C.csproj", "{B55FAA99-BAA7-42F8-BD5F-923B87EFF1DF}"
EndProject
Project("{FAE04EC0-301F-11D3-BF4B-00C04F79EFBC}") = "ABC290_C", "ABC290_C\ABC290_C.csproj", "{7F9D50E1-7726-471E-82E6-D27E481D3787}"
EndProject
Project("{FAE04EC0-301F-11D3-BF4B-00C04F79EFBC}") = "ABC290_CTest", "ABC290_CTest\ABC290_CTest.csproj", "{B9AB1E81-D0C9-493C-8E91-F39FFF51F366}"
EndProject
Project("{FAE04EC0-301F-11D3-BF4B-00C04F79EFBC}") = "ABC211_C", "ABC211_C\ABC211_C.csproj", "{5C8C908F-D75E-4B85-ABD1-C3E17ED5B47B}"
EndProject
Project("{FAE04EC0-301F-11D3-BF4B-00C04F79EFBC}") = "ABC211_CTest", "ABC211_CTest\ABC211_CTest.csproj", "{F5D3EBAF-A223-445D-A463-31A5F603DCAB}"
EndProject
Project("{FAE04EC0-301F-11D3-BF4B-00C04F79EFBC}") = "ABC311_E", "ABC311_E\ABC311_E.csproj", "{175EDF56-FF7C-44BC-9E3A-30F24AC9A2BE}"
EndProject
Project("{FAE04EC0-301F-11D3-BF4B-00C04F79EFBC}") = "ABC311_ETest", "ABC311_ETest\ABC311_ETest.csproj", "{6175DCA5-6227-4DCA-9AA6-755220B01342}"
EndProject
Project("{FAE04EC0-301F-11D3-BF4B-00C04F79EFBC}") = "PGBATTLE2022_3_2", "PGBATTLE2022_3_2\PGBATTLE2022_3_2.csproj", "{B1DD2A00-33FB-4ABD-8FE4-7E07BF7CF18B}"
EndProject
Project("{FAE04EC0-301F-11D3-BF4B-00C04F79EFBC}") = "PGBATTLE2022_3_2Test", "PGBATTLE2022_3_2Test\PGBATTLE2022_3_2Test.csproj", "{AD594DD2-B21A-4159-9133-08A1F8285E0A}"
EndProject
Project("{FAE04EC0-301F-11D3-BF4B-00C04F79EFBC}") = "ABC015_D", "ABC015_D\ABC015_D.csproj", "{39265046-4511-4270-B831-A2AF036EF85E}"
EndProject
Project("{FAE04EC0-301F-11D3-BF4B-00C04F79EFBC}") = "ABC015_DTest", "ABC015_DTest\ABC015_DTest.csproj", "{D11475E1-04AF-4DEE-9D10-35C570F0C849}"
EndProject
Global
	GlobalSection(SolutionConfigurationPlatforms) = preSolution
		Debug|Any CPU = Debug|Any CPU
		Release|Any CPU = Release|Any CPU
	EndGlobalSection
	GlobalSection(SolutionProperties) = preSolution
		HideSolutionNode = FALSE
	EndGlobalSection
	GlobalSection(ProjectConfigurationPlatforms) = postSolution
		{0CF99389-2881-4D38-992A-B0A682670E3D}.Debug|Any CPU.ActiveCfg = Debug|Any CPU
		{0CF99389-2881-4D38-992A-B0A682670E3D}.Debug|Any CPU.Build.0 = Debug|Any CPU
		{0CF99389-2881-4D38-992A-B0A682670E3D}.Release|Any CPU.ActiveCfg = Release|Any CPU
		{0CF99389-2881-4D38-992A-B0A682670E3D}.Release|Any CPU.Build.0 = Release|Any CPU
		{DE1BE8D8-B657-4287-BBEA-38C6D5DEA02B}.Debug|Any CPU.ActiveCfg = Debug|Any CPU
		{DE1BE8D8-B657-4287-BBEA-38C6D5DEA02B}.Debug|Any CPU.Build.0 = Debug|Any CPU
		{DE1BE8D8-B657-4287-BBEA-38C6D5DEA02B}.Release|Any CPU.ActiveCfg = Release|Any CPU
		{DE1BE8D8-B657-4287-BBEA-38C6D5DEA02B}.Release|Any CPU.Build.0 = Release|Any CPU
		{1FC4DF10-73CE-400B-B100-231F93B903EF}.Debug|Any CPU.ActiveCfg = Debug|Any CPU
		{1FC4DF10-73CE-400B-B100-231F93B903EF}.Debug|Any CPU.Build.0 = Debug|Any CPU
		{1FC4DF10-73CE-400B-B100-231F93B903EF}.Release|Any CPU.ActiveCfg = Release|Any CPU
		{1FC4DF10-73CE-400B-B100-231F93B903EF}.Release|Any CPU.Build.0 = Release|Any CPU
		{E69F9D6B-678C-4F52-B4A0-04463D015DE7}.Debug|Any CPU.ActiveCfg = Debug|Any CPU
		{E69F9D6B-678C-4F52-B4A0-04463D015DE7}.Debug|Any CPU.Build.0 = Debug|Any CPU
		{E69F9D6B-678C-4F52-B4A0-04463D015DE7}.Release|Any CPU.ActiveCfg = Release|Any CPU
		{E69F9D6B-678C-4F52-B4A0-04463D015DE7}.Release|Any CPU.Build.0 = Release|Any CPU
		{91F1F878-274A-4A52-A157-D4AEBF9F4C47}.Debug|Any CPU.ActiveCfg = Debug|Any CPU
		{91F1F878-274A-4A52-A157-D4AEBF9F4C47}.Debug|Any CPU.Build.0 = Debug|Any CPU
		{91F1F878-274A-4A52-A157-D4AEBF9F4C47}.Release|Any CPU.ActiveCfg = Release|Any CPU
		{91F1F878-274A-4A52-A157-D4AEBF9F4C47}.Release|Any CPU.Build.0 = Release|Any CPU
		{92F777D0-BB73-41F6-BD32-778E472C2183}.Debug|Any CPU.ActiveCfg = Debug|Any CPU
		{92F777D0-BB73-41F6-BD32-778E472C2183}.Debug|Any CPU.Build.0 = Debug|Any CPU
		{92F777D0-BB73-41F6-BD32-778E472C2183}.Release|Any CPU.ActiveCfg = Release|Any CPU
		{92F777D0-BB73-41F6-BD32-778E472C2183}.Release|Any CPU.Build.0 = Release|Any CPU
		{4832831B-03AE-46BD-8F7D-8DABC7FCD998}.Debug|Any CPU.ActiveCfg = Debug|Any CPU
		{4832831B-03AE-46BD-8F7D-8DABC7FCD998}.Debug|Any CPU.Build.0 = Debug|Any CPU
		{4832831B-03AE-46BD-8F7D-8DABC7FCD998}.Release|Any CPU.ActiveCfg = Release|Any CPU
		{4832831B-03AE-46BD-8F7D-8DABC7FCD998}.Release|Any CPU.Build.0 = Release|Any CPU
		{89E98521-83AE-4865-AA92-165A7105CC3B}.Debug|Any CPU.ActiveCfg = Debug|Any CPU
		{89E98521-83AE-4865-AA92-165A7105CC3B}.Debug|Any CPU.Build.0 = Debug|Any CPU
		{89E98521-83AE-4865-AA92-165A7105CC3B}.Release|Any CPU.ActiveCfg = Release|Any CPU
		{89E98521-83AE-4865-AA92-165A7105CC3B}.Release|Any CPU.Build.0 = Release|Any CPU
		{6E20DA49-EF8C-40E1-B949-6EFB9AF535C3}.Debug|Any CPU.ActiveCfg = Debug|Any CPU
		{6E20DA49-EF8C-40E1-B949-6EFB9AF535C3}.Debug|Any CPU.Build.0 = Debug|Any CPU
		{6E20DA49-EF8C-40E1-B949-6EFB9AF535C3}.Release|Any CPU.ActiveCfg = Release|Any CPU
		{6E20DA49-EF8C-40E1-B949-6EFB9AF535C3}.Release|Any CPU.Build.0 = Release|Any CPU
		{2A2A029F-EEE2-4D5F-8CA3-1B65BAFCF40D}.Debug|Any CPU.ActiveCfg = Debug|Any CPU
		{2A2A029F-EEE2-4D5F-8CA3-1B65BAFCF40D}.Debug|Any CPU.Build.0 = Debug|Any CPU
		{2A2A029F-EEE2-4D5F-8CA3-1B65BAFCF40D}.Release|Any CPU.ActiveCfg = Release|Any CPU
		{2A2A029F-EEE2-4D5F-8CA3-1B65BAFCF40D}.Release|Any CPU.Build.0 = Release|Any CPU
		{175EDF56-FF7C-44BC-9E3A-30F24AC9A2BE}.Debug|Any CPU.ActiveCfg = Debug|Any CPU
		{175EDF56-FF7C-44BC-9E3A-30F24AC9A2BE}.Debug|Any CPU.Build.0 = Debug|Any CPU
		{175EDF56-FF7C-44BC-9E3A-30F24AC9A2BE}.Release|Any CPU.ActiveCfg = Release|Any CPU
		{175EDF56-FF7C-44BC-9E3A-30F24AC9A2BE}.Release|Any CPU.Build.0 = Release|Any CPU
		{6175DCA5-6227-4DCA-9AA6-755220B01342}.Debug|Any CPU.ActiveCfg = Debug|Any CPU
		{6175DCA5-6227-4DCA-9AA6-755220B01342}.Debug|Any CPU.Build.0 = Debug|Any CPU
		{6175DCA5-6227-4DCA-9AA6-755220B01342}.Release|Any CPU.ActiveCfg = Release|Any CPU
		{6175DCA5-6227-4DCA-9AA6-755220B01342}.Release|Any CPU.Build.0 = Release|Any CPU
		{B1DD2A00-33FB-4ABD-8FE4-7E07BF7CF18B}.Debug|Any CPU.ActiveCfg = Debug|Any CPU
		{B1DD2A00-33FB-4ABD-8FE4-7E07BF7CF18B}.Debug|Any CPU.Build.0 = Debug|Any CPU
		{B1DD2A00-33FB-4ABD-8FE4-7E07BF7CF18B}.Release|Any CPU.ActiveCfg = Release|Any CPU
		{B1DD2A00-33FB-4ABD-8FE4-7E07BF7CF18B}.Release|Any CPU.Build.0 = Release|Any CPU
		{AD594DD2-B21A-4159-9133-08A1F8285E0A}.Debug|Any CPU.ActiveCfg = Debug|Any CPU
		{AD594DD2-B21A-4159-9133-08A1F8285E0A}.Debug|Any CPU.Build.0 = Debug|Any CPU
		{AD594DD2-B21A-4159-9133-08A1F8285E0A}.Release|Any CPU.ActiveCfg = Release|Any CPU
		{AD594DD2-B21A-4159-9133-08A1F8285E0A}.Release|Any CPU.Build.0 = Release|Any CPU
		{39265046-4511-4270-B831-A2AF036EF85E}.Debug|Any CPU.ActiveCfg = Debug|Any CPU
		{39265046-4511-4270-B831-A2AF036EF85E}.Debug|Any CPU.Build.0 = Debug|Any CPU
		{39265046-4511-4270-B831-A2AF036EF85E}.Release|Any CPU.ActiveCfg = Release|Any CPU
		{39265046-4511-4270-B831-A2AF036EF85E}.Release|Any CPU.Build.0 = Release|Any CPU
		{D11475E1-04AF-4DEE-9D10-35C570F0C849}.Debug|Any CPU.ActiveCfg = Debug|Any CPU
		{D11475E1-04AF-4DEE-9D10-35C570F0C849}.Debug|Any CPU.Build.0 = Debug|Any CPU
		{D11475E1-04AF-4DEE-9D10-35C570F0C849}.Release|Any CPU.ActiveCfg = Release|Any CPU
		{D11475E1-04AF-4DEE-9D10-35C570F0C849}.Release|Any CPU.Build.0 = Release|Any CPU
	EndGlobalSection
EndGlobal
