
Microsoft Visual Studio Solution File, Format Version 12.00
# Visual Studio Version 17
VisualStudioVersion = 17.0.31903.59
MinimumVisualStudioVersion = 10.0.40219.1
Project("{FAE04EC0-301F-11D3-BF4B-00C04F79EFBC}") = "A", "A\A.csproj", "{DA923C41-2790-4E86-8956-25C42A7595E6}"
EndProject
Project("{FAE04EC0-301F-11D3-BF4B-00C04F79EFBC}") = "ATest", "ATest\ATest.csproj", "{07A3B4DE-5FF0-4399-AE53-C16B4DF22E14}"
EndProject
Project("{FAE04EC0-301F-11D3-BF4B-00C04F79EFBC}") = "B", "B\B.csproj", "{102D2E08-6E6C-4DCB-AD74-9D412455AEEE}"
EndProject
Project("{FAE04EC0-301F-11D3-BF4B-00C04F79EFBC}") = "BTest", "BTest\BTest.csproj", "{2180183D-882A-4E03-AFC8-912DAE8AF777}"
EndProject
Project("{FAE04EC0-301F-11D3-BF4B-00C04F79EFBC}") = "C", "C\C.csproj", "{3EE99261-D203-4FB2-AC63-8306E24B887B}"
EndProject
Project("{FAE04EC0-301F-11D3-BF4B-00C04F79EFBC}") = "CTest", "CTest\CTest.csproj", "{525CE42F-A1ED-4BA6-822C-0403B09CCA60}"
EndProject
Project("{FAE04EC0-301F-11D3-BF4B-00C04F79EFBC}") = "D", "D\D.csproj", "{7C519865-F2BC-4729-8ADB-82A33F7D5289}"
EndProject
Project("{FAE04EC0-301F-11D3-BF4B-00C04F79EFBC}") = "DTest", "DTest\DTest.csproj", "{123B9855-BC27-4E35-BDF1-124B081407B3}"
EndProject
Project("{FAE04EC0-301F-11D3-BF4B-00C04F79EFBC}") = "E", "E\E.csproj", "{193655D7-573E-405A-B594-329EE8DEEF32}"
EndProject
Project("{FAE04EC0-301F-11D3-BF4B-00C04F79EFBC}") = "ETest", "ETest\ETest.csproj", "{867DE28F-B816-44E0-BE10-E90A66D84D9D}"
EndProject
Project("{FAE04EC0-301F-11D3-BF4B-00C04F79EFBC}") = "F", "F\F.csproj", "{897296B4-684C-48E9-918D-125DF029520B}"
EndProject
Project("{FAE04EC0-301F-11D3-BF4B-00C04F79EFBC}") = "FTest", "FTest\FTest.csproj", "{51CF32E2-F5A3-401D-9871-A047644C26EE}"
EndProject
Global
	GlobalSection(SolutionConfigurationPlatforms) = preSolution
		Debug|Any CPU = Debug|Any CPU
		Release|Any CPU = Release|Any CPU
	EndGlobalSection
	GlobalSection(SolutionProperties) = preSolution
		HideSolutionNode = FALSE
	EndGlobalSection
	GlobalSection(ProjectConfigurationPlatforms) = postSolution
		{DA923C41-2790-4E86-8956-25C42A7595E6}.Debug|Any CPU.ActiveCfg = Debug|Any CPU
		{DA923C41-2790-4E86-8956-25C42A7595E6}.Debug|Any CPU.Build.0 = Debug|Any CPU
		{DA923C41-2790-4E86-8956-25C42A7595E6}.Release|Any CPU.ActiveCfg = Release|Any CPU
		{DA923C41-2790-4E86-8956-25C42A7595E6}.Release|Any CPU.Build.0 = Release|Any CPU
		{07A3B4DE-5FF0-4399-AE53-C16B4DF22E14}.Debug|Any CPU.ActiveCfg = Debug|Any CPU
		{07A3B4DE-5FF0-4399-AE53-C16B4DF22E14}.Debug|Any CPU.Build.0 = Debug|Any CPU
		{07A3B4DE-5FF0-4399-AE53-C16B4DF22E14}.Release|Any CPU.ActiveCfg = Release|Any CPU
		{07A3B4DE-5FF0-4399-AE53-C16B4DF22E14}.Release|Any CPU.Build.0 = Release|Any CPU
		{102D2E08-6E6C-4DCB-AD74-9D412455AEEE}.Debug|Any CPU.ActiveCfg = Debug|Any CPU
		{102D2E08-6E6C-4DCB-AD74-9D412455AEEE}.Debug|Any CPU.Build.0 = Debug|Any CPU
		{102D2E08-6E6C-4DCB-AD74-9D412455AEEE}.Release|Any CPU.ActiveCfg = Release|Any CPU
		{102D2E08-6E6C-4DCB-AD74-9D412455AEEE}.Release|Any CPU.Build.0 = Release|Any CPU
		{2180183D-882A-4E03-AFC8-912DAE8AF777}.Debug|Any CPU.ActiveCfg = Debug|Any CPU
		{2180183D-882A-4E03-AFC8-912DAE8AF777}.Debug|Any CPU.Build.0 = Debug|Any CPU
		{2180183D-882A-4E03-AFC8-912DAE8AF777}.Release|Any CPU.ActiveCfg = Release|Any CPU
		{2180183D-882A-4E03-AFC8-912DAE8AF777}.Release|Any CPU.Build.0 = Release|Any CPU
		{3EE99261-D203-4FB2-AC63-8306E24B887B}.Debug|Any CPU.ActiveCfg = Debug|Any CPU
		{3EE99261-D203-4FB2-AC63-8306E24B887B}.Debug|Any CPU.Build.0 = Debug|Any CPU
		{3EE99261-D203-4FB2-AC63-8306E24B887B}.Release|Any CPU.ActiveCfg = Release|Any CPU
		{3EE99261-D203-4FB2-AC63-8306E24B887B}.Release|Any CPU.Build.0 = Release|Any CPU
		{525CE42F-A1ED-4BA6-822C-0403B09CCA60}.Debug|Any CPU.ActiveCfg = Debug|Any CPU
		{525CE42F-A1ED-4BA6-822C-0403B09CCA60}.Debug|Any CPU.Build.0 = Debug|Any CPU
		{525CE42F-A1ED-4BA6-822C-0403B09CCA60}.Release|Any CPU.ActiveCfg = Release|Any CPU
		{525CE42F-A1ED-4BA6-822C-0403B09CCA60}.Release|Any CPU.Build.0 = Release|Any CPU
		{7C519865-F2BC-4729-8ADB-82A33F7D5289}.Debug|Any CPU.ActiveCfg = Debug|Any CPU
		{7C519865-F2BC-4729-8ADB-82A33F7D5289}.Debug|Any CPU.Build.0 = Debug|Any CPU
		{7C519865-F2BC-4729-8ADB-82A33F7D5289}.Release|Any CPU.ActiveCfg = Release|Any CPU
		{7C519865-F2BC-4729-8ADB-82A33F7D5289}.Release|Any CPU.Build.0 = Release|Any CPU
		{123B9855-BC27-4E35-BDF1-124B081407B3}.Debug|Any CPU.ActiveCfg = Debug|Any CPU
		{123B9855-BC27-4E35-BDF1-124B081407B3}.Debug|Any CPU.Build.0 = Debug|Any CPU
		{123B9855-BC27-4E35-BDF1-124B081407B3}.Release|Any CPU.ActiveCfg = Release|Any CPU
		{123B9855-BC27-4E35-BDF1-124B081407B3}.Release|Any CPU.Build.0 = Release|Any CPU
		{193655D7-573E-405A-B594-329EE8DEEF32}.Debug|Any CPU.ActiveCfg = Debug|Any CPU
		{193655D7-573E-405A-B594-329EE8DEEF32}.Debug|Any CPU.Build.0 = Debug|Any CPU
		{193655D7-573E-405A-B594-329EE8DEEF32}.Release|Any CPU.ActiveCfg = Release|Any CPU
		{193655D7-573E-405A-B594-329EE8DEEF32}.Release|Any CPU.Build.0 = Release|Any CPU
		{867DE28F-B816-44E0-BE10-E90A66D84D9D}.Debug|Any CPU.ActiveCfg = Debug|Any CPU
		{867DE28F-B816-44E0-BE10-E90A66D84D9D}.Debug|Any CPU.Build.0 = Debug|Any CPU
		{867DE28F-B816-44E0-BE10-E90A66D84D9D}.Release|Any CPU.ActiveCfg = Release|Any CPU
		{867DE28F-B816-44E0-BE10-E90A66D84D9D}.Release|Any CPU.Build.0 = Release|Any CPU
		{897296B4-684C-48E9-918D-125DF029520B}.Debug|Any CPU.ActiveCfg = Debug|Any CPU
		{897296B4-684C-48E9-918D-125DF029520B}.Debug|Any CPU.Build.0 = Debug|Any CPU
		{897296B4-684C-48E9-918D-125DF029520B}.Release|Any CPU.ActiveCfg = Release|Any CPU
		{897296B4-684C-48E9-918D-125DF029520B}.Release|Any CPU.Build.0 = Release|Any CPU
		{51CF32E2-F5A3-401D-9871-A047644C26EE}.Debug|Any CPU.ActiveCfg = Debug|Any CPU
		{51CF32E2-F5A3-401D-9871-A047644C26EE}.Debug|Any CPU.Build.0 = Debug|Any CPU
		{51CF32E2-F5A3-401D-9871-A047644C26EE}.Release|Any CPU.ActiveCfg = Release|Any CPU
		{51CF32E2-F5A3-401D-9871-A047644C26EE}.Release|Any CPU.Build.0 = Release|Any CPU
	EndGlobalSection
EndGlobal
