
Microsoft Visual Studio Solution File, Format Version 12.00
# Visual Studio Version 17
VisualStudioVersion = 17.0.31903.59
MinimumVisualStudioVersion = 10.0.40219.1
Project("{FAE04EC0-301F-11D3-BF4B-00C04F79EFBC}") = "A", "A\A.csproj", "{C43082DA-647B-4667-97CE-40118BB9166B}"
EndProject
Project("{FAE04EC0-301F-11D3-BF4B-00C04F79EFBC}") = "ATest", "ATest\ATest.csproj", "{F6A8F587-B5FB-44E4-8B5B-B2728ACEB8EC}"
EndProject
Project("{FAE04EC0-301F-11D3-BF4B-00C04F79EFBC}") = "B", "B\B.csproj", "{3E986D59-D498-4BF7-AA9F-6CC8FF643702}"
EndProject
Project("{FAE04EC0-301F-11D3-BF4B-00C04F79EFBC}") = "BTest", "BTest\BTest.csproj", "{6B94CAB3-C9F3-4FC8-B844-0D0548BF47C0}"
EndProject
Project("{FAE04EC0-301F-11D3-BF4B-00C04F79EFBC}") = "C", "C\C.csproj", "{EEA27234-CAE3-4A6C-80A9-155E1BCEF38C}"
EndProject
Project("{FAE04EC0-301F-11D3-BF4B-00C04F79EFBC}") = "CTest", "CTest\CTest.csproj", "{8AACCBAB-ADE2-4D8C-9C2F-8B90B886CFC5}"
EndProject
Project("{FAE04EC0-301F-11D3-BF4B-00C04F79EFBC}") = "D", "D\D.csproj", "{2D4584A5-A311-4E0F-B070-6D562FDCDB42}"
EndProject
Project("{FAE04EC0-301F-11D3-BF4B-00C04F79EFBC}") = "DTest", "DTest\DTest.csproj", "{8CA2FC8E-7AF7-4EF5-8217-8D1A8F7E014F}"
EndProject
Project("{FAE04EC0-301F-11D3-BF4B-00C04F79EFBC}") = "E", "E\E.csproj", "{A9CACEC0-24AA-489F-80E9-3D7C092C0BD0}"
EndProject
Project("{FAE04EC0-301F-11D3-BF4B-00C04F79EFBC}") = "ETest", "ETest\ETest.csproj", "{C2B4DF52-6F72-4730-80BE-E43B8FE3B4B6}"
EndProject
Project("{FAE04EC0-301F-11D3-BF4B-00C04F79EFBC}") = "F", "F\F.csproj", "{6CA620B5-C58C-4E62-9028-A93C09F851AE}"
EndProject
Project("{FAE04EC0-301F-11D3-BF4B-00C04F79EFBC}") = "FTest", "FTest\FTest.csproj", "{FDF0FD5E-9431-48E4-A841-0DD0DA32DB4B}"
EndProject
Global
	GlobalSection(SolutionConfigurationPlatforms) = preSolution
		Debug|Any CPU = Debug|Any CPU
		Release|Any CPU = Release|Any CPU
	EndGlobalSection
	GlobalSection(SolutionProperties) = preSolution
		HideSolutionNode = FALSE
	EndGlobalSection
	GlobalSection(ProjectConfigurationPlatforms) = postSolution
		{C43082DA-647B-4667-97CE-40118BB9166B}.Debug|Any CPU.ActiveCfg = Debug|Any CPU
		{C43082DA-647B-4667-97CE-40118BB9166B}.Debug|Any CPU.Build.0 = Debug|Any CPU
		{C43082DA-647B-4667-97CE-40118BB9166B}.Release|Any CPU.ActiveCfg = Release|Any CPU
		{C43082DA-647B-4667-97CE-40118BB9166B}.Release|Any CPU.Build.0 = Release|Any CPU
		{F6A8F587-B5FB-44E4-8B5B-B2728ACEB8EC}.Debug|Any CPU.ActiveCfg = Debug|Any CPU
		{F6A8F587-B5FB-44E4-8B5B-B2728ACEB8EC}.Debug|Any CPU.Build.0 = Debug|Any CPU
		{F6A8F587-B5FB-44E4-8B5B-B2728ACEB8EC}.Release|Any CPU.ActiveCfg = Release|Any CPU
		{F6A8F587-B5FB-44E4-8B5B-B2728ACEB8EC}.Release|Any CPU.Build.0 = Release|Any CPU
		{3E986D59-D498-4BF7-AA9F-6CC8FF643702}.Debug|Any CPU.ActiveCfg = Debug|Any CPU
		{3E986D59-D498-4BF7-AA9F-6CC8FF643702}.Debug|Any CPU.Build.0 = Debug|Any CPU
		{3E986D59-D498-4BF7-AA9F-6CC8FF643702}.Release|Any CPU.ActiveCfg = Release|Any CPU
		{3E986D59-D498-4BF7-AA9F-6CC8FF643702}.Release|Any CPU.Build.0 = Release|Any CPU
		{6B94CAB3-C9F3-4FC8-B844-0D0548BF47C0}.Debug|Any CPU.ActiveCfg = Debug|Any CPU
		{6B94CAB3-C9F3-4FC8-B844-0D0548BF47C0}.Debug|Any CPU.Build.0 = Debug|Any CPU
		{6B94CAB3-C9F3-4FC8-B844-0D0548BF47C0}.Release|Any CPU.ActiveCfg = Release|Any CPU
		{6B94CAB3-C9F3-4FC8-B844-0D0548BF47C0}.Release|Any CPU.Build.0 = Release|Any CPU
		{EEA27234-CAE3-4A6C-80A9-155E1BCEF38C}.Debug|Any CPU.ActiveCfg = Debug|Any CPU
		{EEA27234-CAE3-4A6C-80A9-155E1BCEF38C}.Debug|Any CPU.Build.0 = Debug|Any CPU
		{EEA27234-CAE3-4A6C-80A9-155E1BCEF38C}.Release|Any CPU.ActiveCfg = Release|Any CPU
		{EEA27234-CAE3-4A6C-80A9-155E1BCEF38C}.Release|Any CPU.Build.0 = Release|Any CPU
		{8AACCBAB-ADE2-4D8C-9C2F-8B90B886CFC5}.Debug|Any CPU.ActiveCfg = Debug|Any CPU
		{8AACCBAB-ADE2-4D8C-9C2F-8B90B886CFC5}.Debug|Any CPU.Build.0 = Debug|Any CPU
		{8AACCBAB-ADE2-4D8C-9C2F-8B90B886CFC5}.Release|Any CPU.ActiveCfg = Release|Any CPU
		{8AACCBAB-ADE2-4D8C-9C2F-8B90B886CFC5}.Release|Any CPU.Build.0 = Release|Any CPU
		{2D4584A5-A311-4E0F-B070-6D562FDCDB42}.Debug|Any CPU.ActiveCfg = Debug|Any CPU
		{2D4584A5-A311-4E0F-B070-6D562FDCDB42}.Debug|Any CPU.Build.0 = Debug|Any CPU
		{2D4584A5-A311-4E0F-B070-6D562FDCDB42}.Release|Any CPU.ActiveCfg = Release|Any CPU
		{2D4584A5-A311-4E0F-B070-6D562FDCDB42}.Release|Any CPU.Build.0 = Release|Any CPU
		{8CA2FC8E-7AF7-4EF5-8217-8D1A8F7E014F}.Debug|Any CPU.ActiveCfg = Debug|Any CPU
		{8CA2FC8E-7AF7-4EF5-8217-8D1A8F7E014F}.Debug|Any CPU.Build.0 = Debug|Any CPU
		{8CA2FC8E-7AF7-4EF5-8217-8D1A8F7E014F}.Release|Any CPU.ActiveCfg = Release|Any CPU
		{8CA2FC8E-7AF7-4EF5-8217-8D1A8F7E014F}.Release|Any CPU.Build.0 = Release|Any CPU
		{A9CACEC0-24AA-489F-80E9-3D7C092C0BD0}.Debug|Any CPU.ActiveCfg = Debug|Any CPU
		{A9CACEC0-24AA-489F-80E9-3D7C092C0BD0}.Debug|Any CPU.Build.0 = Debug|Any CPU
		{A9CACEC0-24AA-489F-80E9-3D7C092C0BD0}.Release|Any CPU.ActiveCfg = Release|Any CPU
		{A9CACEC0-24AA-489F-80E9-3D7C092C0BD0}.Release|Any CPU.Build.0 = Release|Any CPU
		{C2B4DF52-6F72-4730-80BE-E43B8FE3B4B6}.Debug|Any CPU.ActiveCfg = Debug|Any CPU
		{C2B4DF52-6F72-4730-80BE-E43B8FE3B4B6}.Debug|Any CPU.Build.0 = Debug|Any CPU
		{C2B4DF52-6F72-4730-80BE-E43B8FE3B4B6}.Release|Any CPU.ActiveCfg = Release|Any CPU
		{C2B4DF52-6F72-4730-80BE-E43B8FE3B4B6}.Release|Any CPU.Build.0 = Release|Any CPU
		{6CA620B5-C58C-4E62-9028-A93C09F851AE}.Debug|Any CPU.ActiveCfg = Debug|Any CPU
		{6CA620B5-C58C-4E62-9028-A93C09F851AE}.Debug|Any CPU.Build.0 = Debug|Any CPU
		{6CA620B5-C58C-4E62-9028-A93C09F851AE}.Release|Any CPU.ActiveCfg = Release|Any CPU
		{6CA620B5-C58C-4E62-9028-A93C09F851AE}.Release|Any CPU.Build.0 = Release|Any CPU
		{FDF0FD5E-9431-48E4-A841-0DD0DA32DB4B}.Debug|Any CPU.ActiveCfg = Debug|Any CPU
		{FDF0FD5E-9431-48E4-A841-0DD0DA32DB4B}.Debug|Any CPU.Build.0 = Debug|Any CPU
		{FDF0FD5E-9431-48E4-A841-0DD0DA32DB4B}.Release|Any CPU.ActiveCfg = Release|Any CPU
		{FDF0FD5E-9431-48E4-A841-0DD0DA32DB4B}.Release|Any CPU.Build.0 = Release|Any CPU
	EndGlobalSection
EndGlobal
