
Microsoft Visual Studio Solution File, Format Version 12.00
# Visual Studio Version 17
VisualStudioVersion = 17.0.31903.59
MinimumVisualStudioVersion = 10.0.40219.1
Project("{FAE04EC0-301F-11D3-BF4B-00C04F79EFBC}") = "A", "A\A.csproj", "{49F558C4-AF57-4F2B-BD27-F0CF91B123CE}"
EndProject
Project("{FAE04EC0-301F-11D3-BF4B-00C04F79EFBC}") = "ATest", "ATest\ATest.csproj", "{DBD30D4B-44DE-4AF9-8FF2-1D83F24DE5AB}"
EndProject
Project("{FAE04EC0-301F-11D3-BF4B-00C04F79EFBC}") = "B", "B\B.csproj", "{9505EA28-0AE4-4661-8F59-6A278E8CDFBD}"
EndProject
Project("{FAE04EC0-301F-11D3-BF4B-00C04F79EFBC}") = "BTest", "BTest\BTest.csproj", "{CE925A3A-608B-4C23-B4A6-2BC94AFEA022}"
EndProject
Project("{FAE04EC0-301F-11D3-BF4B-00C04F79EFBC}") = "C", "C\C.csproj", "{7B37B41E-3C3C-4658-8A5E-E6882BE318DB}"
EndProject
Project("{FAE04EC0-301F-11D3-BF4B-00C04F79EFBC}") = "CTest", "CTest\CTest.csproj", "{AF55CFA8-6D22-42B5-8704-B3BD705709B1}"
EndProject
Project("{FAE04EC0-301F-11D3-BF4B-00C04F79EFBC}") = "D", "D\D.csproj", "{DB5DBE5D-D536-4A49-A0CF-6BA6672A2601}"
EndProject
Project("{FAE04EC0-301F-11D3-BF4B-00C04F79EFBC}") = "DTest", "DTest\DTest.csproj", "{B5811662-C779-4D81-932A-F3F76F4D47F4}"
EndProject
Project("{FAE04EC0-301F-11D3-BF4B-00C04F79EFBC}") = "E", "E\E.csproj", "{F2E33F7B-9C1F-4900-92F4-5D5711833D63}"
EndProject
Project("{FAE04EC0-301F-11D3-BF4B-00C04F79EFBC}") = "ETest", "ETest\ETest.csproj", "{2DB2D994-5A55-4756-AB3E-8C2337F65D62}"
EndProject
Project("{FAE04EC0-301F-11D3-BF4B-00C04F79EFBC}") = "F", "F\F.csproj", "{81F3CAB8-291B-4D3A-9921-4BC664F9B74D}"
EndProject
Project("{FAE04EC0-301F-11D3-BF4B-00C04F79EFBC}") = "FTest", "FTest\FTest.csproj", "{82BC921C-179E-4602-9CCF-11027C5DD56F}"
EndProject
Global
	GlobalSection(SolutionConfigurationPlatforms) = preSolution
		Debug|Any CPU = Debug|Any CPU
		Release|Any CPU = Release|Any CPU
	EndGlobalSection
	GlobalSection(SolutionProperties) = preSolution
		HideSolutionNode = FALSE
	EndGlobalSection
	GlobalSection(ProjectConfigurationPlatforms) = postSolution
		{49F558C4-AF57-4F2B-BD27-F0CF91B123CE}.Debug|Any CPU.ActiveCfg = Debug|Any CPU
		{49F558C4-AF57-4F2B-BD27-F0CF91B123CE}.Debug|Any CPU.Build.0 = Debug|Any CPU
		{49F558C4-AF57-4F2B-BD27-F0CF91B123CE}.Release|Any CPU.ActiveCfg = Release|Any CPU
		{49F558C4-AF57-4F2B-BD27-F0CF91B123CE}.Release|Any CPU.Build.0 = Release|Any CPU
		{DBD30D4B-44DE-4AF9-8FF2-1D83F24DE5AB}.Debug|Any CPU.ActiveCfg = Debug|Any CPU
		{DBD30D4B-44DE-4AF9-8FF2-1D83F24DE5AB}.Debug|Any CPU.Build.0 = Debug|Any CPU
		{DBD30D4B-44DE-4AF9-8FF2-1D83F24DE5AB}.Release|Any CPU.ActiveCfg = Release|Any CPU
		{DBD30D4B-44DE-4AF9-8FF2-1D83F24DE5AB}.Release|Any CPU.Build.0 = Release|Any CPU
		{9505EA28-0AE4-4661-8F59-6A278E8CDFBD}.Debug|Any CPU.ActiveCfg = Debug|Any CPU
		{9505EA28-0AE4-4661-8F59-6A278E8CDFBD}.Debug|Any CPU.Build.0 = Debug|Any CPU
		{9505EA28-0AE4-4661-8F59-6A278E8CDFBD}.Release|Any CPU.ActiveCfg = Release|Any CPU
		{9505EA28-0AE4-4661-8F59-6A278E8CDFBD}.Release|Any CPU.Build.0 = Release|Any CPU
		{CE925A3A-608B-4C23-B4A6-2BC94AFEA022}.Debug|Any CPU.ActiveCfg = Debug|Any CPU
		{CE925A3A-608B-4C23-B4A6-2BC94AFEA022}.Debug|Any CPU.Build.0 = Debug|Any CPU
		{CE925A3A-608B-4C23-B4A6-2BC94AFEA022}.Release|Any CPU.ActiveCfg = Release|Any CPU
		{CE925A3A-608B-4C23-B4A6-2BC94AFEA022}.Release|Any CPU.Build.0 = Release|Any CPU
		{7B37B41E-3C3C-4658-8A5E-E6882BE318DB}.Debug|Any CPU.ActiveCfg = Debug|Any CPU
		{7B37B41E-3C3C-4658-8A5E-E6882BE318DB}.Debug|Any CPU.Build.0 = Debug|Any CPU
		{7B37B41E-3C3C-4658-8A5E-E6882BE318DB}.Release|Any CPU.ActiveCfg = Release|Any CPU
		{7B37B41E-3C3C-4658-8A5E-E6882BE318DB}.Release|Any CPU.Build.0 = Release|Any CPU
		{AF55CFA8-6D22-42B5-8704-B3BD705709B1}.Debug|Any CPU.ActiveCfg = Debug|Any CPU
		{AF55CFA8-6D22-42B5-8704-B3BD705709B1}.Debug|Any CPU.Build.0 = Debug|Any CPU
		{AF55CFA8-6D22-42B5-8704-B3BD705709B1}.Release|Any CPU.ActiveCfg = Release|Any CPU
		{AF55CFA8-6D22-42B5-8704-B3BD705709B1}.Release|Any CPU.Build.0 = Release|Any CPU
		{DB5DBE5D-D536-4A49-A0CF-6BA6672A2601}.Debug|Any CPU.ActiveCfg = Debug|Any CPU
		{DB5DBE5D-D536-4A49-A0CF-6BA6672A2601}.Debug|Any CPU.Build.0 = Debug|Any CPU
		{DB5DBE5D-D536-4A49-A0CF-6BA6672A2601}.Release|Any CPU.ActiveCfg = Release|Any CPU
		{DB5DBE5D-D536-4A49-A0CF-6BA6672A2601}.Release|Any CPU.Build.0 = Release|Any CPU
		{B5811662-C779-4D81-932A-F3F76F4D47F4}.Debug|Any CPU.ActiveCfg = Debug|Any CPU
		{B5811662-C779-4D81-932A-F3F76F4D47F4}.Debug|Any CPU.Build.0 = Debug|Any CPU
		{B5811662-C779-4D81-932A-F3F76F4D47F4}.Release|Any CPU.ActiveCfg = Release|Any CPU
		{B5811662-C779-4D81-932A-F3F76F4D47F4}.Release|Any CPU.Build.0 = Release|Any CPU
		{F2E33F7B-9C1F-4900-92F4-5D5711833D63}.Debug|Any CPU.ActiveCfg = Debug|Any CPU
		{F2E33F7B-9C1F-4900-92F4-5D5711833D63}.Debug|Any CPU.Build.0 = Debug|Any CPU
		{F2E33F7B-9C1F-4900-92F4-5D5711833D63}.Release|Any CPU.ActiveCfg = Release|Any CPU
		{F2E33F7B-9C1F-4900-92F4-5D5711833D63}.Release|Any CPU.Build.0 = Release|Any CPU
		{2DB2D994-5A55-4756-AB3E-8C2337F65D62}.Debug|Any CPU.ActiveCfg = Debug|Any CPU
		{2DB2D994-5A55-4756-AB3E-8C2337F65D62}.Debug|Any CPU.Build.0 = Debug|Any CPU
		{2DB2D994-5A55-4756-AB3E-8C2337F65D62}.Release|Any CPU.ActiveCfg = Release|Any CPU
		{2DB2D994-5A55-4756-AB3E-8C2337F65D62}.Release|Any CPU.Build.0 = Release|Any CPU
		{81F3CAB8-291B-4D3A-9921-4BC664F9B74D}.Debug|Any CPU.ActiveCfg = Debug|Any CPU
		{81F3CAB8-291B-4D3A-9921-4BC664F9B74D}.Debug|Any CPU.Build.0 = Debug|Any CPU
		{81F3CAB8-291B-4D3A-9921-4BC664F9B74D}.Release|Any CPU.ActiveCfg = Release|Any CPU
		{81F3CAB8-291B-4D3A-9921-4BC664F9B74D}.Release|Any CPU.Build.0 = Release|Any CPU
		{82BC921C-179E-4602-9CCF-11027C5DD56F}.Debug|Any CPU.ActiveCfg = Debug|Any CPU
		{82BC921C-179E-4602-9CCF-11027C5DD56F}.Debug|Any CPU.Build.0 = Debug|Any CPU
		{82BC921C-179E-4602-9CCF-11027C5DD56F}.Release|Any CPU.ActiveCfg = Release|Any CPU
		{82BC921C-179E-4602-9CCF-11027C5DD56F}.Release|Any CPU.Build.0 = Release|Any CPU
	EndGlobalSection
EndGlobal
