
Microsoft Visual Studio Solution File, Format Version 12.00
# Visual Studio 15
VisualStudioVersion = 15.0.26124.0
MinimumVisualStudioVersion = 15.0.26124.0
Project("{FAE04EC0-301F-11D3-BF4B-00C04F79EFBC}") = "A", "A\A.csproj", "{83E5E613-410F-4D19-9CCE-FB40E1149FAE}"
EndProject
Project("{FAE04EC0-301F-11D3-BF4B-00C04F79EFBC}") = "ATest", "ATest\ATest.csproj", "{6E5D7C09-7587-4C77-B3B5-19D2A35396CC}"
EndProject
Project("{FAE04EC0-301F-11D3-BF4B-00C04F79EFBC}") = "B", "B\B.csproj", "{053AF019-3BFB-42D7-BFFD-7A65D3C263DB}"
EndProject
Project("{FAE04EC0-301F-11D3-BF4B-00C04F79EFBC}") = "BTest", "BTest\BTest.csproj", "{04A70910-E81B-47F6-A737-C0C21679DBCC}"
EndProject
Project("{FAE04EC0-301F-11D3-BF4B-00C04F79EFBC}") = "C", "C\C.csproj", "{800B8373-E7D5-42D9-BB9C-9FD88D422BC4}"
EndProject
Project("{FAE04EC0-301F-11D3-BF4B-00C04F79EFBC}") = "CTest", "CTest\CTest.csproj", "{81040F79-5FDA-436E-A1C4-57B534A723F2}"
EndProject
Project("{FAE04EC0-301F-11D3-BF4B-00C04F79EFBC}") = "D", "D\D.csproj", "{11CC9B29-FE52-4593-B944-923D64E9DD40}"
EndProject
Project("{FAE04EC0-301F-11D3-BF4B-00C04F79EFBC}") = "DTest", "DTest\DTest.csproj", "{A80D6960-7F67-4DB1-B874-C33719B469C9}"
EndProject
Project("{FAE04EC0-301F-11D3-BF4B-00C04F79EFBC}") = "E", "E\E.csproj", "{632AD916-81BD-4823-8920-CB8E6BF577E6}"
EndProject
Global
	GlobalSection(SolutionConfigurationPlatforms) = preSolution
		Debug|Any CPU = Debug|Any CPU
		Debug|x64 = Debug|x64
		Debug|x86 = Debug|x86
		Release|Any CPU = Release|Any CPU
		Release|x64 = Release|x64
		Release|x86 = Release|x86
	EndGlobalSection
	GlobalSection(SolutionProperties) = preSolution
		HideSolutionNode = FALSE
	EndGlobalSection
	GlobalSection(ProjectConfigurationPlatforms) = postSolution
		{83E5E613-410F-4D19-9CCE-FB40E1149FAE}.Debug|Any CPU.ActiveCfg = Debug|Any CPU
		{83E5E613-410F-4D19-9CCE-FB40E1149FAE}.Debug|Any CPU.Build.0 = Debug|Any CPU
		{83E5E613-410F-4D19-9CCE-FB40E1149FAE}.Debug|x64.ActiveCfg = Debug|Any CPU
		{83E5E613-410F-4D19-9CCE-FB40E1149FAE}.Debug|x64.Build.0 = Debug|Any CPU
		{83E5E613-410F-4D19-9CCE-FB40E1149FAE}.Debug|x86.ActiveCfg = Debug|Any CPU
		{83E5E613-410F-4D19-9CCE-FB40E1149FAE}.Debug|x86.Build.0 = Debug|Any CPU
		{83E5E613-410F-4D19-9CCE-FB40E1149FAE}.Release|Any CPU.ActiveCfg = Release|Any CPU
		{83E5E613-410F-4D19-9CCE-FB40E1149FAE}.Release|Any CPU.Build.0 = Release|Any CPU
		{83E5E613-410F-4D19-9CCE-FB40E1149FAE}.Release|x64.ActiveCfg = Release|Any CPU
		{83E5E613-410F-4D19-9CCE-FB40E1149FAE}.Release|x64.Build.0 = Release|Any CPU
		{83E5E613-410F-4D19-9CCE-FB40E1149FAE}.Release|x86.ActiveCfg = Release|Any CPU
		{83E5E613-410F-4D19-9CCE-FB40E1149FAE}.Release|x86.Build.0 = Release|Any CPU
		{6E5D7C09-7587-4C77-B3B5-19D2A35396CC}.Debug|Any CPU.ActiveCfg = Debug|Any CPU
		{6E5D7C09-7587-4C77-B3B5-19D2A35396CC}.Debug|Any CPU.Build.0 = Debug|Any CPU
		{6E5D7C09-7587-4C77-B3B5-19D2A35396CC}.Debug|x64.ActiveCfg = Debug|Any CPU
		{6E5D7C09-7587-4C77-B3B5-19D2A35396CC}.Debug|x64.Build.0 = Debug|Any CPU
		{6E5D7C09-7587-4C77-B3B5-19D2A35396CC}.Debug|x86.ActiveCfg = Debug|Any CPU
		{6E5D7C09-7587-4C77-B3B5-19D2A35396CC}.Debug|x86.Build.0 = Debug|Any CPU
		{6E5D7C09-7587-4C77-B3B5-19D2A35396CC}.Release|Any CPU.ActiveCfg = Release|Any CPU
		{6E5D7C09-7587-4C77-B3B5-19D2A35396CC}.Release|Any CPU.Build.0 = Release|Any CPU
		{6E5D7C09-7587-4C77-B3B5-19D2A35396CC}.Release|x64.ActiveCfg = Release|Any CPU
		{6E5D7C09-7587-4C77-B3B5-19D2A35396CC}.Release|x64.Build.0 = Release|Any CPU
		{6E5D7C09-7587-4C77-B3B5-19D2A35396CC}.Release|x86.ActiveCfg = Release|Any CPU
		{6E5D7C09-7587-4C77-B3B5-19D2A35396CC}.Release|x86.Build.0 = Release|Any CPU
		{053AF019-3BFB-42D7-BFFD-7A65D3C263DB}.Debug|Any CPU.ActiveCfg = Debug|Any CPU
		{053AF019-3BFB-42D7-BFFD-7A65D3C263DB}.Debug|Any CPU.Build.0 = Debug|Any CPU
		{053AF019-3BFB-42D7-BFFD-7A65D3C263DB}.Debug|x64.ActiveCfg = Debug|Any CPU
		{053AF019-3BFB-42D7-BFFD-7A65D3C263DB}.Debug|x64.Build.0 = Debug|Any CPU
		{053AF019-3BFB-42D7-BFFD-7A65D3C263DB}.Debug|x86.ActiveCfg = Debug|Any CPU
		{053AF019-3BFB-42D7-BFFD-7A65D3C263DB}.Debug|x86.Build.0 = Debug|Any CPU
		{053AF019-3BFB-42D7-BFFD-7A65D3C263DB}.Release|Any CPU.ActiveCfg = Release|Any CPU
		{053AF019-3BFB-42D7-BFFD-7A65D3C263DB}.Release|Any CPU.Build.0 = Release|Any CPU
		{053AF019-3BFB-42D7-BFFD-7A65D3C263DB}.Release|x64.ActiveCfg = Release|Any CPU
		{053AF019-3BFB-42D7-BFFD-7A65D3C263DB}.Release|x64.Build.0 = Release|Any CPU
		{053AF019-3BFB-42D7-BFFD-7A65D3C263DB}.Release|x86.ActiveCfg = Release|Any CPU
		{053AF019-3BFB-42D7-BFFD-7A65D3C263DB}.Release|x86.Build.0 = Release|Any CPU
		{04A70910-E81B-47F6-A737-C0C21679DBCC}.Debug|Any CPU.ActiveCfg = Debug|Any CPU
		{04A70910-E81B-47F6-A737-C0C21679DBCC}.Debug|Any CPU.Build.0 = Debug|Any CPU
		{04A70910-E81B-47F6-A737-C0C21679DBCC}.Debug|x64.ActiveCfg = Debug|Any CPU
		{04A70910-E81B-47F6-A737-C0C21679DBCC}.Debug|x64.Build.0 = Debug|Any CPU
		{04A70910-E81B-47F6-A737-C0C21679DBCC}.Debug|x86.ActiveCfg = Debug|Any CPU
		{04A70910-E81B-47F6-A737-C0C21679DBCC}.Debug|x86.Build.0 = Debug|Any CPU
		{04A70910-E81B-47F6-A737-C0C21679DBCC}.Release|Any CPU.ActiveCfg = Release|Any CPU
		{04A70910-E81B-47F6-A737-C0C21679DBCC}.Release|Any CPU.Build.0 = Release|Any CPU
		{04A70910-E81B-47F6-A737-C0C21679DBCC}.Release|x64.ActiveCfg = Release|Any CPU
		{04A70910-E81B-47F6-A737-C0C21679DBCC}.Release|x64.Build.0 = Release|Any CPU
		{04A70910-E81B-47F6-A737-C0C21679DBCC}.Release|x86.ActiveCfg = Release|Any CPU
		{04A70910-E81B-47F6-A737-C0C21679DBCC}.Release|x86.Build.0 = Release|Any CPU
		{800B8373-E7D5-42D9-BB9C-9FD88D422BC4}.Debug|Any CPU.ActiveCfg = Debug|Any CPU
		{800B8373-E7D5-42D9-BB9C-9FD88D422BC4}.Debug|Any CPU.Build.0 = Debug|Any CPU
		{800B8373-E7D5-42D9-BB9C-9FD88D422BC4}.Debug|x64.ActiveCfg = Debug|Any CPU
		{800B8373-E7D5-42D9-BB9C-9FD88D422BC4}.Debug|x64.Build.0 = Debug|Any CPU
		{800B8373-E7D5-42D9-BB9C-9FD88D422BC4}.Debug|x86.ActiveCfg = Debug|Any CPU
		{800B8373-E7D5-42D9-BB9C-9FD88D422BC4}.Debug|x86.Build.0 = Debug|Any CPU
		{800B8373-E7D5-42D9-BB9C-9FD88D422BC4}.Release|Any CPU.ActiveCfg = Release|Any CPU
		{800B8373-E7D5-42D9-BB9C-9FD88D422BC4}.Release|Any CPU.Build.0 = Release|Any CPU
		{800B8373-E7D5-42D9-BB9C-9FD88D422BC4}.Release|x64.ActiveCfg = Release|Any CPU
		{800B8373-E7D5-42D9-BB9C-9FD88D422BC4}.Release|x64.Build.0 = Release|Any CPU
		{800B8373-E7D5-42D9-BB9C-9FD88D422BC4}.Release|x86.ActiveCfg = Release|Any CPU
		{800B8373-E7D5-42D9-BB9C-9FD88D422BC4}.Release|x86.Build.0 = Release|Any CPU
		{81040F79-5FDA-436E-A1C4-57B534A723F2}.Debug|Any CPU.ActiveCfg = Debug|Any CPU
		{81040F79-5FDA-436E-A1C4-57B534A723F2}.Debug|Any CPU.Build.0 = Debug|Any CPU
		{81040F79-5FDA-436E-A1C4-57B534A723F2}.Debug|x64.ActiveCfg = Debug|Any CPU
		{81040F79-5FDA-436E-A1C4-57B534A723F2}.Debug|x64.Build.0 = Debug|Any CPU
		{81040F79-5FDA-436E-A1C4-57B534A723F2}.Debug|x86.ActiveCfg = Debug|Any CPU
		{81040F79-5FDA-436E-A1C4-57B534A723F2}.Debug|x86.Build.0 = Debug|Any CPU
		{81040F79-5FDA-436E-A1C4-57B534A723F2}.Release|Any CPU.ActiveCfg = Release|Any CPU
		{81040F79-5FDA-436E-A1C4-57B534A723F2}.Release|Any CPU.Build.0 = Release|Any CPU
		{81040F79-5FDA-436E-A1C4-57B534A723F2}.Release|x64.ActiveCfg = Release|Any CPU
		{81040F79-5FDA-436E-A1C4-57B534A723F2}.Release|x64.Build.0 = Release|Any CPU
		{81040F79-5FDA-436E-A1C4-57B534A723F2}.Release|x86.ActiveCfg = Release|Any CPU
		{81040F79-5FDA-436E-A1C4-57B534A723F2}.Release|x86.Build.0 = Release|Any CPU
		{11CC9B29-FE52-4593-B944-923D64E9DD40}.Debug|Any CPU.ActiveCfg = Debug|Any CPU
		{11CC9B29-FE52-4593-B944-923D64E9DD40}.Debug|Any CPU.Build.0 = Debug|Any CPU
		{11CC9B29-FE52-4593-B944-923D64E9DD40}.Debug|x64.ActiveCfg = Debug|Any CPU
		{11CC9B29-FE52-4593-B944-923D64E9DD40}.Debug|x64.Build.0 = Debug|Any CPU
		{11CC9B29-FE52-4593-B944-923D64E9DD40}.Debug|x86.ActiveCfg = Debug|Any CPU
		{11CC9B29-FE52-4593-B944-923D64E9DD40}.Debug|x86.Build.0 = Debug|Any CPU
		{11CC9B29-FE52-4593-B944-923D64E9DD40}.Release|Any CPU.ActiveCfg = Release|Any CPU
		{11CC9B29-FE52-4593-B944-923D64E9DD40}.Release|Any CPU.Build.0 = Release|Any CPU
		{11CC9B29-FE52-4593-B944-923D64E9DD40}.Release|x64.ActiveCfg = Release|Any CPU
		{11CC9B29-FE52-4593-B944-923D64E9DD40}.Release|x64.Build.0 = Release|Any CPU
		{11CC9B29-FE52-4593-B944-923D64E9DD40}.Release|x86.ActiveCfg = Release|Any CPU
		{11CC9B29-FE52-4593-B944-923D64E9DD40}.Release|x86.Build.0 = Release|Any CPU
		{A80D6960-7F67-4DB1-B874-C33719B469C9}.Debug|Any CPU.ActiveCfg = Debug|Any CPU
		{A80D6960-7F67-4DB1-B874-C33719B469C9}.Debug|Any CPU.Build.0 = Debug|Any CPU
		{A80D6960-7F67-4DB1-B874-C33719B469C9}.Debug|x64.ActiveCfg = Debug|Any CPU
		{A80D6960-7F67-4DB1-B874-C33719B469C9}.Debug|x64.Build.0 = Debug|Any CPU
		{A80D6960-7F67-4DB1-B874-C33719B469C9}.Debug|x86.ActiveCfg = Debug|Any CPU
		{A80D6960-7F67-4DB1-B874-C33719B469C9}.Debug|x86.Build.0 = Debug|Any CPU
		{A80D6960-7F67-4DB1-B874-C33719B469C9}.Release|Any CPU.ActiveCfg = Release|Any CPU
		{A80D6960-7F67-4DB1-B874-C33719B469C9}.Release|Any CPU.Build.0 = Release|Any CPU
		{A80D6960-7F67-4DB1-B874-C33719B469C9}.Release|x64.ActiveCfg = Release|Any CPU
		{A80D6960-7F67-4DB1-B874-C33719B469C9}.Release|x64.Build.0 = Release|Any CPU
		{A80D6960-7F67-4DB1-B874-C33719B469C9}.Release|x86.ActiveCfg = Release|Any CPU
		{A80D6960-7F67-4DB1-B874-C33719B469C9}.Release|x86.Build.0 = Release|Any CPU
		{632AD916-81BD-4823-8920-CB8E6BF577E6}.Debug|Any CPU.ActiveCfg = Debug|Any CPU
		{632AD916-81BD-4823-8920-CB8E6BF577E6}.Debug|Any CPU.Build.0 = Debug|Any CPU
		{632AD916-81BD-4823-8920-CB8E6BF577E6}.Debug|x64.ActiveCfg = Debug|Any CPU
		{632AD916-81BD-4823-8920-CB8E6BF577E6}.Debug|x64.Build.0 = Debug|Any CPU
		{632AD916-81BD-4823-8920-CB8E6BF577E6}.Debug|x86.ActiveCfg = Debug|Any CPU
		{632AD916-81BD-4823-8920-CB8E6BF577E6}.Debug|x86.Build.0 = Debug|Any CPU
		{632AD916-81BD-4823-8920-CB8E6BF577E6}.Release|Any CPU.ActiveCfg = Release|Any CPU
		{632AD916-81BD-4823-8920-CB8E6BF577E6}.Release|Any CPU.Build.0 = Release|Any CPU
		{632AD916-81BD-4823-8920-CB8E6BF577E6}.Release|x64.ActiveCfg = Release|Any CPU
		{632AD916-81BD-4823-8920-CB8E6BF577E6}.Release|x64.Build.0 = Release|Any CPU
		{632AD916-81BD-4823-8920-CB8E6BF577E6}.Release|x86.ActiveCfg = Release|Any CPU
		{632AD916-81BD-4823-8920-CB8E6BF577E6}.Release|x86.Build.0 = Release|Any CPU
	EndGlobalSection
EndGlobal
